
Microsoft Visual Studio Solution File, Format Version 12.00
# Visual Studio 15
VisualStudioVersion = 15.0.27703.2035
MinimumVisualStudioVersion = 10.0.40219.1
Project("{FAE04EC0-301F-11D3-BF4B-00C04F79EFBC}") = "Example.FormsApp.Android", "Example.FormsApp\Example.FormsApp.Android\Example.FormsApp.Android.csproj", "{5F4CD224-9E34-476E-A190-45F19DA5446E}"
EndProject
Project("{FAE04EC0-301F-11D3-BF4B-00C04F79EFBC}") = "Example.FormsApp.iOS", "Example.FormsApp\Example.FormsApp.iOS\Example.FormsApp.iOS.csproj", "{FB808BA5-0F05-488E-A4FC-589A5CDC01EC}"
EndProject
Project("{FAE04EC0-301F-11D3-BF4B-00C04F79EFBC}") = "Example.FormsApp.UWP", "Example.FormsApp\Example.FormsApp.UWP\Example.FormsApp.UWP.csproj", "{B15BE119-3A2F-43B4-AA02-C417D5DA8514}"
EndProject
Project("{FAE04EC0-301F-11D3-BF4B-00C04F79EFBC}") = "Example.FormsApp", "Example.FormsApp\Example.FormsApp\Example.FormsApp.csproj", "{DBBCE198-FC62-41DF-BE32-0014CEB21F10}"
EndProject
Global
	GlobalSection(SolutionConfigurationPlatforms) = preSolution
		Ad-Hoc|Any CPU = Ad-Hoc|Any CPU
		Ad-Hoc|ARM = Ad-Hoc|ARM
		Ad-Hoc|iPhone = Ad-Hoc|iPhone
		Ad-Hoc|iPhoneSimulator = Ad-Hoc|iPhoneSimulator
		Ad-Hoc|x64 = Ad-Hoc|x64
		Ad-Hoc|x86 = Ad-Hoc|x86
		AppStore|Any CPU = AppStore|Any CPU
		AppStore|ARM = AppStore|ARM
		AppStore|iPhone = AppStore|iPhone
		AppStore|iPhoneSimulator = AppStore|iPhoneSimulator
		AppStore|x64 = AppStore|x64
		AppStore|x86 = AppStore|x86
		Debug|Any CPU = Debug|Any CPU
		Debug|ARM = Debug|ARM
		Debug|iPhone = Debug|iPhone
		Debug|iPhoneSimulator = Debug|iPhoneSimulator
		Debug|x64 = Debug|x64
		Debug|x86 = Debug|x86
		Release|Any CPU = Release|Any CPU
		Release|ARM = Release|ARM
		Release|iPhone = Release|iPhone
		Release|iPhoneSimulator = Release|iPhoneSimulator
		Release|x64 = Release|x64
		Release|x86 = Release|x86
	EndGlobalSection
	GlobalSection(ProjectConfigurationPlatforms) = postSolution
		{5F4CD224-9E34-476E-A190-45F19DA5446E}.Ad-Hoc|Any CPU.ActiveCfg = Release|Any CPU
		{5F4CD224-9E34-476E-A190-45F19DA5446E}.Ad-Hoc|Any CPU.Build.0 = Release|Any CPU
		{5F4CD224-9E34-476E-A190-45F19DA5446E}.Ad-Hoc|Any CPU.Deploy.0 = Release|Any CPU
		{5F4CD224-9E34-476E-A190-45F19DA5446E}.Ad-Hoc|ARM.ActiveCfg = Release|Any CPU
		{5F4CD224-9E34-476E-A190-45F19DA5446E}.Ad-Hoc|ARM.Build.0 = Release|Any CPU
		{5F4CD224-9E34-476E-A190-45F19DA5446E}.Ad-Hoc|ARM.Deploy.0 = Release|Any CPU
		{5F4CD224-9E34-476E-A190-45F19DA5446E}.Ad-Hoc|iPhone.ActiveCfg = Release|Any CPU
		{5F4CD224-9E34-476E-A190-45F19DA5446E}.Ad-Hoc|iPhone.Build.0 = Release|Any CPU
		{5F4CD224-9E34-476E-A190-45F19DA5446E}.Ad-Hoc|iPhone.Deploy.0 = Release|Any CPU
		{5F4CD224-9E34-476E-A190-45F19DA5446E}.Ad-Hoc|iPhoneSimulator.ActiveCfg = Release|Any CPU
		{5F4CD224-9E34-476E-A190-45F19DA5446E}.Ad-Hoc|iPhoneSimulator.Build.0 = Release|Any CPU
		{5F4CD224-9E34-476E-A190-45F19DA5446E}.Ad-Hoc|iPhoneSimulator.Deploy.0 = Release|Any CPU
		{5F4CD224-9E34-476E-A190-45F19DA5446E}.Ad-Hoc|x64.ActiveCfg = Release|Any CPU
		{5F4CD224-9E34-476E-A190-45F19DA5446E}.Ad-Hoc|x64.Build.0 = Release|Any CPU
		{5F4CD224-9E34-476E-A190-45F19DA5446E}.Ad-Hoc|x64.Deploy.0 = Release|Any CPU
		{5F4CD224-9E34-476E-A190-45F19DA5446E}.Ad-Hoc|x86.ActiveCfg = Release|Any CPU
		{5F4CD224-9E34-476E-A190-45F19DA5446E}.Ad-Hoc|x86.Build.0 = Release|Any CPU
		{5F4CD224-9E34-476E-A190-45F19DA5446E}.Ad-Hoc|x86.Deploy.0 = Release|Any CPU
		{5F4CD224-9E34-476E-A190-45F19DA5446E}.AppStore|Any CPU.ActiveCfg = Release|Any CPU
		{5F4CD224-9E34-476E-A190-45F19DA5446E}.AppStore|Any CPU.Build.0 = Release|Any CPU
		{5F4CD224-9E34-476E-A190-45F19DA5446E}.AppStore|Any CPU.Deploy.0 = Release|Any CPU
		{5F4CD224-9E34-476E-A190-45F19DA5446E}.AppStore|ARM.ActiveCfg = Release|Any CPU
		{5F4CD224-9E34-476E-A190-45F19DA5446E}.AppStore|ARM.Build.0 = Release|Any CPU
		{5F4CD224-9E34-476E-A190-45F19DA5446E}.AppStore|ARM.Deploy.0 = Release|Any CPU
		{5F4CD224-9E34-476E-A190-45F19DA5446E}.AppStore|iPhone.ActiveCfg = Release|Any CPU
		{5F4CD224-9E34-476E-A190-45F19DA5446E}.AppStore|iPhone.Build.0 = Release|Any CPU
		{5F4CD224-9E34-476E-A190-45F19DA5446E}.AppStore|iPhone.Deploy.0 = Release|Any CPU
		{5F4CD224-9E34-476E-A190-45F19DA5446E}.AppStore|iPhoneSimulator.ActiveCfg = Release|Any CPU
		{5F4CD224-9E34-476E-A190-45F19DA5446E}.AppStore|iPhoneSimulator.Build.0 = Release|Any CPU
		{5F4CD224-9E34-476E-A190-45F19DA5446E}.AppStore|iPhoneSimulator.Deploy.0 = Release|Any CPU
		{5F4CD224-9E34-476E-A190-45F19DA5446E}.AppStore|x64.ActiveCfg = Release|Any CPU
		{5F4CD224-9E34-476E-A190-45F19DA5446E}.AppStore|x64.Build.0 = Release|Any CPU
		{5F4CD224-9E34-476E-A190-45F19DA5446E}.AppStore|x64.Deploy.0 = Release|Any CPU
		{5F4CD224-9E34-476E-A190-45F19DA5446E}.AppStore|x86.ActiveCfg = Release|Any CPU
		{5F4CD224-9E34-476E-A190-45F19DA5446E}.AppStore|x86.Build.0 = Release|Any CPU
		{5F4CD224-9E34-476E-A190-45F19DA5446E}.AppStore|x86.Deploy.0 = Release|Any CPU
		{5F4CD224-9E34-476E-A190-45F19DA5446E}.Debug|Any CPU.ActiveCfg = Debug|Any CPU
		{5F4CD224-9E34-476E-A190-45F19DA5446E}.Debug|Any CPU.Build.0 = Debug|Any CPU
		{5F4CD224-9E34-476E-A190-45F19DA5446E}.Debug|Any CPU.Deploy.0 = Debug|Any CPU
		{5F4CD224-9E34-476E-A190-45F19DA5446E}.Debug|ARM.ActiveCfg = Debug|Any CPU
		{5F4CD224-9E34-476E-A190-45F19DA5446E}.Debug|ARM.Build.0 = Debug|Any CPU
		{5F4CD224-9E34-476E-A190-45F19DA5446E}.Debug|ARM.Deploy.0 = Debug|Any CPU
		{5F4CD224-9E34-476E-A190-45F19DA5446E}.Debug|iPhone.ActiveCfg = Debug|Any CPU
		{5F4CD224-9E34-476E-A190-45F19DA5446E}.Debug|iPhone.Build.0 = Debug|Any CPU
		{5F4CD224-9E34-476E-A190-45F19DA5446E}.Debug|iPhone.Deploy.0 = Debug|Any CPU
		{5F4CD224-9E34-476E-A190-45F19DA5446E}.Debug|iPhoneSimulator.ActiveCfg = Debug|Any CPU
		{5F4CD224-9E34-476E-A190-45F19DA5446E}.Debug|iPhoneSimulator.Build.0 = Debug|Any CPU
		{5F4CD224-9E34-476E-A190-45F19DA5446E}.Debug|iPhoneSimulator.Deploy.0 = Debug|Any CPU
		{5F4CD224-9E34-476E-A190-45F19DA5446E}.Debug|x64.ActiveCfg = Debug|Any CPU
		{5F4CD224-9E34-476E-A190-45F19DA5446E}.Debug|x64.Build.0 = Debug|Any CPU
		{5F4CD224-9E34-476E-A190-45F19DA5446E}.Debug|x64.Deploy.0 = Debug|Any CPU
		{5F4CD224-9E34-476E-A190-45F19DA5446E}.Debug|x86.ActiveCfg = Debug|Any CPU
		{5F4CD224-9E34-476E-A190-45F19DA5446E}.Debug|x86.Build.0 = Debug|Any CPU
		{5F4CD224-9E34-476E-A190-45F19DA5446E}.Debug|x86.Deploy.0 = Debug|Any CPU
		{5F4CD224-9E34-476E-A190-45F19DA5446E}.Release|Any CPU.ActiveCfg = Release|Any CPU
		{5F4CD224-9E34-476E-A190-45F19DA5446E}.Release|Any CPU.Build.0 = Release|Any CPU
		{5F4CD224-9E34-476E-A190-45F19DA5446E}.Release|Any CPU.Deploy.0 = Release|Any CPU
		{5F4CD224-9E34-476E-A190-45F19DA5446E}.Release|ARM.ActiveCfg = Release|Any CPU
		{5F4CD224-9E34-476E-A190-45F19DA5446E}.Release|ARM.Build.0 = Release|Any CPU
		{5F4CD224-9E34-476E-A190-45F19DA5446E}.Release|ARM.Deploy.0 = Release|Any CPU
		{5F4CD224-9E34-476E-A190-45F19DA5446E}.Release|iPhone.ActiveCfg = Release|Any CPU
		{5F4CD224-9E34-476E-A190-45F19DA5446E}.Release|iPhone.Build.0 = Release|Any CPU
		{5F4CD224-9E34-476E-A190-45F19DA5446E}.Release|iPhone.Deploy.0 = Release|Any CPU
		{5F4CD224-9E34-476E-A190-45F19DA5446E}.Release|iPhoneSimulator.ActiveCfg = Release|Any CPU
		{5F4CD224-9E34-476E-A190-45F19DA5446E}.Release|iPhoneSimulator.Build.0 = Release|Any CPU
		{5F4CD224-9E34-476E-A190-45F19DA5446E}.Release|iPhoneSimulator.Deploy.0 = Release|Any CPU
		{5F4CD224-9E34-476E-A190-45F19DA5446E}.Release|x64.ActiveCfg = Release|Any CPU
		{5F4CD224-9E34-476E-A190-45F19DA5446E}.Release|x64.Build.0 = Release|Any CPU
		{5F4CD224-9E34-476E-A190-45F19DA5446E}.Release|x64.Deploy.0 = Release|Any CPU
		{5F4CD224-9E34-476E-A190-45F19DA5446E}.Release|x86.ActiveCfg = Release|Any CPU
		{5F4CD224-9E34-476E-A190-45F19DA5446E}.Release|x86.Build.0 = Release|Any CPU
		{5F4CD224-9E34-476E-A190-45F19DA5446E}.Release|x86.Deploy.0 = Release|Any CPU
		{FB808BA5-0F05-488E-A4FC-589A5CDC01EC}.Ad-Hoc|Any CPU.ActiveCfg = Ad-Hoc|iPhone
		{FB808BA5-0F05-488E-A4FC-589A5CDC01EC}.Ad-Hoc|Any CPU.Build.0 = Ad-Hoc|iPhone
		{FB808BA5-0F05-488E-A4FC-589A5CDC01EC}.Ad-Hoc|Any CPU.Deploy.0 = Ad-Hoc|iPhone
		{FB808BA5-0F05-488E-A4FC-589A5CDC01EC}.Ad-Hoc|ARM.ActiveCfg = Ad-Hoc|iPhone
		{FB808BA5-0F05-488E-A4FC-589A5CDC01EC}.Ad-Hoc|ARM.Build.0 = Ad-Hoc|iPhone
		{FB808BA5-0F05-488E-A4FC-589A5CDC01EC}.Ad-Hoc|ARM.Deploy.0 = Ad-Hoc|iPhone
		{FB808BA5-0F05-488E-A4FC-589A5CDC01EC}.Ad-Hoc|iPhone.ActiveCfg = Ad-Hoc|iPhone
		{FB808BA5-0F05-488E-A4FC-589A5CDC01EC}.Ad-Hoc|iPhone.Build.0 = Ad-Hoc|iPhone
		{FB808BA5-0F05-488E-A4FC-589A5CDC01EC}.Ad-Hoc|iPhone.Deploy.0 = Ad-Hoc|iPhone
		{FB808BA5-0F05-488E-A4FC-589A5CDC01EC}.Ad-Hoc|iPhoneSimulator.ActiveCfg = Ad-Hoc|iPhoneSimulator
		{FB808BA5-0F05-488E-A4FC-589A5CDC01EC}.Ad-Hoc|iPhoneSimulator.Build.0 = Ad-Hoc|iPhoneSimulator
		{FB808BA5-0F05-488E-A4FC-589A5CDC01EC}.Ad-Hoc|iPhoneSimulator.Deploy.0 = Ad-Hoc|iPhoneSimulator
		{FB808BA5-0F05-488E-A4FC-589A5CDC01EC}.Ad-Hoc|x64.ActiveCfg = Ad-Hoc|iPhone
		{FB808BA5-0F05-488E-A4FC-589A5CDC01EC}.Ad-Hoc|x64.Build.0 = Ad-Hoc|iPhone
		{FB808BA5-0F05-488E-A4FC-589A5CDC01EC}.Ad-Hoc|x64.Deploy.0 = Ad-Hoc|iPhone
		{FB808BA5-0F05-488E-A4FC-589A5CDC01EC}.Ad-Hoc|x86.ActiveCfg = Ad-Hoc|iPhone
		{FB808BA5-0F05-488E-A4FC-589A5CDC01EC}.Ad-Hoc|x86.Build.0 = Ad-Hoc|iPhone
		{FB808BA5-0F05-488E-A4FC-589A5CDC01EC}.Ad-Hoc|x86.Deploy.0 = Ad-Hoc|iPhone
		{FB808BA5-0F05-488E-A4FC-589A5CDC01EC}.AppStore|Any CPU.ActiveCfg = AppStore|iPhone
		{FB808BA5-0F05-488E-A4FC-589A5CDC01EC}.AppStore|Any CPU.Build.0 = AppStore|iPhone
		{FB808BA5-0F05-488E-A4FC-589A5CDC01EC}.AppStore|Any CPU.Deploy.0 = AppStore|iPhone
		{FB808BA5-0F05-488E-A4FC-589A5CDC01EC}.AppStore|ARM.ActiveCfg = AppStore|iPhone
		{FB808BA5-0F05-488E-A4FC-589A5CDC01EC}.AppStore|ARM.Build.0 = AppStore|iPhone
		{FB808BA5-0F05-488E-A4FC-589A5CDC01EC}.AppStore|ARM.Deploy.0 = AppStore|iPhone
		{FB808BA5-0F05-488E-A4FC-589A5CDC01EC}.AppStore|iPhone.ActiveCfg = AppStore|iPhone
		{FB808BA5-0F05-488E-A4FC-589A5CDC01EC}.AppStore|iPhone.Build.0 = AppStore|iPhone
		{FB808BA5-0F05-488E-A4FC-589A5CDC01EC}.AppStore|iPhone.Deploy.0 = AppStore|iPhone
		{FB808BA5-0F05-488E-A4FC-589A5CDC01EC}.AppStore|iPhoneSimulator.ActiveCfg = AppStore|iPhoneSimulator
		{FB808BA5-0F05-488E-A4FC-589A5CDC01EC}.AppStore|iPhoneSimulator.Build.0 = AppStore|iPhoneSimulator
		{FB808BA5-0F05-488E-A4FC-589A5CDC01EC}.AppStore|iPhoneSimulator.Deploy.0 = AppStore|iPhoneSimulator
		{FB808BA5-0F05-488E-A4FC-589A5CDC01EC}.AppStore|x64.ActiveCfg = AppStore|iPhone
		{FB808BA5-0F05-488E-A4FC-589A5CDC01EC}.AppStore|x64.Build.0 = AppStore|iPhone
		{FB808BA5-0F05-488E-A4FC-589A5CDC01EC}.AppStore|x64.Deploy.0 = AppStore|iPhone
		{FB808BA5-0F05-488E-A4FC-589A5CDC01EC}.AppStore|x86.ActiveCfg = AppStore|iPhone
		{FB808BA5-0F05-488E-A4FC-589A5CDC01EC}.AppStore|x86.Build.0 = AppStore|iPhone
		{FB808BA5-0F05-488E-A4FC-589A5CDC01EC}.AppStore|x86.Deploy.0 = AppStore|iPhone
		{FB808BA5-0F05-488E-A4FC-589A5CDC01EC}.Debug|Any CPU.ActiveCfg = Debug|iPhoneSimulator
		{FB808BA5-0F05-488E-A4FC-589A5CDC01EC}.Debug|Any CPU.Build.0 = Debug|iPhoneSimulator
		{FB808BA5-0F05-488E-A4FC-589A5CDC01EC}.Debug|Any CPU.Deploy.0 = Debug|iPhoneSimulator
		{FB808BA5-0F05-488E-A4FC-589A5CDC01EC}.Debug|ARM.ActiveCfg = Debug|iPhone
		{FB808BA5-0F05-488E-A4FC-589A5CDC01EC}.Debug|ARM.Build.0 = Debug|iPhone
		{FB808BA5-0F05-488E-A4FC-589A5CDC01EC}.Debug|ARM.Deploy.0 = Debug|iPhone
		{FB808BA5-0F05-488E-A4FC-589A5CDC01EC}.Debug|iPhone.ActiveCfg = Debug|iPhone
		{FB808BA5-0F05-488E-A4FC-589A5CDC01EC}.Debug|iPhone.Build.0 = Debug|iPhone
		{FB808BA5-0F05-488E-A4FC-589A5CDC01EC}.Debug|iPhone.Deploy.0 = Debug|iPhone
		{FB808BA5-0F05-488E-A4FC-589A5CDC01EC}.Debug|iPhoneSimulator.ActiveCfg = Debug|iPhoneSimulator
		{FB808BA5-0F05-488E-A4FC-589A5CDC01EC}.Debug|iPhoneSimulator.Build.0 = Debug|iPhoneSimulator
		{FB808BA5-0F05-488E-A4FC-589A5CDC01EC}.Debug|iPhoneSimulator.Deploy.0 = Debug|iPhoneSimulator
		{FB808BA5-0F05-488E-A4FC-589A5CDC01EC}.Debug|x64.ActiveCfg = Debug|iPhone
		{FB808BA5-0F05-488E-A4FC-589A5CDC01EC}.Debug|x64.Build.0 = Debug|iPhone
		{FB808BA5-0F05-488E-A4FC-589A5CDC01EC}.Debug|x64.Deploy.0 = Debug|iPhone
		{FB808BA5-0F05-488E-A4FC-589A5CDC01EC}.Debug|x86.ActiveCfg = Debug|iPhone
		{FB808BA5-0F05-488E-A4FC-589A5CDC01EC}.Debug|x86.Build.0 = Debug|iPhone
		{FB808BA5-0F05-488E-A4FC-589A5CDC01EC}.Debug|x86.Deploy.0 = Debug|iPhone
		{FB808BA5-0F05-488E-A4FC-589A5CDC01EC}.Release|Any CPU.ActiveCfg = Release|iPhone
		{FB808BA5-0F05-488E-A4FC-589A5CDC01EC}.Release|Any CPU.Build.0 = Release|iPhone
		{FB808BA5-0F05-488E-A4FC-589A5CDC01EC}.Release|Any CPU.Deploy.0 = Release|iPhone
		{FB808BA5-0F05-488E-A4FC-589A5CDC01EC}.Release|ARM.ActiveCfg = Release|iPhone
		{FB808BA5-0F05-488E-A4FC-589A5CDC01EC}.Release|ARM.Build.0 = Release|iPhone
		{FB808BA5-0F05-488E-A4FC-589A5CDC01EC}.Release|ARM.Deploy.0 = Release|iPhone
		{FB808BA5-0F05-488E-A4FC-589A5CDC01EC}.Release|iPhone.ActiveCfg = Release|iPhone
		{FB808BA5-0F05-488E-A4FC-589A5CDC01EC}.Release|iPhone.Build.0 = Release|iPhone
		{FB808BA5-0F05-488E-A4FC-589A5CDC01EC}.Release|iPhone.Deploy.0 = Release|iPhone
		{FB808BA5-0F05-488E-A4FC-589A5CDC01EC}.Release|iPhoneSimulator.ActiveCfg = Release|iPhoneSimulator
		{FB808BA5-0F05-488E-A4FC-589A5CDC01EC}.Release|iPhoneSimulator.Build.0 = Release|iPhoneSimulator
		{FB808BA5-0F05-488E-A4FC-589A5CDC01EC}.Release|iPhoneSimulator.Deploy.0 = Release|iPhoneSimulator
		{FB808BA5-0F05-488E-A4FC-589A5CDC01EC}.Release|x64.ActiveCfg = Release|iPhone
		{FB808BA5-0F05-488E-A4FC-589A5CDC01EC}.Release|x64.Build.0 = Release|iPhone
		{FB808BA5-0F05-488E-A4FC-589A5CDC01EC}.Release|x64.Deploy.0 = Release|iPhone
		{FB808BA5-0F05-488E-A4FC-589A5CDC01EC}.Release|x86.ActiveCfg = Release|iPhone
		{FB808BA5-0F05-488E-A4FC-589A5CDC01EC}.Release|x86.Build.0 = Release|iPhone
		{FB808BA5-0F05-488E-A4FC-589A5CDC01EC}.Release|x86.Deploy.0 = Release|iPhone
		{B15BE119-3A2F-43B4-AA02-C417D5DA8514}.Ad-Hoc|Any CPU.ActiveCfg = Release|x86
		{B15BE119-3A2F-43B4-AA02-C417D5DA8514}.Ad-Hoc|Any CPU.Build.0 = Release|x86
		{B15BE119-3A2F-43B4-AA02-C417D5DA8514}.Ad-Hoc|Any CPU.Deploy.0 = Release|x86
		{B15BE119-3A2F-43B4-AA02-C417D5DA8514}.Ad-Hoc|ARM.ActiveCfg = Release|ARM
		{B15BE119-3A2F-43B4-AA02-C417D5DA8514}.Ad-Hoc|ARM.Build.0 = Release|ARM
		{B15BE119-3A2F-43B4-AA02-C417D5DA8514}.Ad-Hoc|ARM.Deploy.0 = Release|ARM
		{B15BE119-3A2F-43B4-AA02-C417D5DA8514}.Ad-Hoc|iPhone.ActiveCfg = Release|x86
		{B15BE119-3A2F-43B4-AA02-C417D5DA8514}.Ad-Hoc|iPhone.Build.0 = Release|x86
		{B15BE119-3A2F-43B4-AA02-C417D5DA8514}.Ad-Hoc|iPhone.Deploy.0 = Release|x86
		{B15BE119-3A2F-43B4-AA02-C417D5DA8514}.Ad-Hoc|iPhoneSimulator.ActiveCfg = Release|x86
		{B15BE119-3A2F-43B4-AA02-C417D5DA8514}.Ad-Hoc|iPhoneSimulator.Build.0 = Release|x86
		{B15BE119-3A2F-43B4-AA02-C417D5DA8514}.Ad-Hoc|iPhoneSimulator.Deploy.0 = Release|x86
		{B15BE119-3A2F-43B4-AA02-C417D5DA8514}.Ad-Hoc|x64.ActiveCfg = Release|x64
		{B15BE119-3A2F-43B4-AA02-C417D5DA8514}.Ad-Hoc|x64.Build.0 = Release|x64
		{B15BE119-3A2F-43B4-AA02-C417D5DA8514}.Ad-Hoc|x64.Deploy.0 = Release|x64
		{B15BE119-3A2F-43B4-AA02-C417D5DA8514}.Ad-Hoc|x86.ActiveCfg = Release|x86
		{B15BE119-3A2F-43B4-AA02-C417D5DA8514}.Ad-Hoc|x86.Build.0 = Release|x86
		{B15BE119-3A2F-43B4-AA02-C417D5DA8514}.Ad-Hoc|x86.Deploy.0 = Release|x86
		{B15BE119-3A2F-43B4-AA02-C417D5DA8514}.AppStore|Any CPU.ActiveCfg = Release|x86
		{B15BE119-3A2F-43B4-AA02-C417D5DA8514}.AppStore|Any CPU.Build.0 = Release|x86
		{B15BE119-3A2F-43B4-AA02-C417D5DA8514}.AppStore|Any CPU.Deploy.0 = Release|x86
		{B15BE119-3A2F-43B4-AA02-C417D5DA8514}.AppStore|ARM.ActiveCfg = Release|ARM
		{B15BE119-3A2F-43B4-AA02-C417D5DA8514}.AppStore|ARM.Build.0 = Release|ARM
		{B15BE119-3A2F-43B4-AA02-C417D5DA8514}.AppStore|ARM.Deploy.0 = Release|ARM
		{B15BE119-3A2F-43B4-AA02-C417D5DA8514}.AppStore|iPhone.ActiveCfg = Release|x86
		{B15BE119-3A2F-43B4-AA02-C417D5DA8514}.AppStore|iPhone.Build.0 = Release|x86
		{B15BE119-3A2F-43B4-AA02-C417D5DA8514}.AppStore|iPhone.Deploy.0 = Release|x86
		{B15BE119-3A2F-43B4-AA02-C417D5DA8514}.AppStore|iPhoneSimulator.ActiveCfg = Release|x86
		{B15BE119-3A2F-43B4-AA02-C417D5DA8514}.AppStore|iPhoneSimulator.Build.0 = Release|x86
		{B15BE119-3A2F-43B4-AA02-C417D5DA8514}.AppStore|iPhoneSimulator.Deploy.0 = Release|x86
		{B15BE119-3A2F-43B4-AA02-C417D5DA8514}.AppStore|x64.ActiveCfg = Release|x64
		{B15BE119-3A2F-43B4-AA02-C417D5DA8514}.AppStore|x64.Build.0 = Release|x64
		{B15BE119-3A2F-43B4-AA02-C417D5DA8514}.AppStore|x64.Deploy.0 = Release|x64
		{B15BE119-3A2F-43B4-AA02-C417D5DA8514}.AppStore|x86.ActiveCfg = Release|x86
		{B15BE119-3A2F-43B4-AA02-C417D5DA8514}.AppStore|x86.Build.0 = Release|x86
		{B15BE119-3A2F-43B4-AA02-C417D5DA8514}.AppStore|x86.Deploy.0 = Release|x86
		{B15BE119-3A2F-43B4-AA02-C417D5DA8514}.Debug|Any CPU.ActiveCfg = Debug|x86
		{B15BE119-3A2F-43B4-AA02-C417D5DA8514}.Debug|Any CPU.Build.0 = Debug|x86
		{B15BE119-3A2F-43B4-AA02-C417D5DA8514}.Debug|Any CPU.Deploy.0 = Debug|x86
		{B15BE119-3A2F-43B4-AA02-C417D5DA8514}.Debug|ARM.ActiveCfg = Debug|ARM
		{B15BE119-3A2F-43B4-AA02-C417D5DA8514}.Debug|ARM.Build.0 = Debug|ARM
		{B15BE119-3A2F-43B4-AA02-C417D5DA8514}.Debug|ARM.Deploy.0 = Debug|ARM
		{B15BE119-3A2F-43B4-AA02-C417D5DA8514}.Debug|iPhone.ActiveCfg = Debug|x86
		{B15BE119-3A2F-43B4-AA02-C417D5DA8514}.Debug|iPhone.Build.0 = Debug|x86
		{B15BE119-3A2F-43B4-AA02-C417D5DA8514}.Debug|iPhone.Deploy.0 = Debug|x86
		{B15BE119-3A2F-43B4-AA02-C417D5DA8514}.Debug|iPhoneSimulator.ActiveCfg = Debug|x86
		{B15BE119-3A2F-43B4-AA02-C417D5DA8514}.Debug|iPhoneSimulator.Build.0 = Debug|x86
		{B15BE119-3A2F-43B4-AA02-C417D5DA8514}.Debug|iPhoneSimulator.Deploy.0 = Debug|x86
		{B15BE119-3A2F-43B4-AA02-C417D5DA8514}.Debug|x64.ActiveCfg = Debug|x64
		{B15BE119-3A2F-43B4-AA02-C417D5DA8514}.Debug|x64.Build.0 = Debug|x64
		{B15BE119-3A2F-43B4-AA02-C417D5DA8514}.Debug|x64.Deploy.0 = Debug|x64
		{B15BE119-3A2F-43B4-AA02-C417D5DA8514}.Debug|x86.ActiveCfg = Debug|x86
		{B15BE119-3A2F-43B4-AA02-C417D5DA8514}.Debug|x86.Build.0 = Debug|x86
		{B15BE119-3A2F-43B4-AA02-C417D5DA8514}.Debug|x86.Deploy.0 = Debug|x86
		{B15BE119-3A2F-43B4-AA02-C417D5DA8514}.Release|Any CPU.ActiveCfg = Release|x86
		{B15BE119-3A2F-43B4-AA02-C417D5DA8514}.Release|Any CPU.Build.0 = Release|x86
		{B15BE119-3A2F-43B4-AA02-C417D5DA8514}.Release|Any CPU.Deploy.0 = Release|x86
		{B15BE119-3A2F-43B4-AA02-C417D5DA8514}.Release|ARM.ActiveCfg = Release|ARM
		{B15BE119-3A2F-43B4-AA02-C417D5DA8514}.Release|ARM.Build.0 = Release|ARM
		{B15BE119-3A2F-43B4-AA02-C417D5DA8514}.Release|ARM.Deploy.0 = Release|ARM
		{B15BE119-3A2F-43B4-AA02-C417D5DA8514}.Release|iPhone.ActiveCfg = Release|x86
		{B15BE119-3A2F-43B4-AA02-C417D5DA8514}.Release|iPhone.Build.0 = Release|x86
		{B15BE119-3A2F-43B4-AA02-C417D5DA8514}.Release|iPhone.Deploy.0 = Release|x86
		{B15BE119-3A2F-43B4-AA02-C417D5DA8514}.Release|iPhoneSimulator.ActiveCfg = Release|x86
		{B15BE119-3A2F-43B4-AA02-C417D5DA8514}.Release|iPhoneSimulator.Build.0 = Release|x86
		{B15BE119-3A2F-43B4-AA02-C417D5DA8514}.Release|iPhoneSimulator.Deploy.0 = Release|x86
		{B15BE119-3A2F-43B4-AA02-C417D5DA8514}.Release|x64.ActiveCfg = Release|x64
		{B15BE119-3A2F-43B4-AA02-C417D5DA8514}.Release|x64.Build.0 = Release|x64
		{B15BE119-3A2F-43B4-AA02-C417D5DA8514}.Release|x64.Deploy.0 = Release|x64
		{B15BE119-3A2F-43B4-AA02-C417D5DA8514}.Release|x86.ActiveCfg = Release|x86
		{B15BE119-3A2F-43B4-AA02-C417D5DA8514}.Release|x86.Build.0 = Release|x86
		{B15BE119-3A2F-43B4-AA02-C417D5DA8514}.Release|x86.Deploy.0 = Release|x86
		{DBBCE198-FC62-41DF-BE32-0014CEB21F10}.Ad-Hoc|Any CPU.ActiveCfg = Debug|Any CPU
		{DBBCE198-FC62-41DF-BE32-0014CEB21F10}.Ad-Hoc|Any CPU.Build.0 = Debug|Any CPU
		{DBBCE198-FC62-41DF-BE32-0014CEB21F10}.Ad-Hoc|Any CPU.Deploy.0 = Debug|Any CPU
		{DBBCE198-FC62-41DF-BE32-0014CEB21F10}.Ad-Hoc|ARM.ActiveCfg = Debug|Any CPU
		{DBBCE198-FC62-41DF-BE32-0014CEB21F10}.Ad-Hoc|ARM.Build.0 = Debug|Any CPU
		{DBBCE198-FC62-41DF-BE32-0014CEB21F10}.Ad-Hoc|ARM.Deploy.0 = Debug|Any CPU
		{DBBCE198-FC62-41DF-BE32-0014CEB21F10}.Ad-Hoc|iPhone.ActiveCfg = Debug|Any CPU
		{DBBCE198-FC62-41DF-BE32-0014CEB21F10}.Ad-Hoc|iPhone.Build.0 = Debug|Any CPU
		{DBBCE198-FC62-41DF-BE32-0014CEB21F10}.Ad-Hoc|iPhone.Deploy.0 = Debug|Any CPU
		{DBBCE198-FC62-41DF-BE32-0014CEB21F10}.Ad-Hoc|iPhoneSimulator.ActiveCfg = Debug|Any CPU
		{DBBCE198-FC62-41DF-BE32-0014CEB21F10}.Ad-Hoc|iPhoneSimulator.Build.0 = Debug|Any CPU
		{DBBCE198-FC62-41DF-BE32-0014CEB21F10}.Ad-Hoc|iPhoneSimulator.Deploy.0 = Debug|Any CPU
		{DBBCE198-FC62-41DF-BE32-0014CEB21F10}.Ad-Hoc|x64.ActiveCfg = Debug|Any CPU
		{DBBCE198-FC62-41DF-BE32-0014CEB21F10}.Ad-Hoc|x64.Build.0 = Debug|Any CPU
		{DBBCE198-FC62-41DF-BE32-0014CEB21F10}.Ad-Hoc|x64.Deploy.0 = Debug|Any CPU
		{DBBCE198-FC62-41DF-BE32-0014CEB21F10}.Ad-Hoc|x86.ActiveCfg = Debug|Any CPU
		{DBBCE198-FC62-41DF-BE32-0014CEB21F10}.Ad-Hoc|x86.Build.0 = Debug|Any CPU
		{DBBCE198-FC62-41DF-BE32-0014CEB21F10}.Ad-Hoc|x86.Deploy.0 = Debug|Any CPU
		{DBBCE198-FC62-41DF-BE32-0014CEB21F10}.AppStore|Any CPU.ActiveCfg = Debug|Any CPU
		{DBBCE198-FC62-41DF-BE32-0014CEB21F10}.AppStore|Any CPU.Build.0 = Debug|Any CPU
		{DBBCE198-FC62-41DF-BE32-0014CEB21F10}.AppStore|Any CPU.Deploy.0 = Debug|Any CPU
		{DBBCE198-FC62-41DF-BE32-0014CEB21F10}.AppStore|ARM.ActiveCfg = Debug|Any CPU
		{DBBCE198-FC62-41DF-BE32-0014CEB21F10}.AppStore|ARM.Build.0 = Debug|Any CPU
		{DBBCE198-FC62-41DF-BE32-0014CEB21F10}.AppStore|ARM.Deploy.0 = Debug|Any CPU
		{DBBCE198-FC62-41DF-BE32-0014CEB21F10}.AppStore|iPhone.ActiveCfg = Debug|Any CPU
		{DBBCE198-FC62-41DF-BE32-0014CEB21F10}.AppStore|iPhone.Build.0 = Debug|Any CPU
		{DBBCE198-FC62-41DF-BE32-0014CEB21F10}.AppStore|iPhone.Deploy.0 = Debug|Any CPU
		{DBBCE198-FC62-41DF-BE32-0014CEB21F10}.AppStore|iPhoneSimulator.ActiveCfg = Debug|Any CPU
		{DBBCE198-FC62-41DF-BE32-0014CEB21F10}.AppStore|iPhoneSimulator.Build.0 = Debug|Any CPU
		{DBBCE198-FC62-41DF-BE32-0014CEB21F10}.AppStore|iPhoneSimulator.Deploy.0 = Debug|Any CPU
		{DBBCE198-FC62-41DF-BE32-0014CEB21F10}.AppStore|x64.ActiveCfg = Debug|Any CPU
		{DBBCE198-FC62-41DF-BE32-0014CEB21F10}.AppStore|x64.Build.0 = Debug|Any CPU
		{DBBCE198-FC62-41DF-BE32-0014CEB21F10}.AppStore|x64.Deploy.0 = Debug|Any CPU
		{DBBCE198-FC62-41DF-BE32-0014CEB21F10}.AppStore|x86.ActiveCfg = Debug|Any CPU
		{DBBCE198-FC62-41DF-BE32-0014CEB21F10}.AppStore|x86.Build.0 = Debug|Any CPU
		{DBBCE198-FC62-41DF-BE32-0014CEB21F10}.AppStore|x86.Deploy.0 = Debug|Any CPU
		{DBBCE198-FC62-41DF-BE32-0014CEB21F10}.Debug|Any CPU.ActiveCfg = Debug|Any CPU
		{DBBCE198-FC62-41DF-BE32-0014CEB21F10}.Debug|Any CPU.Build.0 = Debug|Any CPU
		{DBBCE198-FC62-41DF-BE32-0014CEB21F10}.Debug|Any CPU.Deploy.0 = Debug|Any CPU
		{DBBCE198-FC62-41DF-BE32-0014CEB21F10}.Debug|ARM.ActiveCfg = Debug|Any CPU
		{DBBCE198-FC62-41DF-BE32-0014CEB21F10}.Debug|ARM.Build.0 = Debug|Any CPU
		{DBBCE198-FC62-41DF-BE32-0014CEB21F10}.Debug|ARM.Deploy.0 = Debug|Any CPU
		{DBBCE198-FC62-41DF-BE32-0014CEB21F10}.Debug|iPhone.ActiveCfg = Debug|Any CPU
		{DBBCE198-FC62-41DF-BE32-0014CEB21F10}.Debug|iPhone.Build.0 = Debug|Any CPU
		{DBBCE198-FC62-41DF-BE32-0014CEB21F10}.Debug|iPhone.Deploy.0 = Debug|Any CPU
		{DBBCE198-FC62-41DF-BE32-0014CEB21F10}.Debug|iPhoneSimulator.ActiveCfg = Debug|Any CPU
		{DBBCE198-FC62-41DF-BE32-0014CEB21F10}.Debug|iPhoneSimulator.Build.0 = Debug|Any CPU
		{DBBCE198-FC62-41DF-BE32-0014CEB21F10}.Debug|iPhoneSimulator.Deploy.0 = Debug|Any CPU
		{DBBCE198-FC62-41DF-BE32-0014CEB21F10}.Debug|x64.ActiveCfg = Debug|Any CPU
		{DBBCE198-FC62-41DF-BE32-0014CEB21F10}.Debug|x64.Build.0 = Debug|Any CPU
		{DBBCE198-FC62-41DF-BE32-0014CEB21F10}.Debug|x64.Deploy.0 = Debug|Any CPU
		{DBBCE198-FC62-41DF-BE32-0014CEB21F10}.Debug|x86.ActiveCfg = Debug|Any CPU
		{DBBCE198-FC62-41DF-BE32-0014CEB21F10}.Debug|x86.Build.0 = Debug|Any CPU
		{DBBCE198-FC62-41DF-BE32-0014CEB21F10}.Debug|x86.Deploy.0 = Debug|Any CPU
		{DBBCE198-FC62-41DF-BE32-0014CEB21F10}.Release|Any CPU.ActiveCfg = Release|Any CPU
		{DBBCE198-FC62-41DF-BE32-0014CEB21F10}.Release|Any CPU.Build.0 = Release|Any CPU
		{DBBCE198-FC62-41DF-BE32-0014CEB21F10}.Release|Any CPU.Deploy.0 = Release|Any CPU
		{DBBCE198-FC62-41DF-BE32-0014CEB21F10}.Release|ARM.ActiveCfg = Release|Any CPU
		{DBBCE198-FC62-41DF-BE32-0014CEB21F10}.Release|ARM.Build.0 = Release|Any CPU
		{DBBCE198-FC62-41DF-BE32-0014CEB21F10}.Release|ARM.Deploy.0 = Release|Any CPU
		{DBBCE198-FC62-41DF-BE32-0014CEB21F10}.Release|iPhone.ActiveCfg = Release|Any CPU
		{DBBCE198-FC62-41DF-BE32-0014CEB21F10}.Release|iPhone.Build.0 = Release|Any CPU
		{DBBCE198-FC62-41DF-BE32-0014CEB21F10}.Release|iPhone.Deploy.0 = Release|Any CPU
		{DBBCE198-FC62-41DF-BE32-0014CEB21F10}.Release|iPhoneSimulator.ActiveCfg = Release|Any CPU
		{DBBCE198-FC62-41DF-BE32-0014CEB21F10}.Release|iPhoneSimulator.Build.0 = Release|Any CPU
		{DBBCE198-FC62-41DF-BE32-0014CEB21F10}.Release|iPhoneSimulator.Deploy.0 = Release|Any CPU
		{DBBCE198-FC62-41DF-BE32-0014CEB21F10}.Release|x64.ActiveCfg = Release|Any CPU
		{DBBCE198-FC62-41DF-BE32-0014CEB21F10}.Release|x64.Build.0 = Release|Any CPU
		{DBBCE198-FC62-41DF-BE32-0014CEB21F10}.Release|x64.Deploy.0 = Release|Any CPU
		{DBBCE198-FC62-41DF-BE32-0014CEB21F10}.Release|x86.ActiveCfg = Release|Any CPU
		{DBBCE198-FC62-41DF-BE32-0014CEB21F10}.Release|x86.Build.0 = Release|Any CPU
		{DBBCE198-FC62-41DF-BE32-0014CEB21F10}.Release|x86.Deploy.0 = Release|Any CPU
	EndGlobalSection
	GlobalSection(SolutionProperties) = preSolution
		HideSolutionNode = FALSE
	EndGlobalSection
	GlobalSection(ExtensibilityGlobals) = postSolution
		SolutionGuid = {060B6A06-DE0E-46A4-9BAD-3128A1F26072}
	EndGlobalSection
EndGlobal
