
Microsoft Visual Studio Solution File, Format Version 12.00
# Visual Studio 15
VisualStudioVersion = 15.0.27428.1
MinimumVisualStudioVersion = 10.0.40219.1
Project("{FAE04EC0-301F-11D3-BF4B-00C04F79EFBC}") = "AnimationTest.Android", "AnimationTest\AnimationTest.Android\AnimationTest.Android.csproj", "{059CB07E-0F60-48F3-B6B0-CF1862A5AD05}"
EndProject
Project("{FAE04EC0-301F-11D3-BF4B-00C04F79EFBC}") = "AnimationTest.iOS", "AnimationTest\AnimationTest.iOS\AnimationTest.iOS.csproj", "{2E9411CF-1D34-42D8-9339-1883959D7E40}"
EndProject
Project("{FAE04EC0-301F-11D3-BF4B-00C04F79EFBC}") = "AnimationTest.UWP", "AnimationTest\AnimationTest.UWP\AnimationTest.UWP.csproj", "{D8736811-5D21-4BE3-A60A-07550CF9D4FD}"
EndProject
Project("{9A19103F-16F7-4668-BE54-9A1E7A4F7556}") = "AnimationTest", "AnimationTest\AnimationTest\AnimationTest.csproj", "{8A4A2CC6-4D48-41D5-B12E-0205CB8EEDD8}"
EndProject
Project("{2150E333-8FDC-42A3-9474-1A3956D46DE8}") = "Forms", "Forms", "{31CB9887-815B-4216-A6BD-33040561E729}"
EndProject
Project("{9A19103F-16F7-4668-BE54-9A1E7A4F7556}") = "Smart.Forms", "..\Smart.Forms\Smart.Forms.csproj", "{B49BAF64-3B4D-4A87-A326-BA78C8ADF3D2}"
EndProject
Project("{9A19103F-16F7-4668-BE54-9A1E7A4F7556}") = "Smart.Forms.Resolver", "..\Smart.Forms.Resolver\Smart.Forms.Resolver.csproj", "{00E18231-67BC-45ED-8F7D-F6D2A9574CB6}"
EndProject
Global
	GlobalSection(SolutionConfigurationPlatforms) = preSolution
		Ad-Hoc|Any CPU = Ad-Hoc|Any CPU
		Ad-Hoc|ARM = Ad-Hoc|ARM
		Ad-Hoc|iPhone = Ad-Hoc|iPhone
		Ad-Hoc|iPhoneSimulator = Ad-Hoc|iPhoneSimulator
		Ad-Hoc|x64 = Ad-Hoc|x64
		Ad-Hoc|x86 = Ad-Hoc|x86
		AppStore|Any CPU = AppStore|Any CPU
		AppStore|ARM = AppStore|ARM
		AppStore|iPhone = AppStore|iPhone
		AppStore|iPhoneSimulator = AppStore|iPhoneSimulator
		AppStore|x64 = AppStore|x64
		AppStore|x86 = AppStore|x86
		Debug|Any CPU = Debug|Any CPU
		Debug|ARM = Debug|ARM
		Debug|iPhone = Debug|iPhone
		Debug|iPhoneSimulator = Debug|iPhoneSimulator
		Debug|x64 = Debug|x64
		Debug|x86 = Debug|x86
		Release|Any CPU = Release|Any CPU
		Release|ARM = Release|ARM
		Release|iPhone = Release|iPhone
		Release|iPhoneSimulator = Release|iPhoneSimulator
		Release|x64 = Release|x64
		Release|x86 = Release|x86
	EndGlobalSection
	GlobalSection(ProjectConfigurationPlatforms) = postSolution
		{059CB07E-0F60-48F3-B6B0-CF1862A5AD05}.Ad-Hoc|Any CPU.ActiveCfg = Release|Any CPU
		{059CB07E-0F60-48F3-B6B0-CF1862A5AD05}.Ad-Hoc|Any CPU.Build.0 = Release|Any CPU
		{059CB07E-0F60-48F3-B6B0-CF1862A5AD05}.Ad-Hoc|Any CPU.Deploy.0 = Release|Any CPU
		{059CB07E-0F60-48F3-B6B0-CF1862A5AD05}.Ad-Hoc|ARM.ActiveCfg = Release|Any CPU
		{059CB07E-0F60-48F3-B6B0-CF1862A5AD05}.Ad-Hoc|ARM.Build.0 = Release|Any CPU
		{059CB07E-0F60-48F3-B6B0-CF1862A5AD05}.Ad-Hoc|ARM.Deploy.0 = Release|Any CPU
		{059CB07E-0F60-48F3-B6B0-CF1862A5AD05}.Ad-Hoc|iPhone.ActiveCfg = Release|Any CPU
		{059CB07E-0F60-48F3-B6B0-CF1862A5AD05}.Ad-Hoc|iPhone.Build.0 = Release|Any CPU
		{059CB07E-0F60-48F3-B6B0-CF1862A5AD05}.Ad-Hoc|iPhone.Deploy.0 = Release|Any CPU
		{059CB07E-0F60-48F3-B6B0-CF1862A5AD05}.Ad-Hoc|iPhoneSimulator.ActiveCfg = Release|Any CPU
		{059CB07E-0F60-48F3-B6B0-CF1862A5AD05}.Ad-Hoc|iPhoneSimulator.Build.0 = Release|Any CPU
		{059CB07E-0F60-48F3-B6B0-CF1862A5AD05}.Ad-Hoc|iPhoneSimulator.Deploy.0 = Release|Any CPU
		{059CB07E-0F60-48F3-B6B0-CF1862A5AD05}.Ad-Hoc|x64.ActiveCfg = Release|Any CPU
		{059CB07E-0F60-48F3-B6B0-CF1862A5AD05}.Ad-Hoc|x64.Build.0 = Release|Any CPU
		{059CB07E-0F60-48F3-B6B0-CF1862A5AD05}.Ad-Hoc|x64.Deploy.0 = Release|Any CPU
		{059CB07E-0F60-48F3-B6B0-CF1862A5AD05}.Ad-Hoc|x86.ActiveCfg = Release|Any CPU
		{059CB07E-0F60-48F3-B6B0-CF1862A5AD05}.Ad-Hoc|x86.Build.0 = Release|Any CPU
		{059CB07E-0F60-48F3-B6B0-CF1862A5AD05}.Ad-Hoc|x86.Deploy.0 = Release|Any CPU
		{059CB07E-0F60-48F3-B6B0-CF1862A5AD05}.AppStore|Any CPU.ActiveCfg = Release|Any CPU
		{059CB07E-0F60-48F3-B6B0-CF1862A5AD05}.AppStore|Any CPU.Build.0 = Release|Any CPU
		{059CB07E-0F60-48F3-B6B0-CF1862A5AD05}.AppStore|Any CPU.Deploy.0 = Release|Any CPU
		{059CB07E-0F60-48F3-B6B0-CF1862A5AD05}.AppStore|ARM.ActiveCfg = Release|Any CPU
		{059CB07E-0F60-48F3-B6B0-CF1862A5AD05}.AppStore|ARM.Build.0 = Release|Any CPU
		{059CB07E-0F60-48F3-B6B0-CF1862A5AD05}.AppStore|ARM.Deploy.0 = Release|Any CPU
		{059CB07E-0F60-48F3-B6B0-CF1862A5AD05}.AppStore|iPhone.ActiveCfg = Release|Any CPU
		{059CB07E-0F60-48F3-B6B0-CF1862A5AD05}.AppStore|iPhone.Build.0 = Release|Any CPU
		{059CB07E-0F60-48F3-B6B0-CF1862A5AD05}.AppStore|iPhone.Deploy.0 = Release|Any CPU
		{059CB07E-0F60-48F3-B6B0-CF1862A5AD05}.AppStore|iPhoneSimulator.ActiveCfg = Release|Any CPU
		{059CB07E-0F60-48F3-B6B0-CF1862A5AD05}.AppStore|iPhoneSimulator.Build.0 = Release|Any CPU
		{059CB07E-0F60-48F3-B6B0-CF1862A5AD05}.AppStore|iPhoneSimulator.Deploy.0 = Release|Any CPU
		{059CB07E-0F60-48F3-B6B0-CF1862A5AD05}.AppStore|x64.ActiveCfg = Release|Any CPU
		{059CB07E-0F60-48F3-B6B0-CF1862A5AD05}.AppStore|x64.Build.0 = Release|Any CPU
		{059CB07E-0F60-48F3-B6B0-CF1862A5AD05}.AppStore|x64.Deploy.0 = Release|Any CPU
		{059CB07E-0F60-48F3-B6B0-CF1862A5AD05}.AppStore|x86.ActiveCfg = Release|Any CPU
		{059CB07E-0F60-48F3-B6B0-CF1862A5AD05}.AppStore|x86.Build.0 = Release|Any CPU
		{059CB07E-0F60-48F3-B6B0-CF1862A5AD05}.AppStore|x86.Deploy.0 = Release|Any CPU
		{059CB07E-0F60-48F3-B6B0-CF1862A5AD05}.Debug|Any CPU.ActiveCfg = Debug|Any CPU
		{059CB07E-0F60-48F3-B6B0-CF1862A5AD05}.Debug|Any CPU.Build.0 = Debug|Any CPU
		{059CB07E-0F60-48F3-B6B0-CF1862A5AD05}.Debug|Any CPU.Deploy.0 = Debug|Any CPU
		{059CB07E-0F60-48F3-B6B0-CF1862A5AD05}.Debug|ARM.ActiveCfg = Debug|Any CPU
		{059CB07E-0F60-48F3-B6B0-CF1862A5AD05}.Debug|ARM.Build.0 = Debug|Any CPU
		{059CB07E-0F60-48F3-B6B0-CF1862A5AD05}.Debug|ARM.Deploy.0 = Debug|Any CPU
		{059CB07E-0F60-48F3-B6B0-CF1862A5AD05}.Debug|iPhone.ActiveCfg = Debug|Any CPU
		{059CB07E-0F60-48F3-B6B0-CF1862A5AD05}.Debug|iPhone.Build.0 = Debug|Any CPU
		{059CB07E-0F60-48F3-B6B0-CF1862A5AD05}.Debug|iPhone.Deploy.0 = Debug|Any CPU
		{059CB07E-0F60-48F3-B6B0-CF1862A5AD05}.Debug|iPhoneSimulator.ActiveCfg = Debug|Any CPU
		{059CB07E-0F60-48F3-B6B0-CF1862A5AD05}.Debug|iPhoneSimulator.Build.0 = Debug|Any CPU
		{059CB07E-0F60-48F3-B6B0-CF1862A5AD05}.Debug|iPhoneSimulator.Deploy.0 = Debug|Any CPU
		{059CB07E-0F60-48F3-B6B0-CF1862A5AD05}.Debug|x64.ActiveCfg = Debug|Any CPU
		{059CB07E-0F60-48F3-B6B0-CF1862A5AD05}.Debug|x64.Build.0 = Debug|Any CPU
		{059CB07E-0F60-48F3-B6B0-CF1862A5AD05}.Debug|x64.Deploy.0 = Debug|Any CPU
		{059CB07E-0F60-48F3-B6B0-CF1862A5AD05}.Debug|x86.ActiveCfg = Debug|Any CPU
		{059CB07E-0F60-48F3-B6B0-CF1862A5AD05}.Debug|x86.Build.0 = Debug|Any CPU
		{059CB07E-0F60-48F3-B6B0-CF1862A5AD05}.Debug|x86.Deploy.0 = Debug|Any CPU
		{059CB07E-0F60-48F3-B6B0-CF1862A5AD05}.Release|Any CPU.ActiveCfg = Release|Any CPU
		{059CB07E-0F60-48F3-B6B0-CF1862A5AD05}.Release|Any CPU.Build.0 = Release|Any CPU
		{059CB07E-0F60-48F3-B6B0-CF1862A5AD05}.Release|Any CPU.Deploy.0 = Release|Any CPU
		{059CB07E-0F60-48F3-B6B0-CF1862A5AD05}.Release|ARM.ActiveCfg = Release|Any CPU
		{059CB07E-0F60-48F3-B6B0-CF1862A5AD05}.Release|ARM.Build.0 = Release|Any CPU
		{059CB07E-0F60-48F3-B6B0-CF1862A5AD05}.Release|ARM.Deploy.0 = Release|Any CPU
		{059CB07E-0F60-48F3-B6B0-CF1862A5AD05}.Release|iPhone.ActiveCfg = Release|Any CPU
		{059CB07E-0F60-48F3-B6B0-CF1862A5AD05}.Release|iPhone.Build.0 = Release|Any CPU
		{059CB07E-0F60-48F3-B6B0-CF1862A5AD05}.Release|iPhone.Deploy.0 = Release|Any CPU
		{059CB07E-0F60-48F3-B6B0-CF1862A5AD05}.Release|iPhoneSimulator.ActiveCfg = Release|Any CPU
		{059CB07E-0F60-48F3-B6B0-CF1862A5AD05}.Release|iPhoneSimulator.Build.0 = Release|Any CPU
		{059CB07E-0F60-48F3-B6B0-CF1862A5AD05}.Release|iPhoneSimulator.Deploy.0 = Release|Any CPU
		{059CB07E-0F60-48F3-B6B0-CF1862A5AD05}.Release|x64.ActiveCfg = Release|Any CPU
		{059CB07E-0F60-48F3-B6B0-CF1862A5AD05}.Release|x64.Build.0 = Release|Any CPU
		{059CB07E-0F60-48F3-B6B0-CF1862A5AD05}.Release|x64.Deploy.0 = Release|Any CPU
		{059CB07E-0F60-48F3-B6B0-CF1862A5AD05}.Release|x86.ActiveCfg = Release|Any CPU
		{059CB07E-0F60-48F3-B6B0-CF1862A5AD05}.Release|x86.Build.0 = Release|Any CPU
		{059CB07E-0F60-48F3-B6B0-CF1862A5AD05}.Release|x86.Deploy.0 = Release|Any CPU
		{2E9411CF-1D34-42D8-9339-1883959D7E40}.Ad-Hoc|Any CPU.ActiveCfg = Ad-Hoc|iPhone
		{2E9411CF-1D34-42D8-9339-1883959D7E40}.Ad-Hoc|ARM.ActiveCfg = Ad-Hoc|iPhone
		{2E9411CF-1D34-42D8-9339-1883959D7E40}.Ad-Hoc|iPhone.ActiveCfg = Ad-Hoc|iPhone
		{2E9411CF-1D34-42D8-9339-1883959D7E40}.Ad-Hoc|iPhone.Build.0 = Ad-Hoc|iPhone
		{2E9411CF-1D34-42D8-9339-1883959D7E40}.Ad-Hoc|iPhoneSimulator.ActiveCfg = Ad-Hoc|iPhoneSimulator
		{2E9411CF-1D34-42D8-9339-1883959D7E40}.Ad-Hoc|iPhoneSimulator.Build.0 = Ad-Hoc|iPhoneSimulator
		{2E9411CF-1D34-42D8-9339-1883959D7E40}.Ad-Hoc|x64.ActiveCfg = Ad-Hoc|iPhone
		{2E9411CF-1D34-42D8-9339-1883959D7E40}.Ad-Hoc|x86.ActiveCfg = Ad-Hoc|iPhone
		{2E9411CF-1D34-42D8-9339-1883959D7E40}.AppStore|Any CPU.ActiveCfg = AppStore|iPhone
		{2E9411CF-1D34-42D8-9339-1883959D7E40}.AppStore|ARM.ActiveCfg = AppStore|iPhone
		{2E9411CF-1D34-42D8-9339-1883959D7E40}.AppStore|iPhone.ActiveCfg = AppStore|iPhone
		{2E9411CF-1D34-42D8-9339-1883959D7E40}.AppStore|iPhone.Build.0 = AppStore|iPhone
		{2E9411CF-1D34-42D8-9339-1883959D7E40}.AppStore|iPhoneSimulator.ActiveCfg = AppStore|iPhoneSimulator
		{2E9411CF-1D34-42D8-9339-1883959D7E40}.AppStore|iPhoneSimulator.Build.0 = AppStore|iPhoneSimulator
		{2E9411CF-1D34-42D8-9339-1883959D7E40}.AppStore|x64.ActiveCfg = AppStore|iPhone
		{2E9411CF-1D34-42D8-9339-1883959D7E40}.AppStore|x86.ActiveCfg = AppStore|iPhone
		{2E9411CF-1D34-42D8-9339-1883959D7E40}.Debug|Any CPU.ActiveCfg = Debug|iPhone
		{2E9411CF-1D34-42D8-9339-1883959D7E40}.Debug|ARM.ActiveCfg = Debug|iPhone
		{2E9411CF-1D34-42D8-9339-1883959D7E40}.Debug|iPhone.ActiveCfg = Debug|iPhone
		{2E9411CF-1D34-42D8-9339-1883959D7E40}.Debug|iPhone.Build.0 = Debug|iPhone
		{2E9411CF-1D34-42D8-9339-1883959D7E40}.Debug|iPhoneSimulator.ActiveCfg = Debug|iPhoneSimulator
		{2E9411CF-1D34-42D8-9339-1883959D7E40}.Debug|iPhoneSimulator.Build.0 = Debug|iPhoneSimulator
		{2E9411CF-1D34-42D8-9339-1883959D7E40}.Debug|x64.ActiveCfg = Debug|iPhone
		{2E9411CF-1D34-42D8-9339-1883959D7E40}.Debug|x86.ActiveCfg = Debug|iPhone
		{2E9411CF-1D34-42D8-9339-1883959D7E40}.Release|Any CPU.ActiveCfg = Release|iPhone
		{2E9411CF-1D34-42D8-9339-1883959D7E40}.Release|ARM.ActiveCfg = Release|iPhone
		{2E9411CF-1D34-42D8-9339-1883959D7E40}.Release|iPhone.ActiveCfg = Release|iPhone
		{2E9411CF-1D34-42D8-9339-1883959D7E40}.Release|iPhone.Build.0 = Release|iPhone
		{2E9411CF-1D34-42D8-9339-1883959D7E40}.Release|iPhoneSimulator.ActiveCfg = Release|iPhoneSimulator
		{2E9411CF-1D34-42D8-9339-1883959D7E40}.Release|iPhoneSimulator.Build.0 = Release|iPhoneSimulator
		{2E9411CF-1D34-42D8-9339-1883959D7E40}.Release|x64.ActiveCfg = Release|iPhone
		{2E9411CF-1D34-42D8-9339-1883959D7E40}.Release|x86.ActiveCfg = Release|iPhone
		{D8736811-5D21-4BE3-A60A-07550CF9D4FD}.Ad-Hoc|Any CPU.ActiveCfg = Release|x86
		{D8736811-5D21-4BE3-A60A-07550CF9D4FD}.Ad-Hoc|Any CPU.Build.0 = Release|x86
		{D8736811-5D21-4BE3-A60A-07550CF9D4FD}.Ad-Hoc|Any CPU.Deploy.0 = Release|x86
		{D8736811-5D21-4BE3-A60A-07550CF9D4FD}.Ad-Hoc|ARM.ActiveCfg = Release|ARM
		{D8736811-5D21-4BE3-A60A-07550CF9D4FD}.Ad-Hoc|ARM.Build.0 = Release|ARM
		{D8736811-5D21-4BE3-A60A-07550CF9D4FD}.Ad-Hoc|ARM.Deploy.0 = Release|ARM
		{D8736811-5D21-4BE3-A60A-07550CF9D4FD}.Ad-Hoc|iPhone.ActiveCfg = Release|x86
		{D8736811-5D21-4BE3-A60A-07550CF9D4FD}.Ad-Hoc|iPhone.Build.0 = Release|x86
		{D8736811-5D21-4BE3-A60A-07550CF9D4FD}.Ad-Hoc|iPhone.Deploy.0 = Release|x86
		{D8736811-5D21-4BE3-A60A-07550CF9D4FD}.Ad-Hoc|iPhoneSimulator.ActiveCfg = Release|x86
		{D8736811-5D21-4BE3-A60A-07550CF9D4FD}.Ad-Hoc|iPhoneSimulator.Build.0 = Release|x86
		{D8736811-5D21-4BE3-A60A-07550CF9D4FD}.Ad-Hoc|iPhoneSimulator.Deploy.0 = Release|x86
		{D8736811-5D21-4BE3-A60A-07550CF9D4FD}.Ad-Hoc|x64.ActiveCfg = Release|x64
		{D8736811-5D21-4BE3-A60A-07550CF9D4FD}.Ad-Hoc|x64.Build.0 = Release|x64
		{D8736811-5D21-4BE3-A60A-07550CF9D4FD}.Ad-Hoc|x64.Deploy.0 = Release|x64
		{D8736811-5D21-4BE3-A60A-07550CF9D4FD}.Ad-Hoc|x86.ActiveCfg = Release|x86
		{D8736811-5D21-4BE3-A60A-07550CF9D4FD}.Ad-Hoc|x86.Build.0 = Release|x86
		{D8736811-5D21-4BE3-A60A-07550CF9D4FD}.Ad-Hoc|x86.Deploy.0 = Release|x86
		{D8736811-5D21-4BE3-A60A-07550CF9D4FD}.AppStore|Any CPU.ActiveCfg = Release|x86
		{D8736811-5D21-4BE3-A60A-07550CF9D4FD}.AppStore|Any CPU.Build.0 = Release|x86
		{D8736811-5D21-4BE3-A60A-07550CF9D4FD}.AppStore|Any CPU.Deploy.0 = Release|x86
		{D8736811-5D21-4BE3-A60A-07550CF9D4FD}.AppStore|ARM.ActiveCfg = Release|ARM
		{D8736811-5D21-4BE3-A60A-07550CF9D4FD}.AppStore|ARM.Build.0 = Release|ARM
		{D8736811-5D21-4BE3-A60A-07550CF9D4FD}.AppStore|ARM.Deploy.0 = Release|ARM
		{D8736811-5D21-4BE3-A60A-07550CF9D4FD}.AppStore|iPhone.ActiveCfg = Release|x86
		{D8736811-5D21-4BE3-A60A-07550CF9D4FD}.AppStore|iPhone.Build.0 = Release|x86
		{D8736811-5D21-4BE3-A60A-07550CF9D4FD}.AppStore|iPhone.Deploy.0 = Release|x86
		{D8736811-5D21-4BE3-A60A-07550CF9D4FD}.AppStore|iPhoneSimulator.ActiveCfg = Release|x86
		{D8736811-5D21-4BE3-A60A-07550CF9D4FD}.AppStore|iPhoneSimulator.Build.0 = Release|x86
		{D8736811-5D21-4BE3-A60A-07550CF9D4FD}.AppStore|iPhoneSimulator.Deploy.0 = Release|x86
		{D8736811-5D21-4BE3-A60A-07550CF9D4FD}.AppStore|x64.ActiveCfg = Release|x64
		{D8736811-5D21-4BE3-A60A-07550CF9D4FD}.AppStore|x64.Build.0 = Release|x64
		{D8736811-5D21-4BE3-A60A-07550CF9D4FD}.AppStore|x64.Deploy.0 = Release|x64
		{D8736811-5D21-4BE3-A60A-07550CF9D4FD}.AppStore|x86.ActiveCfg = Release|x86
		{D8736811-5D21-4BE3-A60A-07550CF9D4FD}.AppStore|x86.Build.0 = Release|x86
		{D8736811-5D21-4BE3-A60A-07550CF9D4FD}.AppStore|x86.Deploy.0 = Release|x86
		{D8736811-5D21-4BE3-A60A-07550CF9D4FD}.Debug|Any CPU.ActiveCfg = Debug|x86
		{D8736811-5D21-4BE3-A60A-07550CF9D4FD}.Debug|ARM.ActiveCfg = Debug|ARM
		{D8736811-5D21-4BE3-A60A-07550CF9D4FD}.Debug|ARM.Build.0 = Debug|ARM
		{D8736811-5D21-4BE3-A60A-07550CF9D4FD}.Debug|ARM.Deploy.0 = Debug|ARM
		{D8736811-5D21-4BE3-A60A-07550CF9D4FD}.Debug|iPhone.ActiveCfg = Debug|x86
		{D8736811-5D21-4BE3-A60A-07550CF9D4FD}.Debug|iPhoneSimulator.ActiveCfg = Debug|x86
		{D8736811-5D21-4BE3-A60A-07550CF9D4FD}.Debug|x64.ActiveCfg = Debug|x64
		{D8736811-5D21-4BE3-A60A-07550CF9D4FD}.Debug|x64.Build.0 = Debug|x64
		{D8736811-5D21-4BE3-A60A-07550CF9D4FD}.Debug|x64.Deploy.0 = Debug|x64
		{D8736811-5D21-4BE3-A60A-07550CF9D4FD}.Debug|x86.ActiveCfg = Debug|x86
		{D8736811-5D21-4BE3-A60A-07550CF9D4FD}.Debug|x86.Build.0 = Debug|x86
		{D8736811-5D21-4BE3-A60A-07550CF9D4FD}.Debug|x86.Deploy.0 = Debug|x86
		{D8736811-5D21-4BE3-A60A-07550CF9D4FD}.Release|Any CPU.ActiveCfg = Release|x86
		{D8736811-5D21-4BE3-A60A-07550CF9D4FD}.Release|ARM.ActiveCfg = Release|ARM
		{D8736811-5D21-4BE3-A60A-07550CF9D4FD}.Release|ARM.Build.0 = Release|ARM
		{D8736811-5D21-4BE3-A60A-07550CF9D4FD}.Release|ARM.Deploy.0 = Release|ARM
		{D8736811-5D21-4BE3-A60A-07550CF9D4FD}.Release|iPhone.ActiveCfg = Release|x86
		{D8736811-5D21-4BE3-A60A-07550CF9D4FD}.Release|iPhoneSimulator.ActiveCfg = Release|x86
		{D8736811-5D21-4BE3-A60A-07550CF9D4FD}.Release|x64.ActiveCfg = Release|x64
		{D8736811-5D21-4BE3-A60A-07550CF9D4FD}.Release|x64.Build.0 = Release|x64
		{D8736811-5D21-4BE3-A60A-07550CF9D4FD}.Release|x64.Deploy.0 = Release|x64
		{D8736811-5D21-4BE3-A60A-07550CF9D4FD}.Release|x86.ActiveCfg = Release|x86
		{D8736811-5D21-4BE3-A60A-07550CF9D4FD}.Release|x86.Build.0 = Release|x86
		{D8736811-5D21-4BE3-A60A-07550CF9D4FD}.Release|x86.Deploy.0 = Release|x86
		{8A4A2CC6-4D48-41D5-B12E-0205CB8EEDD8}.Ad-Hoc|Any CPU.ActiveCfg = Debug|Any CPU
		{8A4A2CC6-4D48-41D5-B12E-0205CB8EEDD8}.Ad-Hoc|Any CPU.Build.0 = Debug|Any CPU
		{8A4A2CC6-4D48-41D5-B12E-0205CB8EEDD8}.Ad-Hoc|ARM.ActiveCfg = Debug|Any CPU
		{8A4A2CC6-4D48-41D5-B12E-0205CB8EEDD8}.Ad-Hoc|ARM.Build.0 = Debug|Any CPU
		{8A4A2CC6-4D48-41D5-B12E-0205CB8EEDD8}.Ad-Hoc|iPhone.ActiveCfg = Debug|Any CPU
		{8A4A2CC6-4D48-41D5-B12E-0205CB8EEDD8}.Ad-Hoc|iPhone.Build.0 = Debug|Any CPU
		{8A4A2CC6-4D48-41D5-B12E-0205CB8EEDD8}.Ad-Hoc|iPhoneSimulator.ActiveCfg = Debug|Any CPU
		{8A4A2CC6-4D48-41D5-B12E-0205CB8EEDD8}.Ad-Hoc|iPhoneSimulator.Build.0 = Debug|Any CPU
		{8A4A2CC6-4D48-41D5-B12E-0205CB8EEDD8}.Ad-Hoc|x64.ActiveCfg = Debug|Any CPU
		{8A4A2CC6-4D48-41D5-B12E-0205CB8EEDD8}.Ad-Hoc|x64.Build.0 = Debug|Any CPU
		{8A4A2CC6-4D48-41D5-B12E-0205CB8EEDD8}.Ad-Hoc|x86.ActiveCfg = Debug|Any CPU
		{8A4A2CC6-4D48-41D5-B12E-0205CB8EEDD8}.Ad-Hoc|x86.Build.0 = Debug|Any CPU
		{8A4A2CC6-4D48-41D5-B12E-0205CB8EEDD8}.AppStore|Any CPU.ActiveCfg = Debug|Any CPU
		{8A4A2CC6-4D48-41D5-B12E-0205CB8EEDD8}.AppStore|Any CPU.Build.0 = Debug|Any CPU
		{8A4A2CC6-4D48-41D5-B12E-0205CB8EEDD8}.AppStore|ARM.ActiveCfg = Debug|Any CPU
		{8A4A2CC6-4D48-41D5-B12E-0205CB8EEDD8}.AppStore|ARM.Build.0 = Debug|Any CPU
		{8A4A2CC6-4D48-41D5-B12E-0205CB8EEDD8}.AppStore|iPhone.ActiveCfg = Debug|Any CPU
		{8A4A2CC6-4D48-41D5-B12E-0205CB8EEDD8}.AppStore|iPhone.Build.0 = Debug|Any CPU
		{8A4A2CC6-4D48-41D5-B12E-0205CB8EEDD8}.AppStore|iPhoneSimulator.ActiveCfg = Debug|Any CPU
		{8A4A2CC6-4D48-41D5-B12E-0205CB8EEDD8}.AppStore|iPhoneSimulator.Build.0 = Debug|Any CPU
		{8A4A2CC6-4D48-41D5-B12E-0205CB8EEDD8}.AppStore|x64.ActiveCfg = Debug|Any CPU
		{8A4A2CC6-4D48-41D5-B12E-0205CB8EEDD8}.AppStore|x64.Build.0 = Debug|Any CPU
		{8A4A2CC6-4D48-41D5-B12E-0205CB8EEDD8}.AppStore|x86.ActiveCfg = Debug|Any CPU
		{8A4A2CC6-4D48-41D5-B12E-0205CB8EEDD8}.AppStore|x86.Build.0 = Debug|Any CPU
		{8A4A2CC6-4D48-41D5-B12E-0205CB8EEDD8}.Debug|Any CPU.ActiveCfg = Debug|Any CPU
		{8A4A2CC6-4D48-41D5-B12E-0205CB8EEDD8}.Debug|Any CPU.Build.0 = Debug|Any CPU
		{8A4A2CC6-4D48-41D5-B12E-0205CB8EEDD8}.Debug|ARM.ActiveCfg = Debug|Any CPU
		{8A4A2CC6-4D48-41D5-B12E-0205CB8EEDD8}.Debug|ARM.Build.0 = Debug|Any CPU
		{8A4A2CC6-4D48-41D5-B12E-0205CB8EEDD8}.Debug|iPhone.ActiveCfg = Debug|Any CPU
		{8A4A2CC6-4D48-41D5-B12E-0205CB8EEDD8}.Debug|iPhone.Build.0 = Debug|Any CPU
		{8A4A2CC6-4D48-41D5-B12E-0205CB8EEDD8}.Debug|iPhoneSimulator.ActiveCfg = Debug|Any CPU
		{8A4A2CC6-4D48-41D5-B12E-0205CB8EEDD8}.Debug|iPhoneSimulator.Build.0 = Debug|Any CPU
		{8A4A2CC6-4D48-41D5-B12E-0205CB8EEDD8}.Debug|x64.ActiveCfg = Debug|Any CPU
		{8A4A2CC6-4D48-41D5-B12E-0205CB8EEDD8}.Debug|x64.Build.0 = Debug|Any CPU
		{8A4A2CC6-4D48-41D5-B12E-0205CB8EEDD8}.Debug|x86.ActiveCfg = Debug|Any CPU
		{8A4A2CC6-4D48-41D5-B12E-0205CB8EEDD8}.Debug|x86.Build.0 = Debug|Any CPU
		{8A4A2CC6-4D48-41D5-B12E-0205CB8EEDD8}.Release|Any CPU.ActiveCfg = Release|Any CPU
		{8A4A2CC6-4D48-41D5-B12E-0205CB8EEDD8}.Release|Any CPU.Build.0 = Release|Any CPU
		{8A4A2CC6-4D48-41D5-B12E-0205CB8EEDD8}.Release|ARM.ActiveCfg = Release|Any CPU
		{8A4A2CC6-4D48-41D5-B12E-0205CB8EEDD8}.Release|ARM.Build.0 = Release|Any CPU
		{8A4A2CC6-4D48-41D5-B12E-0205CB8EEDD8}.Release|iPhone.ActiveCfg = Release|Any CPU
		{8A4A2CC6-4D48-41D5-B12E-0205CB8EEDD8}.Release|iPhone.Build.0 = Release|Any CPU
		{8A4A2CC6-4D48-41D5-B12E-0205CB8EEDD8}.Release|iPhoneSimulator.ActiveCfg = Release|Any CPU
		{8A4A2CC6-4D48-41D5-B12E-0205CB8EEDD8}.Release|iPhoneSimulator.Build.0 = Release|Any CPU
		{8A4A2CC6-4D48-41D5-B12E-0205CB8EEDD8}.Release|x64.ActiveCfg = Release|Any CPU
		{8A4A2CC6-4D48-41D5-B12E-0205CB8EEDD8}.Release|x64.Build.0 = Release|Any CPU
		{8A4A2CC6-4D48-41D5-B12E-0205CB8EEDD8}.Release|x86.ActiveCfg = Release|Any CPU
		{8A4A2CC6-4D48-41D5-B12E-0205CB8EEDD8}.Release|x86.Build.0 = Release|Any CPU
		{B49BAF64-3B4D-4A87-A326-BA78C8ADF3D2}.Ad-Hoc|Any CPU.ActiveCfg = Debug|Any CPU
		{B49BAF64-3B4D-4A87-A326-BA78C8ADF3D2}.Ad-Hoc|Any CPU.Build.0 = Debug|Any CPU
		{B49BAF64-3B4D-4A87-A326-BA78C8ADF3D2}.Ad-Hoc|ARM.ActiveCfg = Debug|Any CPU
		{B49BAF64-3B4D-4A87-A326-BA78C8ADF3D2}.Ad-Hoc|ARM.Build.0 = Debug|Any CPU
		{B49BAF64-3B4D-4A87-A326-BA78C8ADF3D2}.Ad-Hoc|iPhone.ActiveCfg = Debug|Any CPU
		{B49BAF64-3B4D-4A87-A326-BA78C8ADF3D2}.Ad-Hoc|iPhone.Build.0 = Debug|Any CPU
		{B49BAF64-3B4D-4A87-A326-BA78C8ADF3D2}.Ad-Hoc|iPhoneSimulator.ActiveCfg = Debug|Any CPU
		{B49BAF64-3B4D-4A87-A326-BA78C8ADF3D2}.Ad-Hoc|iPhoneSimulator.Build.0 = Debug|Any CPU
		{B49BAF64-3B4D-4A87-A326-BA78C8ADF3D2}.Ad-Hoc|x64.ActiveCfg = Debug|Any CPU
		{B49BAF64-3B4D-4A87-A326-BA78C8ADF3D2}.Ad-Hoc|x64.Build.0 = Debug|Any CPU
		{B49BAF64-3B4D-4A87-A326-BA78C8ADF3D2}.Ad-Hoc|x86.ActiveCfg = Debug|Any CPU
		{B49BAF64-3B4D-4A87-A326-BA78C8ADF3D2}.Ad-Hoc|x86.Build.0 = Debug|Any CPU
		{B49BAF64-3B4D-4A87-A326-BA78C8ADF3D2}.AppStore|Any CPU.ActiveCfg = Debug|Any CPU
		{B49BAF64-3B4D-4A87-A326-BA78C8ADF3D2}.AppStore|Any CPU.Build.0 = Debug|Any CPU
		{B49BAF64-3B4D-4A87-A326-BA78C8ADF3D2}.AppStore|ARM.ActiveCfg = Debug|Any CPU
		{B49BAF64-3B4D-4A87-A326-BA78C8ADF3D2}.AppStore|ARM.Build.0 = Debug|Any CPU
		{B49BAF64-3B4D-4A87-A326-BA78C8ADF3D2}.AppStore|iPhone.ActiveCfg = Debug|Any CPU
		{B49BAF64-3B4D-4A87-A326-BA78C8ADF3D2}.AppStore|iPhone.Build.0 = Debug|Any CPU
		{B49BAF64-3B4D-4A87-A326-BA78C8ADF3D2}.AppStore|iPhoneSimulator.ActiveCfg = Debug|Any CPU
		{B49BAF64-3B4D-4A87-A326-BA78C8ADF3D2}.AppStore|iPhoneSimulator.Build.0 = Debug|Any CPU
		{B49BAF64-3B4D-4A87-A326-BA78C8ADF3D2}.AppStore|x64.ActiveCfg = Debug|Any CPU
		{B49BAF64-3B4D-4A87-A326-BA78C8ADF3D2}.AppStore|x64.Build.0 = Debug|Any CPU
		{B49BAF64-3B4D-4A87-A326-BA78C8ADF3D2}.AppStore|x86.ActiveCfg = Debug|Any CPU
		{B49BAF64-3B4D-4A87-A326-BA78C8ADF3D2}.AppStore|x86.Build.0 = Debug|Any CPU
		{B49BAF64-3B4D-4A87-A326-BA78C8ADF3D2}.Debug|Any CPU.ActiveCfg = Debug|Any CPU
		{B49BAF64-3B4D-4A87-A326-BA78C8ADF3D2}.Debug|Any CPU.Build.0 = Debug|Any CPU
		{B49BAF64-3B4D-4A87-A326-BA78C8ADF3D2}.Debug|ARM.ActiveCfg = Debug|Any CPU
		{B49BAF64-3B4D-4A87-A326-BA78C8ADF3D2}.Debug|ARM.Build.0 = Debug|Any CPU
		{B49BAF64-3B4D-4A87-A326-BA78C8ADF3D2}.Debug|iPhone.ActiveCfg = Debug|Any CPU
		{B49BAF64-3B4D-4A87-A326-BA78C8ADF3D2}.Debug|iPhone.Build.0 = Debug|Any CPU
		{B49BAF64-3B4D-4A87-A326-BA78C8ADF3D2}.Debug|iPhoneSimulator.ActiveCfg = Debug|Any CPU
		{B49BAF64-3B4D-4A87-A326-BA78C8ADF3D2}.Debug|iPhoneSimulator.Build.0 = Debug|Any CPU
		{B49BAF64-3B4D-4A87-A326-BA78C8ADF3D2}.Debug|x64.ActiveCfg = Debug|Any CPU
		{B49BAF64-3B4D-4A87-A326-BA78C8ADF3D2}.Debug|x64.Build.0 = Debug|Any CPU
		{B49BAF64-3B4D-4A87-A326-BA78C8ADF3D2}.Debug|x86.ActiveCfg = Debug|Any CPU
		{B49BAF64-3B4D-4A87-A326-BA78C8ADF3D2}.Debug|x86.Build.0 = Debug|Any CPU
		{B49BAF64-3B4D-4A87-A326-BA78C8ADF3D2}.Release|Any CPU.ActiveCfg = Release|Any CPU
		{B49BAF64-3B4D-4A87-A326-BA78C8ADF3D2}.Release|Any CPU.Build.0 = Release|Any CPU
		{B49BAF64-3B4D-4A87-A326-BA78C8ADF3D2}.Release|ARM.ActiveCfg = Release|Any CPU
		{B49BAF64-3B4D-4A87-A326-BA78C8ADF3D2}.Release|ARM.Build.0 = Release|Any CPU
		{B49BAF64-3B4D-4A87-A326-BA78C8ADF3D2}.Release|iPhone.ActiveCfg = Release|Any CPU
		{B49BAF64-3B4D-4A87-A326-BA78C8ADF3D2}.Release|iPhone.Build.0 = Release|Any CPU
		{B49BAF64-3B4D-4A87-A326-BA78C8ADF3D2}.Release|iPhoneSimulator.ActiveCfg = Release|Any CPU
		{B49BAF64-3B4D-4A87-A326-BA78C8ADF3D2}.Release|iPhoneSimulator.Build.0 = Release|Any CPU
		{B49BAF64-3B4D-4A87-A326-BA78C8ADF3D2}.Release|x64.ActiveCfg = Release|Any CPU
		{B49BAF64-3B4D-4A87-A326-BA78C8ADF3D2}.Release|x64.Build.0 = Release|Any CPU
		{B49BAF64-3B4D-4A87-A326-BA78C8ADF3D2}.Release|x86.ActiveCfg = Release|Any CPU
		{B49BAF64-3B4D-4A87-A326-BA78C8ADF3D2}.Release|x86.Build.0 = Release|Any CPU
		{00E18231-67BC-45ED-8F7D-F6D2A9574CB6}.Ad-Hoc|Any CPU.ActiveCfg = Debug|Any CPU
		{00E18231-67BC-45ED-8F7D-F6D2A9574CB6}.Ad-Hoc|Any CPU.Build.0 = Debug|Any CPU
		{00E18231-67BC-45ED-8F7D-F6D2A9574CB6}.Ad-Hoc|ARM.ActiveCfg = Debug|Any CPU
		{00E18231-67BC-45ED-8F7D-F6D2A9574CB6}.Ad-Hoc|ARM.Build.0 = Debug|Any CPU
		{00E18231-67BC-45ED-8F7D-F6D2A9574CB6}.Ad-Hoc|iPhone.ActiveCfg = Debug|Any CPU
		{00E18231-67BC-45ED-8F7D-F6D2A9574CB6}.Ad-Hoc|iPhone.Build.0 = Debug|Any CPU
		{00E18231-67BC-45ED-8F7D-F6D2A9574CB6}.Ad-Hoc|iPhoneSimulator.ActiveCfg = Debug|Any CPU
		{00E18231-67BC-45ED-8F7D-F6D2A9574CB6}.Ad-Hoc|iPhoneSimulator.Build.0 = Debug|Any CPU
		{00E18231-67BC-45ED-8F7D-F6D2A9574CB6}.Ad-Hoc|x64.ActiveCfg = Debug|Any CPU
		{00E18231-67BC-45ED-8F7D-F6D2A9574CB6}.Ad-Hoc|x64.Build.0 = Debug|Any CPU
		{00E18231-67BC-45ED-8F7D-F6D2A9574CB6}.Ad-Hoc|x86.ActiveCfg = Debug|Any CPU
		{00E18231-67BC-45ED-8F7D-F6D2A9574CB6}.Ad-Hoc|x86.Build.0 = Debug|Any CPU
		{00E18231-67BC-45ED-8F7D-F6D2A9574CB6}.AppStore|Any CPU.ActiveCfg = Debug|Any CPU
		{00E18231-67BC-45ED-8F7D-F6D2A9574CB6}.AppStore|Any CPU.Build.0 = Debug|Any CPU
		{00E18231-67BC-45ED-8F7D-F6D2A9574CB6}.AppStore|ARM.ActiveCfg = Debug|Any CPU
		{00E18231-67BC-45ED-8F7D-F6D2A9574CB6}.AppStore|ARM.Build.0 = Debug|Any CPU
		{00E18231-67BC-45ED-8F7D-F6D2A9574CB6}.AppStore|iPhone.ActiveCfg = Debug|Any CPU
		{00E18231-67BC-45ED-8F7D-F6D2A9574CB6}.AppStore|iPhone.Build.0 = Debug|Any CPU
		{00E18231-67BC-45ED-8F7D-F6D2A9574CB6}.AppStore|iPhoneSimulator.ActiveCfg = Debug|Any CPU
		{00E18231-67BC-45ED-8F7D-F6D2A9574CB6}.AppStore|iPhoneSimulator.Build.0 = Debug|Any CPU
		{00E18231-67BC-45ED-8F7D-F6D2A9574CB6}.AppStore|x64.ActiveCfg = Debug|Any CPU
		{00E18231-67BC-45ED-8F7D-F6D2A9574CB6}.AppStore|x64.Build.0 = Debug|Any CPU
		{00E18231-67BC-45ED-8F7D-F6D2A9574CB6}.AppStore|x86.ActiveCfg = Debug|Any CPU
		{00E18231-67BC-45ED-8F7D-F6D2A9574CB6}.AppStore|x86.Build.0 = Debug|Any CPU
		{00E18231-67BC-45ED-8F7D-F6D2A9574CB6}.Debug|Any CPU.ActiveCfg = Debug|Any CPU
		{00E18231-67BC-45ED-8F7D-F6D2A9574CB6}.Debug|Any CPU.Build.0 = Debug|Any CPU
		{00E18231-67BC-45ED-8F7D-F6D2A9574CB6}.Debug|ARM.ActiveCfg = Debug|Any CPU
		{00E18231-67BC-45ED-8F7D-F6D2A9574CB6}.Debug|ARM.Build.0 = Debug|Any CPU
		{00E18231-67BC-45ED-8F7D-F6D2A9574CB6}.Debug|iPhone.ActiveCfg = Debug|Any CPU
		{00E18231-67BC-45ED-8F7D-F6D2A9574CB6}.Debug|iPhone.Build.0 = Debug|Any CPU
		{00E18231-67BC-45ED-8F7D-F6D2A9574CB6}.Debug|iPhoneSimulator.ActiveCfg = Debug|Any CPU
		{00E18231-67BC-45ED-8F7D-F6D2A9574CB6}.Debug|iPhoneSimulator.Build.0 = Debug|Any CPU
		{00E18231-67BC-45ED-8F7D-F6D2A9574CB6}.Debug|x64.ActiveCfg = Debug|Any CPU
		{00E18231-67BC-45ED-8F7D-F6D2A9574CB6}.Debug|x64.Build.0 = Debug|Any CPU
		{00E18231-67BC-45ED-8F7D-F6D2A9574CB6}.Debug|x86.ActiveCfg = Debug|Any CPU
		{00E18231-67BC-45ED-8F7D-F6D2A9574CB6}.Debug|x86.Build.0 = Debug|Any CPU
		{00E18231-67BC-45ED-8F7D-F6D2A9574CB6}.Release|Any CPU.ActiveCfg = Release|Any CPU
		{00E18231-67BC-45ED-8F7D-F6D2A9574CB6}.Release|Any CPU.Build.0 = Release|Any CPU
		{00E18231-67BC-45ED-8F7D-F6D2A9574CB6}.Release|ARM.ActiveCfg = Release|Any CPU
		{00E18231-67BC-45ED-8F7D-F6D2A9574CB6}.Release|ARM.Build.0 = Release|Any CPU
		{00E18231-67BC-45ED-8F7D-F6D2A9574CB6}.Release|iPhone.ActiveCfg = Release|Any CPU
		{00E18231-67BC-45ED-8F7D-F6D2A9574CB6}.Release|iPhone.Build.0 = Release|Any CPU
		{00E18231-67BC-45ED-8F7D-F6D2A9574CB6}.Release|iPhoneSimulator.ActiveCfg = Release|Any CPU
		{00E18231-67BC-45ED-8F7D-F6D2A9574CB6}.Release|iPhoneSimulator.Build.0 = Release|Any CPU
		{00E18231-67BC-45ED-8F7D-F6D2A9574CB6}.Release|x64.ActiveCfg = Release|Any CPU
		{00E18231-67BC-45ED-8F7D-F6D2A9574CB6}.Release|x64.Build.0 = Release|Any CPU
		{00E18231-67BC-45ED-8F7D-F6D2A9574CB6}.Release|x86.ActiveCfg = Release|Any CPU
		{00E18231-67BC-45ED-8F7D-F6D2A9574CB6}.Release|x86.Build.0 = Release|Any CPU
	EndGlobalSection
	GlobalSection(SolutionProperties) = preSolution
		HideSolutionNode = FALSE
	EndGlobalSection
	GlobalSection(NestedProjects) = preSolution
		{B49BAF64-3B4D-4A87-A326-BA78C8ADF3D2} = {31CB9887-815B-4216-A6BD-33040561E729}
		{00E18231-67BC-45ED-8F7D-F6D2A9574CB6} = {31CB9887-815B-4216-A6BD-33040561E729}
	EndGlobalSection
	GlobalSection(ExtensibilityGlobals) = postSolution
		SolutionGuid = {ACB46B6B-2738-4078-9EF8-05094DA89117}
	EndGlobalSection
EndGlobal
