
Microsoft Visual Studio Solution File, Format Version 12.00
# Visual Studio Version 16
VisualStudioVersion = 16.0.31105.61
MinimumVisualStudioVersion = 10.0.40219.1
Project("{FAE04EC0-301F-11D3-BF4B-00C04F79EFBC}") = "Example.FormsApp.Android", "Example.FormsApp\Example.FormsApp.Android\Example.FormsApp.Android.csproj", "{2F8E5314-13C2-4CA0-878C-BBE394E1AD9B}"
EndProject
Project("{FAE04EC0-301F-11D3-BF4B-00C04F79EFBC}") = "Example.FormsApp", "Example.FormsApp\Example.FormsApp\Example.FormsApp.csproj", "{65C4C6EE-F997-45F5-B065-BD8697D0FC95}"
EndProject
Global
	GlobalSection(SolutionConfigurationPlatforms) = preSolution
		Debug|Any CPU = Debug|Any CPU
		Release|Any CPU = Release|Any CPU
	EndGlobalSection
	GlobalSection(ProjectConfigurationPlatforms) = postSolution
		{2F8E5314-13C2-4CA0-878C-BBE394E1AD9B}.Debug|Any CPU.ActiveCfg = Debug|Any CPU
		{2F8E5314-13C2-4CA0-878C-BBE394E1AD9B}.Debug|Any CPU.Build.0 = Debug|Any CPU
		{2F8E5314-13C2-4CA0-878C-BBE394E1AD9B}.Debug|Any CPU.Deploy.0 = Debug|Any CPU
		{2F8E5314-13C2-4CA0-878C-BBE394E1AD9B}.Release|Any CPU.ActiveCfg = Release|Any CPU
		{2F8E5314-13C2-4CA0-878C-BBE394E1AD9B}.Release|Any CPU.Build.0 = Release|Any CPU
		{2F8E5314-13C2-4CA0-878C-BBE394E1AD9B}.Release|Any CPU.Deploy.0 = Release|Any CPU
		{65C4C6EE-F997-45F5-B065-BD8697D0FC95}.Debug|Any CPU.ActiveCfg = Debug|Any CPU
		{65C4C6EE-F997-45F5-B065-BD8697D0FC95}.Debug|Any CPU.Build.0 = Debug|Any CPU
		{65C4C6EE-F997-45F5-B065-BD8697D0FC95}.Debug|Any CPU.Deploy.0 = Debug|Any CPU
		{65C4C6EE-F997-45F5-B065-BD8697D0FC95}.Release|Any CPU.ActiveCfg = Release|Any CPU
		{65C4C6EE-F997-45F5-B065-BD8697D0FC95}.Release|Any CPU.Build.0 = Release|Any CPU
		{65C4C6EE-F997-45F5-B065-BD8697D0FC95}.Release|Any CPU.Deploy.0 = Release|Any CPU
	EndGlobalSection
	GlobalSection(SolutionProperties) = preSolution
		HideSolutionNode = FALSE
	EndGlobalSection
	GlobalSection(ExtensibilityGlobals) = postSolution
		SolutionGuid = {FA960F16-B1B6-4CE7-942D-DBB0B9BCC171}
	EndGlobalSection
EndGlobal
