
Microsoft Visual Studio Solution File, Format Version 12.00
# Visual Studio 15
VisualStudioVersion = 15.0.28307.438
MinimumVisualStudioVersion = 10.0.40219.1
Project("{FAE04EC0-301F-11D3-BF4B-00C04F79EFBC}") = "OverlayTest.Android", "OverlayTest\OverlayTest.Android\OverlayTest.Android.csproj", "{A7466499-2316-4B76-AB6A-800AB4A6B9B7}"
EndProject
Project("{FAE04EC0-301F-11D3-BF4B-00C04F79EFBC}") = "OverlayTest", "OverlayTest\OverlayTest\OverlayTest.csproj", "{96BC42DE-7BC2-4A9C-82BE-6B67DC3A2C3D}"
EndProject
Global
	GlobalSection(SolutionConfigurationPlatforms) = preSolution
		Debug|Any CPU = Debug|Any CPU
		Release|Any CPU = Release|Any CPU
	EndGlobalSection
	GlobalSection(ProjectConfigurationPlatforms) = postSolution
		{A7466499-2316-4B76-AB6A-800AB4A6B9B7}.Debug|Any CPU.ActiveCfg = Debug|Any CPU
		{A7466499-2316-4B76-AB6A-800AB4A6B9B7}.Debug|Any CPU.Build.0 = Debug|Any CPU
		{A7466499-2316-4B76-AB6A-800AB4A6B9B7}.Debug|Any CPU.Deploy.0 = Debug|Any CPU
		{A7466499-2316-4B76-AB6A-800AB4A6B9B7}.Release|Any CPU.ActiveCfg = Release|Any CPU
		{A7466499-2316-4B76-AB6A-800AB4A6B9B7}.Release|Any CPU.Build.0 = Release|Any CPU
		{A7466499-2316-4B76-AB6A-800AB4A6B9B7}.Release|Any CPU.Deploy.0 = Release|Any CPU
		{96BC42DE-7BC2-4A9C-82BE-6B67DC3A2C3D}.Debug|Any CPU.ActiveCfg = Debug|Any CPU
		{96BC42DE-7BC2-4A9C-82BE-6B67DC3A2C3D}.Debug|Any CPU.Build.0 = Debug|Any CPU
		{96BC42DE-7BC2-4A9C-82BE-6B67DC3A2C3D}.Debug|Any CPU.Deploy.0 = Debug|Any CPU
		{96BC42DE-7BC2-4A9C-82BE-6B67DC3A2C3D}.Release|Any CPU.ActiveCfg = Release|Any CPU
		{96BC42DE-7BC2-4A9C-82BE-6B67DC3A2C3D}.Release|Any CPU.Build.0 = Release|Any CPU
		{96BC42DE-7BC2-4A9C-82BE-6B67DC3A2C3D}.Release|Any CPU.Deploy.0 = Release|Any CPU
	EndGlobalSection
	GlobalSection(SolutionProperties) = preSolution
		HideSolutionNode = FALSE
	EndGlobalSection
	GlobalSection(ExtensibilityGlobals) = postSolution
		SolutionGuid = {9D30C6A7-2450-43EB-85AC-9ED001DADC01}
	EndGlobalSection
EndGlobal
