
Microsoft Visual Studio Solution File, Format Version 12.00
# Visual Studio Version 16
VisualStudioVersion = 16.0.31105.61
MinimumVisualStudioVersion = 10.0.40219.1
Project("{FAE04EC0-301F-11D3-BF4B-00C04F79EFBC}") = "CalendarSample.Android", "CalendarSample\CalendarSample.Android\CalendarSample.Android.csproj", "{9EF3B444-B076-46C8-B4E6-8BBAACDCD117}"
EndProject
Project("{FAE04EC0-301F-11D3-BF4B-00C04F79EFBC}") = "CalendarSample", "CalendarSample\CalendarSample\CalendarSample.csproj", "{E24E16E7-DBF0-4335-9BDC-E6569E47FE40}"
EndProject
Global
	GlobalSection(SolutionConfigurationPlatforms) = preSolution
		Debug|Any CPU = Debug|Any CPU
		Release|Any CPU = Release|Any CPU
	EndGlobalSection
	GlobalSection(ProjectConfigurationPlatforms) = postSolution
		{9EF3B444-B076-46C8-B4E6-8BBAACDCD117}.Debug|Any CPU.ActiveCfg = Debug|Any CPU
		{9EF3B444-B076-46C8-B4E6-8BBAACDCD117}.Debug|Any CPU.Build.0 = Debug|Any CPU
		{9EF3B444-B076-46C8-B4E6-8BBAACDCD117}.Debug|Any CPU.Deploy.0 = Debug|Any CPU
		{9EF3B444-B076-46C8-B4E6-8BBAACDCD117}.Release|Any CPU.ActiveCfg = Release|Any CPU
		{9EF3B444-B076-46C8-B4E6-8BBAACDCD117}.Release|Any CPU.Build.0 = Release|Any CPU
		{9EF3B444-B076-46C8-B4E6-8BBAACDCD117}.Release|Any CPU.Deploy.0 = Release|Any CPU
		{E24E16E7-DBF0-4335-9BDC-E6569E47FE40}.Debug|Any CPU.ActiveCfg = Debug|Any CPU
		{E24E16E7-DBF0-4335-9BDC-E6569E47FE40}.Debug|Any CPU.Build.0 = Debug|Any CPU
		{E24E16E7-DBF0-4335-9BDC-E6569E47FE40}.Debug|Any CPU.Deploy.0 = Debug|Any CPU
		{E24E16E7-DBF0-4335-9BDC-E6569E47FE40}.Release|Any CPU.ActiveCfg = Release|Any CPU
		{E24E16E7-DBF0-4335-9BDC-E6569E47FE40}.Release|Any CPU.Build.0 = Release|Any CPU
		{E24E16E7-DBF0-4335-9BDC-E6569E47FE40}.Release|Any CPU.Deploy.0 = Release|Any CPU
	EndGlobalSection
	GlobalSection(SolutionProperties) = preSolution
		HideSolutionNode = FALSE
	EndGlobalSection
	GlobalSection(ExtensibilityGlobals) = postSolution
		SolutionGuid = {5265C612-7D82-462B-BDB7-DB4128069B45}
	EndGlobalSection
EndGlobal
