
Microsoft Visual Studio Solution File, Format Version 12.00
# Visual Studio 15
VisualStudioVersion = 15.0.26730.16
MinimumVisualStudioVersion = 10.0.40219.1
Project("{FAE04EC0-301F-11D3-BF4B-00C04F79EFBC}") = "Example.FormsApp.Android", "Example.FormsApp\Example.FormsApp.Android\Example.FormsApp.Android.csproj", "{CBE23585-42AB-4B72-A123-78500EB7D312}"
EndProject
Project("{FAE04EC0-301F-11D3-BF4B-00C04F79EFBC}") = "Example.FormsApp.iOS", "Example.FormsApp\Example.FormsApp.iOS\Example.FormsApp.iOS.csproj", "{F043E254-3100-4D17-B2F9-378D6FA87356}"
EndProject
Project("{2150E333-8FDC-42A3-9474-1A3956D46DE8}") = "Solution Items", "Solution Items", "{9487D18C-26C1-4234-99C6-A3AE447470D7}"
	ProjectSection(SolutionItems) = preProject
		.gitattributes = .gitattributes
		.gitignore = .gitignore
		README.md = README.md
	EndProjectSection
EndProject
Project("{9A19103F-16F7-4668-BE54-9A1E7A4F7556}") = "Example.FormsApp", "Example.FormsApp\Example.FormsApp\Example.FormsApp.csproj", "{BD006339-3B7F-4071-B72E-8F093BDA7E28}"
EndProject
Global
	GlobalSection(SolutionConfigurationPlatforms) = preSolution
		Ad-Hoc|Any CPU = Ad-Hoc|Any CPU
		Ad-Hoc|iPhone = Ad-Hoc|iPhone
		Ad-Hoc|iPhoneSimulator = Ad-Hoc|iPhoneSimulator
		AppStore|Any CPU = AppStore|Any CPU
		AppStore|iPhone = AppStore|iPhone
		AppStore|iPhoneSimulator = AppStore|iPhoneSimulator
		Debug|Any CPU = Debug|Any CPU
		Debug|iPhone = Debug|iPhone
		Debug|iPhoneSimulator = Debug|iPhoneSimulator
		Release|Any CPU = Release|Any CPU
		Release|iPhone = Release|iPhone
		Release|iPhoneSimulator = Release|iPhoneSimulator
	EndGlobalSection
	GlobalSection(ProjectConfigurationPlatforms) = postSolution
		{CBE23585-42AB-4B72-A123-78500EB7D312}.Ad-Hoc|Any CPU.ActiveCfg = Release|Any CPU
		{CBE23585-42AB-4B72-A123-78500EB7D312}.Ad-Hoc|Any CPU.Build.0 = Release|Any CPU
		{CBE23585-42AB-4B72-A123-78500EB7D312}.Ad-Hoc|Any CPU.Deploy.0 = Release|Any CPU
		{CBE23585-42AB-4B72-A123-78500EB7D312}.Ad-Hoc|iPhone.ActiveCfg = Release|Any CPU
		{CBE23585-42AB-4B72-A123-78500EB7D312}.Ad-Hoc|iPhone.Build.0 = Release|Any CPU
		{CBE23585-42AB-4B72-A123-78500EB7D312}.Ad-Hoc|iPhone.Deploy.0 = Release|Any CPU
		{CBE23585-42AB-4B72-A123-78500EB7D312}.Ad-Hoc|iPhoneSimulator.ActiveCfg = Release|Any CPU
		{CBE23585-42AB-4B72-A123-78500EB7D312}.Ad-Hoc|iPhoneSimulator.Build.0 = Release|Any CPU
		{CBE23585-42AB-4B72-A123-78500EB7D312}.Ad-Hoc|iPhoneSimulator.Deploy.0 = Release|Any CPU
		{CBE23585-42AB-4B72-A123-78500EB7D312}.AppStore|Any CPU.ActiveCfg = Release|Any CPU
		{CBE23585-42AB-4B72-A123-78500EB7D312}.AppStore|Any CPU.Build.0 = Release|Any CPU
		{CBE23585-42AB-4B72-A123-78500EB7D312}.AppStore|Any CPU.Deploy.0 = Release|Any CPU
		{CBE23585-42AB-4B72-A123-78500EB7D312}.AppStore|iPhone.ActiveCfg = Release|Any CPU
		{CBE23585-42AB-4B72-A123-78500EB7D312}.AppStore|iPhone.Build.0 = Release|Any CPU
		{CBE23585-42AB-4B72-A123-78500EB7D312}.AppStore|iPhone.Deploy.0 = Release|Any CPU
		{CBE23585-42AB-4B72-A123-78500EB7D312}.AppStore|iPhoneSimulator.ActiveCfg = Release|Any CPU
		{CBE23585-42AB-4B72-A123-78500EB7D312}.AppStore|iPhoneSimulator.Build.0 = Release|Any CPU
		{CBE23585-42AB-4B72-A123-78500EB7D312}.AppStore|iPhoneSimulator.Deploy.0 = Release|Any CPU
		{CBE23585-42AB-4B72-A123-78500EB7D312}.Debug|Any CPU.ActiveCfg = Debug|Any CPU
		{CBE23585-42AB-4B72-A123-78500EB7D312}.Debug|Any CPU.Build.0 = Debug|Any CPU
		{CBE23585-42AB-4B72-A123-78500EB7D312}.Debug|Any CPU.Deploy.0 = Debug|Any CPU
		{CBE23585-42AB-4B72-A123-78500EB7D312}.Debug|iPhone.ActiveCfg = Debug|Any CPU
		{CBE23585-42AB-4B72-A123-78500EB7D312}.Debug|iPhone.Build.0 = Debug|Any CPU
		{CBE23585-42AB-4B72-A123-78500EB7D312}.Debug|iPhone.Deploy.0 = Debug|Any CPU
		{CBE23585-42AB-4B72-A123-78500EB7D312}.Debug|iPhoneSimulator.ActiveCfg = Debug|Any CPU
		{CBE23585-42AB-4B72-A123-78500EB7D312}.Debug|iPhoneSimulator.Build.0 = Debug|Any CPU
		{CBE23585-42AB-4B72-A123-78500EB7D312}.Debug|iPhoneSimulator.Deploy.0 = Debug|Any CPU
		{CBE23585-42AB-4B72-A123-78500EB7D312}.Release|Any CPU.ActiveCfg = Release|Any CPU
		{CBE23585-42AB-4B72-A123-78500EB7D312}.Release|Any CPU.Build.0 = Release|Any CPU
		{CBE23585-42AB-4B72-A123-78500EB7D312}.Release|Any CPU.Deploy.0 = Release|Any CPU
		{CBE23585-42AB-4B72-A123-78500EB7D312}.Release|iPhone.ActiveCfg = Release|Any CPU
		{CBE23585-42AB-4B72-A123-78500EB7D312}.Release|iPhone.Build.0 = Release|Any CPU
		{CBE23585-42AB-4B72-A123-78500EB7D312}.Release|iPhone.Deploy.0 = Release|Any CPU
		{CBE23585-42AB-4B72-A123-78500EB7D312}.Release|iPhoneSimulator.ActiveCfg = Release|Any CPU
		{CBE23585-42AB-4B72-A123-78500EB7D312}.Release|iPhoneSimulator.Build.0 = Release|Any CPU
		{CBE23585-42AB-4B72-A123-78500EB7D312}.Release|iPhoneSimulator.Deploy.0 = Release|Any CPU
		{F043E254-3100-4D17-B2F9-378D6FA87356}.Ad-Hoc|Any CPU.ActiveCfg = Ad-Hoc|iPhone
		{F043E254-3100-4D17-B2F9-378D6FA87356}.Ad-Hoc|iPhone.ActiveCfg = Ad-Hoc|iPhone
		{F043E254-3100-4D17-B2F9-378D6FA87356}.Ad-Hoc|iPhone.Build.0 = Ad-Hoc|iPhone
		{F043E254-3100-4D17-B2F9-378D6FA87356}.Ad-Hoc|iPhoneSimulator.ActiveCfg = Ad-Hoc|iPhoneSimulator
		{F043E254-3100-4D17-B2F9-378D6FA87356}.Ad-Hoc|iPhoneSimulator.Build.0 = Ad-Hoc|iPhoneSimulator
		{F043E254-3100-4D17-B2F9-378D6FA87356}.AppStore|Any CPU.ActiveCfg = AppStore|iPhone
		{F043E254-3100-4D17-B2F9-378D6FA87356}.AppStore|iPhone.ActiveCfg = AppStore|iPhone
		{F043E254-3100-4D17-B2F9-378D6FA87356}.AppStore|iPhone.Build.0 = AppStore|iPhone
		{F043E254-3100-4D17-B2F9-378D6FA87356}.AppStore|iPhoneSimulator.ActiveCfg = AppStore|iPhoneSimulator
		{F043E254-3100-4D17-B2F9-378D6FA87356}.AppStore|iPhoneSimulator.Build.0 = AppStore|iPhoneSimulator
		{F043E254-3100-4D17-B2F9-378D6FA87356}.Debug|Any CPU.ActiveCfg = Debug|iPhone
		{F043E254-3100-4D17-B2F9-378D6FA87356}.Debug|iPhone.ActiveCfg = Debug|iPhone
		{F043E254-3100-4D17-B2F9-378D6FA87356}.Debug|iPhone.Build.0 = Debug|iPhone
		{F043E254-3100-4D17-B2F9-378D6FA87356}.Debug|iPhoneSimulator.ActiveCfg = Debug|iPhoneSimulator
		{F043E254-3100-4D17-B2F9-378D6FA87356}.Debug|iPhoneSimulator.Build.0 = Debug|iPhoneSimulator
		{F043E254-3100-4D17-B2F9-378D6FA87356}.Release|Any CPU.ActiveCfg = Release|iPhone
		{F043E254-3100-4D17-B2F9-378D6FA87356}.Release|iPhone.ActiveCfg = Release|iPhone
		{F043E254-3100-4D17-B2F9-378D6FA87356}.Release|iPhone.Build.0 = Release|iPhone
		{F043E254-3100-4D17-B2F9-378D6FA87356}.Release|iPhoneSimulator.ActiveCfg = Release|iPhoneSimulator
		{F043E254-3100-4D17-B2F9-378D6FA87356}.Release|iPhoneSimulator.Build.0 = Release|iPhoneSimulator
		{BD006339-3B7F-4071-B72E-8F093BDA7E28}.Ad-Hoc|Any CPU.ActiveCfg = Debug|Any CPU
		{BD006339-3B7F-4071-B72E-8F093BDA7E28}.Ad-Hoc|Any CPU.Build.0 = Debug|Any CPU
		{BD006339-3B7F-4071-B72E-8F093BDA7E28}.Ad-Hoc|iPhone.ActiveCfg = Debug|Any CPU
		{BD006339-3B7F-4071-B72E-8F093BDA7E28}.Ad-Hoc|iPhone.Build.0 = Debug|Any CPU
		{BD006339-3B7F-4071-B72E-8F093BDA7E28}.Ad-Hoc|iPhoneSimulator.ActiveCfg = Debug|Any CPU
		{BD006339-3B7F-4071-B72E-8F093BDA7E28}.Ad-Hoc|iPhoneSimulator.Build.0 = Debug|Any CPU
		{BD006339-3B7F-4071-B72E-8F093BDA7E28}.AppStore|Any CPU.ActiveCfg = Debug|Any CPU
		{BD006339-3B7F-4071-B72E-8F093BDA7E28}.AppStore|Any CPU.Build.0 = Debug|Any CPU
		{BD006339-3B7F-4071-B72E-8F093BDA7E28}.AppStore|iPhone.ActiveCfg = Debug|Any CPU
		{BD006339-3B7F-4071-B72E-8F093BDA7E28}.AppStore|iPhone.Build.0 = Debug|Any CPU
		{BD006339-3B7F-4071-B72E-8F093BDA7E28}.AppStore|iPhoneSimulator.ActiveCfg = Debug|Any CPU
		{BD006339-3B7F-4071-B72E-8F093BDA7E28}.AppStore|iPhoneSimulator.Build.0 = Debug|Any CPU
		{BD006339-3B7F-4071-B72E-8F093BDA7E28}.Debug|Any CPU.ActiveCfg = Debug|Any CPU
		{BD006339-3B7F-4071-B72E-8F093BDA7E28}.Debug|Any CPU.Build.0 = Debug|Any CPU
		{BD006339-3B7F-4071-B72E-8F093BDA7E28}.Debug|iPhone.ActiveCfg = Debug|Any CPU
		{BD006339-3B7F-4071-B72E-8F093BDA7E28}.Debug|iPhone.Build.0 = Debug|Any CPU
		{BD006339-3B7F-4071-B72E-8F093BDA7E28}.Debug|iPhoneSimulator.ActiveCfg = Debug|Any CPU
		{BD006339-3B7F-4071-B72E-8F093BDA7E28}.Debug|iPhoneSimulator.Build.0 = Debug|Any CPU
		{BD006339-3B7F-4071-B72E-8F093BDA7E28}.Release|Any CPU.ActiveCfg = Release|Any CPU
		{BD006339-3B7F-4071-B72E-8F093BDA7E28}.Release|Any CPU.Build.0 = Release|Any CPU
		{BD006339-3B7F-4071-B72E-8F093BDA7E28}.Release|iPhone.ActiveCfg = Release|Any CPU
		{BD006339-3B7F-4071-B72E-8F093BDA7E28}.Release|iPhone.Build.0 = Release|Any CPU
		{BD006339-3B7F-4071-B72E-8F093BDA7E28}.Release|iPhoneSimulator.ActiveCfg = Release|Any CPU
		{BD006339-3B7F-4071-B72E-8F093BDA7E28}.Release|iPhoneSimulator.Build.0 = Release|Any CPU
	EndGlobalSection
	GlobalSection(SolutionProperties) = preSolution
		HideSolutionNode = FALSE
	EndGlobalSection
	GlobalSection(ExtensibilityGlobals) = postSolution
		SolutionGuid = {3C0EC9D7-C73A-4FC1-8DFF-1D987BC41EEE}
	EndGlobalSection
EndGlobal
