
Microsoft Visual Studio Solution File, Format Version 12.00
# Visual Studio Version 16
VisualStudioVersion = 16.0.30114.105
MinimumVisualStudioVersion = 10.0.40219.1
Project("{FAE04EC0-301F-11D3-BF4B-00C04F79EFBC}") = "FeliCaReader.FormsApp.Android", "FeliCaReader.FormsApp\FeliCaReader.FormsApp.Android\FeliCaReader.FormsApp.Android.csproj", "{F080E1E1-3864-4A7C-8475-21C619B1B6EC}"
EndProject
Project("{FAE04EC0-301F-11D3-BF4B-00C04F79EFBC}") = "FeliCaReader.FormsApp.iOS", "FeliCaReader.FormsApp\FeliCaReader.FormsApp.iOS\FeliCaReader.FormsApp.iOS.csproj", "{2C0200FE-7B78-4F5F-8708-6D86E5B3B993}"
EndProject
Project("{FAE04EC0-301F-11D3-BF4B-00C04F79EFBC}") = "FeliCaReader.FormsApp", "FeliCaReader.FormsApp\FeliCaReader.FormsApp\FeliCaReader.FormsApp.csproj", "{C35EFB91-D344-42B1-8FB7-B0D9FE7BE74C}"
EndProject
Global
	GlobalSection(SolutionConfigurationPlatforms) = preSolution
		Debug|Any CPU = Debug|Any CPU
		Debug|iPhone = Debug|iPhone
		Debug|iPhoneSimulator = Debug|iPhoneSimulator
		Release|Any CPU = Release|Any CPU
		Release|iPhone = Release|iPhone
		Release|iPhoneSimulator = Release|iPhoneSimulator
	EndGlobalSection
	GlobalSection(ProjectConfigurationPlatforms) = postSolution
		{F080E1E1-3864-4A7C-8475-21C619B1B6EC}.Debug|Any CPU.ActiveCfg = Debug|Any CPU
		{F080E1E1-3864-4A7C-8475-21C619B1B6EC}.Debug|Any CPU.Build.0 = Debug|Any CPU
		{F080E1E1-3864-4A7C-8475-21C619B1B6EC}.Debug|Any CPU.Deploy.0 = Debug|Any CPU
		{F080E1E1-3864-4A7C-8475-21C619B1B6EC}.Debug|iPhone.ActiveCfg = Debug|Any CPU
		{F080E1E1-3864-4A7C-8475-21C619B1B6EC}.Debug|iPhone.Build.0 = Debug|Any CPU
		{F080E1E1-3864-4A7C-8475-21C619B1B6EC}.Debug|iPhone.Deploy.0 = Debug|Any CPU
		{F080E1E1-3864-4A7C-8475-21C619B1B6EC}.Debug|iPhoneSimulator.ActiveCfg = Debug|Any CPU
		{F080E1E1-3864-4A7C-8475-21C619B1B6EC}.Debug|iPhoneSimulator.Build.0 = Debug|Any CPU
		{F080E1E1-3864-4A7C-8475-21C619B1B6EC}.Debug|iPhoneSimulator.Deploy.0 = Debug|Any CPU
		{F080E1E1-3864-4A7C-8475-21C619B1B6EC}.Release|Any CPU.ActiveCfg = Release|Any CPU
		{F080E1E1-3864-4A7C-8475-21C619B1B6EC}.Release|Any CPU.Build.0 = Release|Any CPU
		{F080E1E1-3864-4A7C-8475-21C619B1B6EC}.Release|Any CPU.Deploy.0 = Release|Any CPU
		{F080E1E1-3864-4A7C-8475-21C619B1B6EC}.Release|iPhone.ActiveCfg = Release|Any CPU
		{F080E1E1-3864-4A7C-8475-21C619B1B6EC}.Release|iPhone.Build.0 = Release|Any CPU
		{F080E1E1-3864-4A7C-8475-21C619B1B6EC}.Release|iPhone.Deploy.0 = Release|Any CPU
		{F080E1E1-3864-4A7C-8475-21C619B1B6EC}.Release|iPhoneSimulator.ActiveCfg = Release|Any CPU
		{F080E1E1-3864-4A7C-8475-21C619B1B6EC}.Release|iPhoneSimulator.Build.0 = Release|Any CPU
		{F080E1E1-3864-4A7C-8475-21C619B1B6EC}.Release|iPhoneSimulator.Deploy.0 = Release|Any CPU
		{2C0200FE-7B78-4F5F-8708-6D86E5B3B993}.Debug|Any CPU.ActiveCfg = Debug|iPhone
		{2C0200FE-7B78-4F5F-8708-6D86E5B3B993}.Debug|Any CPU.Build.0 = Debug|iPhone
		{2C0200FE-7B78-4F5F-8708-6D86E5B3B993}.Debug|Any CPU.Deploy.0 = Debug|iPhone
		{2C0200FE-7B78-4F5F-8708-6D86E5B3B993}.Debug|iPhone.ActiveCfg = Debug|iPhone
		{2C0200FE-7B78-4F5F-8708-6D86E5B3B993}.Debug|iPhone.Build.0 = Debug|iPhone
		{2C0200FE-7B78-4F5F-8708-6D86E5B3B993}.Debug|iPhone.Deploy.0 = Debug|iPhone
		{2C0200FE-7B78-4F5F-8708-6D86E5B3B993}.Debug|iPhoneSimulator.ActiveCfg = Debug|iPhoneSimulator
		{2C0200FE-7B78-4F5F-8708-6D86E5B3B993}.Debug|iPhoneSimulator.Build.0 = Debug|iPhoneSimulator
		{2C0200FE-7B78-4F5F-8708-6D86E5B3B993}.Debug|iPhoneSimulator.Deploy.0 = Debug|iPhoneSimulator
		{2C0200FE-7B78-4F5F-8708-6D86E5B3B993}.Release|Any CPU.ActiveCfg = Release|iPhone
		{2C0200FE-7B78-4F5F-8708-6D86E5B3B993}.Release|Any CPU.Build.0 = Release|iPhone
		{2C0200FE-7B78-4F5F-8708-6D86E5B3B993}.Release|Any CPU.Deploy.0 = Release|iPhone
		{2C0200FE-7B78-4F5F-8708-6D86E5B3B993}.Release|iPhone.ActiveCfg = Release|iPhone
		{2C0200FE-7B78-4F5F-8708-6D86E5B3B993}.Release|iPhone.Build.0 = Release|iPhone
		{2C0200FE-7B78-4F5F-8708-6D86E5B3B993}.Release|iPhone.Deploy.0 = Release|iPhone
		{2C0200FE-7B78-4F5F-8708-6D86E5B3B993}.Release|iPhoneSimulator.ActiveCfg = Release|iPhoneSimulator
		{2C0200FE-7B78-4F5F-8708-6D86E5B3B993}.Release|iPhoneSimulator.Build.0 = Release|iPhoneSimulator
		{2C0200FE-7B78-4F5F-8708-6D86E5B3B993}.Release|iPhoneSimulator.Deploy.0 = Release|iPhoneSimulator
		{C35EFB91-D344-42B1-8FB7-B0D9FE7BE74C}.Debug|Any CPU.ActiveCfg = Debug|Any CPU
		{C35EFB91-D344-42B1-8FB7-B0D9FE7BE74C}.Debug|Any CPU.Build.0 = Debug|Any CPU
		{C35EFB91-D344-42B1-8FB7-B0D9FE7BE74C}.Debug|Any CPU.Deploy.0 = Debug|Any CPU
		{C35EFB91-D344-42B1-8FB7-B0D9FE7BE74C}.Debug|iPhone.ActiveCfg = Debug|Any CPU
		{C35EFB91-D344-42B1-8FB7-B0D9FE7BE74C}.Debug|iPhone.Build.0 = Debug|Any CPU
		{C35EFB91-D344-42B1-8FB7-B0D9FE7BE74C}.Debug|iPhone.Deploy.0 = Debug|Any CPU
		{C35EFB91-D344-42B1-8FB7-B0D9FE7BE74C}.Debug|iPhoneSimulator.ActiveCfg = Debug|Any CPU
		{C35EFB91-D344-42B1-8FB7-B0D9FE7BE74C}.Debug|iPhoneSimulator.Build.0 = Debug|Any CPU
		{C35EFB91-D344-42B1-8FB7-B0D9FE7BE74C}.Debug|iPhoneSimulator.Deploy.0 = Debug|Any CPU
		{C35EFB91-D344-42B1-8FB7-B0D9FE7BE74C}.Release|Any CPU.ActiveCfg = Release|Any CPU
		{C35EFB91-D344-42B1-8FB7-B0D9FE7BE74C}.Release|Any CPU.Build.0 = Release|Any CPU
		{C35EFB91-D344-42B1-8FB7-B0D9FE7BE74C}.Release|Any CPU.Deploy.0 = Release|Any CPU
		{C35EFB91-D344-42B1-8FB7-B0D9FE7BE74C}.Release|iPhone.ActiveCfg = Release|Any CPU
		{C35EFB91-D344-42B1-8FB7-B0D9FE7BE74C}.Release|iPhone.Build.0 = Release|Any CPU
		{C35EFB91-D344-42B1-8FB7-B0D9FE7BE74C}.Release|iPhone.Deploy.0 = Release|Any CPU
		{C35EFB91-D344-42B1-8FB7-B0D9FE7BE74C}.Release|iPhoneSimulator.ActiveCfg = Release|Any CPU
		{C35EFB91-D344-42B1-8FB7-B0D9FE7BE74C}.Release|iPhoneSimulator.Build.0 = Release|Any CPU
		{C35EFB91-D344-42B1-8FB7-B0D9FE7BE74C}.Release|iPhoneSimulator.Deploy.0 = Release|Any CPU
	EndGlobalSection
	GlobalSection(SolutionProperties) = preSolution
		HideSolutionNode = FALSE
	EndGlobalSection
	GlobalSection(ExtensibilityGlobals) = postSolution
		SolutionGuid = {2E8DB136-2863-417F-8A19-05BBFBF58DA8}
	EndGlobalSection
EndGlobal
