
Microsoft Visual Studio Solution File, Format Version 12.00
# Visual Studio 15
VisualStudioVersion = 15.0.28307.329
MinimumVisualStudioVersion = 10.0.40219.1
Project("{9A19103F-16F7-4668-BE54-9A1E7A4F7556}") = "DataMapperWork", "DataMapperWork\DataMapperWork.csproj", "{E754BDEE-AB1B-4191-89B2-85C509E09C64}"
EndProject
Project("{9A19103F-16F7-4668-BE54-9A1E7A4F7556}") = "Smart.Data.Mapper", "Smart.Data.Mapper\Smart.Data.Mapper.csproj", "{24235D2A-C278-4F0F-8374-A4AF7E9DB675}"
EndProject
Global
	GlobalSection(SolutionConfigurationPlatforms) = preSolution
		Debug|Any CPU = Debug|Any CPU
		Release|Any CPU = Release|Any CPU
	EndGlobalSection
	GlobalSection(ProjectConfigurationPlatforms) = postSolution
		{E754BDEE-AB1B-4191-89B2-85C509E09C64}.Debug|Any CPU.ActiveCfg = Debug|Any CPU
		{E754BDEE-AB1B-4191-89B2-85C509E09C64}.Debug|Any CPU.Build.0 = Debug|Any CPU
		{E754BDEE-AB1B-4191-89B2-85C509E09C64}.Release|Any CPU.ActiveCfg = Release|Any CPU
		{E754BDEE-AB1B-4191-89B2-85C509E09C64}.Release|Any CPU.Build.0 = Release|Any CPU
		{24235D2A-C278-4F0F-8374-A4AF7E9DB675}.Debug|Any CPU.ActiveCfg = Debug|Any CPU
		{24235D2A-C278-4F0F-8374-A4AF7E9DB675}.Debug|Any CPU.Build.0 = Debug|Any CPU
		{24235D2A-C278-4F0F-8374-A4AF7E9DB675}.Release|Any CPU.ActiveCfg = Release|Any CPU
		{24235D2A-C278-4F0F-8374-A4AF7E9DB675}.Release|Any CPU.Build.0 = Release|Any CPU
	EndGlobalSection
	GlobalSection(SolutionProperties) = preSolution
		HideSolutionNode = FALSE
	EndGlobalSection
	GlobalSection(ExtensibilityGlobals) = postSolution
		SolutionGuid = {A6475350-397C-4BC3-8F60-5800ACA7B642}
	EndGlobalSection
EndGlobal
