
Microsoft Visual Studio Solution File, Format Version 12.00
# Visual Studio 15
VisualStudioVersion = 15.0.28307.329
MinimumVisualStudioVersion = 10.0.40219.1
Project("{FAE04EC0-301F-11D3-BF4B-00C04F79EFBC}") = "DataMap.FormsApp.Android", "DataMap.FormsApp\DataMap.FormsApp.Android\DataMap.FormsApp.Android.csproj", "{6C20808D-947F-4B23-836F-319F91E04481}"
EndProject
Project("{FAE04EC0-301F-11D3-BF4B-00C04F79EFBC}") = "DataMap.FormsApp.iOS", "DataMap.FormsApp\DataMap.FormsApp.iOS\DataMap.FormsApp.iOS.csproj", "{4AF19645-2302-4579-A006-F2412F283C5F}"
EndProject
Project("{9A19103F-16F7-4668-BE54-9A1E7A4F7556}") = "DataMap.FormsApp", "DataMap.FormsApp\DataMap.FormsApp\DataMap.FormsApp.csproj", "{C409F5F5-8366-40C5-9282-26C7D8F25356}"
EndProject
Project("{2150E333-8FDC-42A3-9474-1A3956D46DE8}") = "Solution Items", "Solution Items", "{EBF3C645-A49C-4B20-A8FB-E08AB26B9E31}"
	ProjectSection(SolutionItems) = preProject
		.editorconfig = .editorconfig
		DataMap.FormsApp.ruleset = DataMap.FormsApp.ruleset
		DataMap.FormsApp.sln.DotSettings = DataMap.FormsApp.sln.DotSettings
		Directory.Build.props = Directory.Build.props
		Directory.Build.targets = Directory.Build.targets
	EndProjectSection
EndProject
Project("{FAE04EC0-301F-11D3-BF4B-00C04F79EFBC}") = "Smart.Data.Mapper", "Smart.Data.Mapper\Smart.Data.Mapper.csproj", "{F65C3D3A-1B96-442A-85E5-FFF282AB0F2E}"
EndProject
Project("{2150E333-8FDC-42A3-9474-1A3956D46DE8}") = "Library", "Library", "{46AD5FEA-8033-4C5C-9C90-D0124686B697}"
EndProject
Global
	GlobalSection(SolutionConfigurationPlatforms) = preSolution
		Ad-Hoc|Any CPU = Ad-Hoc|Any CPU
		Ad-Hoc|iPhone = Ad-Hoc|iPhone
		Ad-Hoc|iPhoneSimulator = Ad-Hoc|iPhoneSimulator
		AppStore|Any CPU = AppStore|Any CPU
		AppStore|iPhone = AppStore|iPhone
		AppStore|iPhoneSimulator = AppStore|iPhoneSimulator
		Debug|Any CPU = Debug|Any CPU
		Debug|iPhone = Debug|iPhone
		Debug|iPhoneSimulator = Debug|iPhoneSimulator
		Release|Any CPU = Release|Any CPU
		Release|iPhone = Release|iPhone
		Release|iPhoneSimulator = Release|iPhoneSimulator
	EndGlobalSection
	GlobalSection(ProjectConfigurationPlatforms) = postSolution
		{6C20808D-947F-4B23-836F-319F91E04481}.Ad-Hoc|Any CPU.ActiveCfg = Release|Any CPU
		{6C20808D-947F-4B23-836F-319F91E04481}.Ad-Hoc|Any CPU.Build.0 = Release|Any CPU
		{6C20808D-947F-4B23-836F-319F91E04481}.Ad-Hoc|Any CPU.Deploy.0 = Release|Any CPU
		{6C20808D-947F-4B23-836F-319F91E04481}.Ad-Hoc|iPhone.ActiveCfg = Release|Any CPU
		{6C20808D-947F-4B23-836F-319F91E04481}.Ad-Hoc|iPhone.Build.0 = Release|Any CPU
		{6C20808D-947F-4B23-836F-319F91E04481}.Ad-Hoc|iPhone.Deploy.0 = Release|Any CPU
		{6C20808D-947F-4B23-836F-319F91E04481}.Ad-Hoc|iPhoneSimulator.ActiveCfg = Release|Any CPU
		{6C20808D-947F-4B23-836F-319F91E04481}.Ad-Hoc|iPhoneSimulator.Build.0 = Release|Any CPU
		{6C20808D-947F-4B23-836F-319F91E04481}.Ad-Hoc|iPhoneSimulator.Deploy.0 = Release|Any CPU
		{6C20808D-947F-4B23-836F-319F91E04481}.AppStore|Any CPU.ActiveCfg = Release|Any CPU
		{6C20808D-947F-4B23-836F-319F91E04481}.AppStore|Any CPU.Build.0 = Release|Any CPU
		{6C20808D-947F-4B23-836F-319F91E04481}.AppStore|Any CPU.Deploy.0 = Release|Any CPU
		{6C20808D-947F-4B23-836F-319F91E04481}.AppStore|iPhone.ActiveCfg = Release|Any CPU
		{6C20808D-947F-4B23-836F-319F91E04481}.AppStore|iPhone.Build.0 = Release|Any CPU
		{6C20808D-947F-4B23-836F-319F91E04481}.AppStore|iPhone.Deploy.0 = Release|Any CPU
		{6C20808D-947F-4B23-836F-319F91E04481}.AppStore|iPhoneSimulator.ActiveCfg = Release|Any CPU
		{6C20808D-947F-4B23-836F-319F91E04481}.AppStore|iPhoneSimulator.Build.0 = Release|Any CPU
		{6C20808D-947F-4B23-836F-319F91E04481}.AppStore|iPhoneSimulator.Deploy.0 = Release|Any CPU
		{6C20808D-947F-4B23-836F-319F91E04481}.Debug|Any CPU.ActiveCfg = Debug|Any CPU
		{6C20808D-947F-4B23-836F-319F91E04481}.Debug|Any CPU.Build.0 = Debug|Any CPU
		{6C20808D-947F-4B23-836F-319F91E04481}.Debug|Any CPU.Deploy.0 = Debug|Any CPU
		{6C20808D-947F-4B23-836F-319F91E04481}.Debug|iPhone.ActiveCfg = Debug|Any CPU
		{6C20808D-947F-4B23-836F-319F91E04481}.Debug|iPhone.Build.0 = Debug|Any CPU
		{6C20808D-947F-4B23-836F-319F91E04481}.Debug|iPhone.Deploy.0 = Debug|Any CPU
		{6C20808D-947F-4B23-836F-319F91E04481}.Debug|iPhoneSimulator.ActiveCfg = Debug|Any CPU
		{6C20808D-947F-4B23-836F-319F91E04481}.Debug|iPhoneSimulator.Build.0 = Debug|Any CPU
		{6C20808D-947F-4B23-836F-319F91E04481}.Debug|iPhoneSimulator.Deploy.0 = Debug|Any CPU
		{6C20808D-947F-4B23-836F-319F91E04481}.Release|Any CPU.ActiveCfg = Release|Any CPU
		{6C20808D-947F-4B23-836F-319F91E04481}.Release|Any CPU.Build.0 = Release|Any CPU
		{6C20808D-947F-4B23-836F-319F91E04481}.Release|Any CPU.Deploy.0 = Release|Any CPU
		{6C20808D-947F-4B23-836F-319F91E04481}.Release|iPhone.ActiveCfg = Release|Any CPU
		{6C20808D-947F-4B23-836F-319F91E04481}.Release|iPhone.Build.0 = Release|Any CPU
		{6C20808D-947F-4B23-836F-319F91E04481}.Release|iPhone.Deploy.0 = Release|Any CPU
		{6C20808D-947F-4B23-836F-319F91E04481}.Release|iPhoneSimulator.ActiveCfg = Release|Any CPU
		{6C20808D-947F-4B23-836F-319F91E04481}.Release|iPhoneSimulator.Build.0 = Release|Any CPU
		{6C20808D-947F-4B23-836F-319F91E04481}.Release|iPhoneSimulator.Deploy.0 = Release|Any CPU
		{4AF19645-2302-4579-A006-F2412F283C5F}.Ad-Hoc|Any CPU.ActiveCfg = Ad-Hoc|iPhone
		{4AF19645-2302-4579-A006-F2412F283C5F}.Ad-Hoc|Any CPU.Build.0 = Ad-Hoc|iPhone
		{4AF19645-2302-4579-A006-F2412F283C5F}.Ad-Hoc|Any CPU.Deploy.0 = Ad-Hoc|iPhone
		{4AF19645-2302-4579-A006-F2412F283C5F}.Ad-Hoc|iPhone.ActiveCfg = Ad-Hoc|iPhone
		{4AF19645-2302-4579-A006-F2412F283C5F}.Ad-Hoc|iPhone.Build.0 = Ad-Hoc|iPhone
		{4AF19645-2302-4579-A006-F2412F283C5F}.Ad-Hoc|iPhone.Deploy.0 = Ad-Hoc|iPhone
		{4AF19645-2302-4579-A006-F2412F283C5F}.Ad-Hoc|iPhoneSimulator.ActiveCfg = Ad-Hoc|iPhoneSimulator
		{4AF19645-2302-4579-A006-F2412F283C5F}.Ad-Hoc|iPhoneSimulator.Build.0 = Ad-Hoc|iPhoneSimulator
		{4AF19645-2302-4579-A006-F2412F283C5F}.Ad-Hoc|iPhoneSimulator.Deploy.0 = Ad-Hoc|iPhoneSimulator
		{4AF19645-2302-4579-A006-F2412F283C5F}.AppStore|Any CPU.ActiveCfg = AppStore|iPhone
		{4AF19645-2302-4579-A006-F2412F283C5F}.AppStore|Any CPU.Build.0 = AppStore|iPhone
		{4AF19645-2302-4579-A006-F2412F283C5F}.AppStore|Any CPU.Deploy.0 = AppStore|iPhone
		{4AF19645-2302-4579-A006-F2412F283C5F}.AppStore|iPhone.ActiveCfg = AppStore|iPhone
		{4AF19645-2302-4579-A006-F2412F283C5F}.AppStore|iPhone.Build.0 = AppStore|iPhone
		{4AF19645-2302-4579-A006-F2412F283C5F}.AppStore|iPhone.Deploy.0 = AppStore|iPhone
		{4AF19645-2302-4579-A006-F2412F283C5F}.AppStore|iPhoneSimulator.ActiveCfg = AppStore|iPhoneSimulator
		{4AF19645-2302-4579-A006-F2412F283C5F}.AppStore|iPhoneSimulator.Build.0 = AppStore|iPhoneSimulator
		{4AF19645-2302-4579-A006-F2412F283C5F}.AppStore|iPhoneSimulator.Deploy.0 = AppStore|iPhoneSimulator
		{4AF19645-2302-4579-A006-F2412F283C5F}.Debug|Any CPU.ActiveCfg = Debug|iPhoneSimulator
		{4AF19645-2302-4579-A006-F2412F283C5F}.Debug|Any CPU.Build.0 = Debug|iPhoneSimulator
		{4AF19645-2302-4579-A006-F2412F283C5F}.Debug|Any CPU.Deploy.0 = Debug|iPhoneSimulator
		{4AF19645-2302-4579-A006-F2412F283C5F}.Debug|iPhone.ActiveCfg = Debug|iPhone
		{4AF19645-2302-4579-A006-F2412F283C5F}.Debug|iPhone.Build.0 = Debug|iPhone
		{4AF19645-2302-4579-A006-F2412F283C5F}.Debug|iPhone.Deploy.0 = Debug|iPhone
		{4AF19645-2302-4579-A006-F2412F283C5F}.Debug|iPhoneSimulator.ActiveCfg = Debug|iPhoneSimulator
		{4AF19645-2302-4579-A006-F2412F283C5F}.Debug|iPhoneSimulator.Build.0 = Debug|iPhoneSimulator
		{4AF19645-2302-4579-A006-F2412F283C5F}.Debug|iPhoneSimulator.Deploy.0 = Debug|iPhoneSimulator
		{4AF19645-2302-4579-A006-F2412F283C5F}.Release|Any CPU.ActiveCfg = Release|iPhone
		{4AF19645-2302-4579-A006-F2412F283C5F}.Release|Any CPU.Build.0 = Release|iPhone
		{4AF19645-2302-4579-A006-F2412F283C5F}.Release|Any CPU.Deploy.0 = Release|iPhone
		{4AF19645-2302-4579-A006-F2412F283C5F}.Release|iPhone.ActiveCfg = Release|iPhone
		{4AF19645-2302-4579-A006-F2412F283C5F}.Release|iPhone.Build.0 = Release|iPhone
		{4AF19645-2302-4579-A006-F2412F283C5F}.Release|iPhone.Deploy.0 = Release|iPhone
		{4AF19645-2302-4579-A006-F2412F283C5F}.Release|iPhoneSimulator.ActiveCfg = Release|iPhoneSimulator
		{4AF19645-2302-4579-A006-F2412F283C5F}.Release|iPhoneSimulator.Build.0 = Release|iPhoneSimulator
		{4AF19645-2302-4579-A006-F2412F283C5F}.Release|iPhoneSimulator.Deploy.0 = Release|iPhoneSimulator
		{C409F5F5-8366-40C5-9282-26C7D8F25356}.Ad-Hoc|Any CPU.ActiveCfg = Debug|Any CPU
		{C409F5F5-8366-40C5-9282-26C7D8F25356}.Ad-Hoc|Any CPU.Build.0 = Debug|Any CPU
		{C409F5F5-8366-40C5-9282-26C7D8F25356}.Ad-Hoc|Any CPU.Deploy.0 = Debug|Any CPU
		{C409F5F5-8366-40C5-9282-26C7D8F25356}.Ad-Hoc|iPhone.ActiveCfg = Debug|Any CPU
		{C409F5F5-8366-40C5-9282-26C7D8F25356}.Ad-Hoc|iPhone.Build.0 = Debug|Any CPU
		{C409F5F5-8366-40C5-9282-26C7D8F25356}.Ad-Hoc|iPhone.Deploy.0 = Debug|Any CPU
		{C409F5F5-8366-40C5-9282-26C7D8F25356}.Ad-Hoc|iPhoneSimulator.ActiveCfg = Debug|Any CPU
		{C409F5F5-8366-40C5-9282-26C7D8F25356}.Ad-Hoc|iPhoneSimulator.Build.0 = Debug|Any CPU
		{C409F5F5-8366-40C5-9282-26C7D8F25356}.Ad-Hoc|iPhoneSimulator.Deploy.0 = Debug|Any CPU
		{C409F5F5-8366-40C5-9282-26C7D8F25356}.AppStore|Any CPU.ActiveCfg = Debug|Any CPU
		{C409F5F5-8366-40C5-9282-26C7D8F25356}.AppStore|Any CPU.Build.0 = Debug|Any CPU
		{C409F5F5-8366-40C5-9282-26C7D8F25356}.AppStore|Any CPU.Deploy.0 = Debug|Any CPU
		{C409F5F5-8366-40C5-9282-26C7D8F25356}.AppStore|iPhone.ActiveCfg = Debug|Any CPU
		{C409F5F5-8366-40C5-9282-26C7D8F25356}.AppStore|iPhone.Build.0 = Debug|Any CPU
		{C409F5F5-8366-40C5-9282-26C7D8F25356}.AppStore|iPhone.Deploy.0 = Debug|Any CPU
		{C409F5F5-8366-40C5-9282-26C7D8F25356}.AppStore|iPhoneSimulator.ActiveCfg = Debug|Any CPU
		{C409F5F5-8366-40C5-9282-26C7D8F25356}.AppStore|iPhoneSimulator.Build.0 = Debug|Any CPU
		{C409F5F5-8366-40C5-9282-26C7D8F25356}.AppStore|iPhoneSimulator.Deploy.0 = Debug|Any CPU
		{C409F5F5-8366-40C5-9282-26C7D8F25356}.Debug|Any CPU.ActiveCfg = Debug|Any CPU
		{C409F5F5-8366-40C5-9282-26C7D8F25356}.Debug|Any CPU.Build.0 = Debug|Any CPU
		{C409F5F5-8366-40C5-9282-26C7D8F25356}.Debug|Any CPU.Deploy.0 = Debug|Any CPU
		{C409F5F5-8366-40C5-9282-26C7D8F25356}.Debug|iPhone.ActiveCfg = Debug|Any CPU
		{C409F5F5-8366-40C5-9282-26C7D8F25356}.Debug|iPhone.Build.0 = Debug|Any CPU
		{C409F5F5-8366-40C5-9282-26C7D8F25356}.Debug|iPhone.Deploy.0 = Debug|Any CPU
		{C409F5F5-8366-40C5-9282-26C7D8F25356}.Debug|iPhoneSimulator.ActiveCfg = Debug|Any CPU
		{C409F5F5-8366-40C5-9282-26C7D8F25356}.Debug|iPhoneSimulator.Build.0 = Debug|Any CPU
		{C409F5F5-8366-40C5-9282-26C7D8F25356}.Debug|iPhoneSimulator.Deploy.0 = Debug|Any CPU
		{C409F5F5-8366-40C5-9282-26C7D8F25356}.Release|Any CPU.ActiveCfg = Release|Any CPU
		{C409F5F5-8366-40C5-9282-26C7D8F25356}.Release|Any CPU.Build.0 = Release|Any CPU
		{C409F5F5-8366-40C5-9282-26C7D8F25356}.Release|Any CPU.Deploy.0 = Release|Any CPU
		{C409F5F5-8366-40C5-9282-26C7D8F25356}.Release|iPhone.ActiveCfg = Release|Any CPU
		{C409F5F5-8366-40C5-9282-26C7D8F25356}.Release|iPhone.Build.0 = Release|Any CPU
		{C409F5F5-8366-40C5-9282-26C7D8F25356}.Release|iPhone.Deploy.0 = Release|Any CPU
		{C409F5F5-8366-40C5-9282-26C7D8F25356}.Release|iPhoneSimulator.ActiveCfg = Release|Any CPU
		{C409F5F5-8366-40C5-9282-26C7D8F25356}.Release|iPhoneSimulator.Build.0 = Release|Any CPU
		{C409F5F5-8366-40C5-9282-26C7D8F25356}.Release|iPhoneSimulator.Deploy.0 = Release|Any CPU
		{F65C3D3A-1B96-442A-85E5-FFF282AB0F2E}.Ad-Hoc|Any CPU.ActiveCfg = Debug|Any CPU
		{F65C3D3A-1B96-442A-85E5-FFF282AB0F2E}.Ad-Hoc|Any CPU.Build.0 = Debug|Any CPU
		{F65C3D3A-1B96-442A-85E5-FFF282AB0F2E}.Ad-Hoc|iPhone.ActiveCfg = Debug|Any CPU
		{F65C3D3A-1B96-442A-85E5-FFF282AB0F2E}.Ad-Hoc|iPhone.Build.0 = Debug|Any CPU
		{F65C3D3A-1B96-442A-85E5-FFF282AB0F2E}.Ad-Hoc|iPhoneSimulator.ActiveCfg = Debug|Any CPU
		{F65C3D3A-1B96-442A-85E5-FFF282AB0F2E}.Ad-Hoc|iPhoneSimulator.Build.0 = Debug|Any CPU
		{F65C3D3A-1B96-442A-85E5-FFF282AB0F2E}.AppStore|Any CPU.ActiveCfg = Debug|Any CPU
		{F65C3D3A-1B96-442A-85E5-FFF282AB0F2E}.AppStore|Any CPU.Build.0 = Debug|Any CPU
		{F65C3D3A-1B96-442A-85E5-FFF282AB0F2E}.AppStore|iPhone.ActiveCfg = Debug|Any CPU
		{F65C3D3A-1B96-442A-85E5-FFF282AB0F2E}.AppStore|iPhone.Build.0 = Debug|Any CPU
		{F65C3D3A-1B96-442A-85E5-FFF282AB0F2E}.AppStore|iPhoneSimulator.ActiveCfg = Debug|Any CPU
		{F65C3D3A-1B96-442A-85E5-FFF282AB0F2E}.AppStore|iPhoneSimulator.Build.0 = Debug|Any CPU
		{F65C3D3A-1B96-442A-85E5-FFF282AB0F2E}.Debug|Any CPU.ActiveCfg = Debug|Any CPU
		{F65C3D3A-1B96-442A-85E5-FFF282AB0F2E}.Debug|Any CPU.Build.0 = Debug|Any CPU
		{F65C3D3A-1B96-442A-85E5-FFF282AB0F2E}.Debug|iPhone.ActiveCfg = Debug|Any CPU
		{F65C3D3A-1B96-442A-85E5-FFF282AB0F2E}.Debug|iPhone.Build.0 = Debug|Any CPU
		{F65C3D3A-1B96-442A-85E5-FFF282AB0F2E}.Debug|iPhoneSimulator.ActiveCfg = Debug|Any CPU
		{F65C3D3A-1B96-442A-85E5-FFF282AB0F2E}.Debug|iPhoneSimulator.Build.0 = Debug|Any CPU
		{F65C3D3A-1B96-442A-85E5-FFF282AB0F2E}.Release|Any CPU.ActiveCfg = Release|Any CPU
		{F65C3D3A-1B96-442A-85E5-FFF282AB0F2E}.Release|Any CPU.Build.0 = Release|Any CPU
		{F65C3D3A-1B96-442A-85E5-FFF282AB0F2E}.Release|iPhone.ActiveCfg = Release|Any CPU
		{F65C3D3A-1B96-442A-85E5-FFF282AB0F2E}.Release|iPhone.Build.0 = Release|Any CPU
		{F65C3D3A-1B96-442A-85E5-FFF282AB0F2E}.Release|iPhoneSimulator.ActiveCfg = Release|Any CPU
		{F65C3D3A-1B96-442A-85E5-FFF282AB0F2E}.Release|iPhoneSimulator.Build.0 = Release|Any CPU
	EndGlobalSection
	GlobalSection(SolutionProperties) = preSolution
		HideSolutionNode = FALSE
	EndGlobalSection
	GlobalSection(NestedProjects) = preSolution
		{F65C3D3A-1B96-442A-85E5-FFF282AB0F2E} = {46AD5FEA-8033-4C5C-9C90-D0124686B697}
	EndGlobalSection
	GlobalSection(ExtensibilityGlobals) = postSolution
		SolutionGuid = {C870CB93-AF63-4BD7-8E0A-FC3AE7034A5E}
	EndGlobalSection
EndGlobal
