
Microsoft Visual Studio Solution File, Format Version 12.00
# Visual Studio Version 16
VisualStudioVersion = 16.0.29503.13
MinimumVisualStudioVersion = 10.0.40219.1
Project("{FAE04EC0-301F-11D3-BF4B-00C04F79EFBC}") = "Calendar.FormsApp.Android", "Calendar.FormsApp\Calendar.FormsApp.Android\Calendar.FormsApp.Android.csproj", "{123A2132-C0ED-4131-A38E-16AA3BB63A9A}"
EndProject
Project("{FAE04EC0-301F-11D3-BF4B-00C04F79EFBC}") = "Calendar.FormsApp", "Calendar.FormsApp\Calendar.FormsApp\Calendar.FormsApp.csproj", "{C6A4318A-6453-41EC-A39B-3CCFA221AC14}"
EndProject
Global
	GlobalSection(SolutionConfigurationPlatforms) = preSolution
		Debug|Any CPU = Debug|Any CPU
		Release|Any CPU = Release|Any CPU
	EndGlobalSection
	GlobalSection(ProjectConfigurationPlatforms) = postSolution
		{123A2132-C0ED-4131-A38E-16AA3BB63A9A}.Debug|Any CPU.ActiveCfg = Debug|Any CPU
		{123A2132-C0ED-4131-A38E-16AA3BB63A9A}.Debug|Any CPU.Build.0 = Debug|Any CPU
		{123A2132-C0ED-4131-A38E-16AA3BB63A9A}.Debug|Any CPU.Deploy.0 = Debug|Any CPU
		{123A2132-C0ED-4131-A38E-16AA3BB63A9A}.Release|Any CPU.ActiveCfg = Release|Any CPU
		{123A2132-C0ED-4131-A38E-16AA3BB63A9A}.Release|Any CPU.Build.0 = Release|Any CPU
		{123A2132-C0ED-4131-A38E-16AA3BB63A9A}.Release|Any CPU.Deploy.0 = Release|Any CPU
		{C6A4318A-6453-41EC-A39B-3CCFA221AC14}.Debug|Any CPU.ActiveCfg = Debug|Any CPU
		{C6A4318A-6453-41EC-A39B-3CCFA221AC14}.Debug|Any CPU.Build.0 = Debug|Any CPU
		{C6A4318A-6453-41EC-A39B-3CCFA221AC14}.Debug|Any CPU.Deploy.0 = Debug|Any CPU
		{C6A4318A-6453-41EC-A39B-3CCFA221AC14}.Release|Any CPU.ActiveCfg = Release|Any CPU
		{C6A4318A-6453-41EC-A39B-3CCFA221AC14}.Release|Any CPU.Build.0 = Release|Any CPU
		{C6A4318A-6453-41EC-A39B-3CCFA221AC14}.Release|Any CPU.Deploy.0 = Release|Any CPU
	EndGlobalSection
	GlobalSection(SolutionProperties) = preSolution
		HideSolutionNode = FALSE
	EndGlobalSection
	GlobalSection(ExtensibilityGlobals) = postSolution
		SolutionGuid = {BA22D1F0-E306-4C32-B836-2B1D97B85706}
	EndGlobalSection
EndGlobal
