
Microsoft Visual Studio Solution File, Format Version 12.00
# Visual Studio Version 16
VisualStudioVersion = 16.0.31205.134
MinimumVisualStudioVersion = 10.0.40219.1
Project("{FAE04EC0-301F-11D3-BF4B-00C04F79EFBC}") = "WorkPopupLevel.Android", "WorkPopupLevel\WorkPopupLevel.Android\WorkPopupLevel.Android.csproj", "{890A6774-22BA-4068-8580-2FABBEC3690E}"
EndProject
Project("{FAE04EC0-301F-11D3-BF4B-00C04F79EFBC}") = "WorkPopupLevel", "WorkPopupLevel\WorkPopupLevel\WorkPopupLevel.csproj", "{7344FB7E-916F-4426-9B00-72E5962429B9}"
EndProject
Global
	GlobalSection(SolutionConfigurationPlatforms) = preSolution
		Debug|Any CPU = Debug|Any CPU
		Release|Any CPU = Release|Any CPU
	EndGlobalSection
	GlobalSection(ProjectConfigurationPlatforms) = postSolution
		{890A6774-22BA-4068-8580-2FABBEC3690E}.Debug|Any CPU.ActiveCfg = Debug|Any CPU
		{890A6774-22BA-4068-8580-2FABBEC3690E}.Debug|Any CPU.Build.0 = Debug|Any CPU
		{890A6774-22BA-4068-8580-2FABBEC3690E}.Debug|Any CPU.Deploy.0 = Debug|Any CPU
		{890A6774-22BA-4068-8580-2FABBEC3690E}.Release|Any CPU.ActiveCfg = Release|Any CPU
		{890A6774-22BA-4068-8580-2FABBEC3690E}.Release|Any CPU.Build.0 = Release|Any CPU
		{890A6774-22BA-4068-8580-2FABBEC3690E}.Release|Any CPU.Deploy.0 = Release|Any CPU
		{7344FB7E-916F-4426-9B00-72E5962429B9}.Debug|Any CPU.ActiveCfg = Debug|Any CPU
		{7344FB7E-916F-4426-9B00-72E5962429B9}.Debug|Any CPU.Build.0 = Debug|Any CPU
		{7344FB7E-916F-4426-9B00-72E5962429B9}.Debug|Any CPU.Deploy.0 = Debug|Any CPU
		{7344FB7E-916F-4426-9B00-72E5962429B9}.Release|Any CPU.ActiveCfg = Release|Any CPU
		{7344FB7E-916F-4426-9B00-72E5962429B9}.Release|Any CPU.Build.0 = Release|Any CPU
		{7344FB7E-916F-4426-9B00-72E5962429B9}.Release|Any CPU.Deploy.0 = Release|Any CPU
	EndGlobalSection
	GlobalSection(SolutionProperties) = preSolution
		HideSolutionNode = FALSE
	EndGlobalSection
	GlobalSection(ExtensibilityGlobals) = postSolution
		SolutionGuid = {C11F25FE-1A5A-46B4-B084-1FC686EACDC4}
	EndGlobalSection
EndGlobal
