
Microsoft Visual Studio Solution File, Format Version 12.00
# Visual Studio Version 16
VisualStudioVersion = 16.0.29123.88
MinimumVisualStudioVersion = 10.0.40219.1
Project("{FAE04EC0-301F-11D3-BF4B-00C04F79EFBC}") = "Template.FormsApp.Android", "Template.FormsApp\Template.FormsApp.Android\Template.FormsApp.Android.csproj", "{909DF64F-97C5-4155-B7F2-FF51231E3525}"
EndProject
Project("{FAE04EC0-301F-11D3-BF4B-00C04F79EFBC}") = "Template.FormsApp", "Template.FormsApp\Template.FormsApp\Template.FormsApp.csproj", "{5FE5A0DE-9030-4990-9C40-CEA32755ED93}"
EndProject
Global
	GlobalSection(SolutionConfigurationPlatforms) = preSolution
		Debug|Any CPU = Debug|Any CPU
		Release|Any CPU = Release|Any CPU
	EndGlobalSection
	GlobalSection(ProjectConfigurationPlatforms) = postSolution
		{909DF64F-97C5-4155-B7F2-FF51231E3525}.Debug|Any CPU.ActiveCfg = Debug|Any CPU
		{909DF64F-97C5-4155-B7F2-FF51231E3525}.Debug|Any CPU.Build.0 = Debug|Any CPU
		{909DF64F-97C5-4155-B7F2-FF51231E3525}.Debug|Any CPU.Deploy.0 = Debug|Any CPU
		{909DF64F-97C5-4155-B7F2-FF51231E3525}.Release|Any CPU.ActiveCfg = Release|Any CPU
		{909DF64F-97C5-4155-B7F2-FF51231E3525}.Release|Any CPU.Build.0 = Release|Any CPU
		{909DF64F-97C5-4155-B7F2-FF51231E3525}.Release|Any CPU.Deploy.0 = Release|Any CPU
		{5FE5A0DE-9030-4990-9C40-CEA32755ED93}.Debug|Any CPU.ActiveCfg = Debug|Any CPU
		{5FE5A0DE-9030-4990-9C40-CEA32755ED93}.Debug|Any CPU.Build.0 = Debug|Any CPU
		{5FE5A0DE-9030-4990-9C40-CEA32755ED93}.Debug|Any CPU.Deploy.0 = Debug|Any CPU
		{5FE5A0DE-9030-4990-9C40-CEA32755ED93}.Release|Any CPU.ActiveCfg = Release|Any CPU
		{5FE5A0DE-9030-4990-9C40-CEA32755ED93}.Release|Any CPU.Build.0 = Release|Any CPU
		{5FE5A0DE-9030-4990-9C40-CEA32755ED93}.Release|Any CPU.Deploy.0 = Release|Any CPU
	EndGlobalSection
	GlobalSection(SolutionProperties) = preSolution
		HideSolutionNode = FALSE
	EndGlobalSection
	GlobalSection(ExtensibilityGlobals) = postSolution
		SolutionGuid = {D2677754-56A4-402F-AF2F-C4CDD22C431F}
	EndGlobalSection
EndGlobal
