
Microsoft Visual Studio Solution File, Format Version 12.00
# Visual Studio 15
VisualStudioVersion = 15.0.27428.2002
MinimumVisualStudioVersion = 10.0.40219.1
Project("{FAE04EC0-301F-11D3-BF4B-00C04F79EFBC}") = "ControlTest.Android", "ControlTest\ControlTest.Android\ControlTest.Android.csproj", "{AC209B90-8AB6-45CF-9A2B-88187D71E0AB}"
EndProject
Project("{FAE04EC0-301F-11D3-BF4B-00C04F79EFBC}") = "ControlTest.iOS", "ControlTest\ControlTest.iOS\ControlTest.iOS.csproj", "{A901EA80-6787-4334-A693-17334154DEFB}"
EndProject
Project("{FAE04EC0-301F-11D3-BF4B-00C04F79EFBC}") = "ControlTest.UWP", "ControlTest\ControlTest.UWP\ControlTest.UWP.csproj", "{3608CD7A-F3CC-4F52-B016-404D0F639E28}"
EndProject
Project("{FAE04EC0-301F-11D3-BF4B-00C04F79EFBC}") = "ControlTest", "ControlTest\ControlTest\ControlTest.csproj", "{180CAD83-0371-47E0-904E-6C4C6A501148}"
EndProject
Global
	GlobalSection(SolutionConfigurationPlatforms) = preSolution
		Ad-Hoc|Any CPU = Ad-Hoc|Any CPU
		Ad-Hoc|ARM = Ad-Hoc|ARM
		Ad-Hoc|iPhone = Ad-Hoc|iPhone
		Ad-Hoc|iPhoneSimulator = Ad-Hoc|iPhoneSimulator
		Ad-Hoc|x64 = Ad-Hoc|x64
		Ad-Hoc|x86 = Ad-Hoc|x86
		AppStore|Any CPU = AppStore|Any CPU
		AppStore|ARM = AppStore|ARM
		AppStore|iPhone = AppStore|iPhone
		AppStore|iPhoneSimulator = AppStore|iPhoneSimulator
		AppStore|x64 = AppStore|x64
		AppStore|x86 = AppStore|x86
		Debug|Any CPU = Debug|Any CPU
		Debug|ARM = Debug|ARM
		Debug|iPhone = Debug|iPhone
		Debug|iPhoneSimulator = Debug|iPhoneSimulator
		Debug|x64 = Debug|x64
		Debug|x86 = Debug|x86
		Release|Any CPU = Release|Any CPU
		Release|ARM = Release|ARM
		Release|iPhone = Release|iPhone
		Release|iPhoneSimulator = Release|iPhoneSimulator
		Release|x64 = Release|x64
		Release|x86 = Release|x86
	EndGlobalSection
	GlobalSection(ProjectConfigurationPlatforms) = postSolution
		{AC209B90-8AB6-45CF-9A2B-88187D71E0AB}.Ad-Hoc|Any CPU.ActiveCfg = Release|Any CPU
		{AC209B90-8AB6-45CF-9A2B-88187D71E0AB}.Ad-Hoc|Any CPU.Build.0 = Release|Any CPU
		{AC209B90-8AB6-45CF-9A2B-88187D71E0AB}.Ad-Hoc|Any CPU.Deploy.0 = Release|Any CPU
		{AC209B90-8AB6-45CF-9A2B-88187D71E0AB}.Ad-Hoc|ARM.ActiveCfg = Release|Any CPU
		{AC209B90-8AB6-45CF-9A2B-88187D71E0AB}.Ad-Hoc|ARM.Build.0 = Release|Any CPU
		{AC209B90-8AB6-45CF-9A2B-88187D71E0AB}.Ad-Hoc|ARM.Deploy.0 = Release|Any CPU
		{AC209B90-8AB6-45CF-9A2B-88187D71E0AB}.Ad-Hoc|iPhone.ActiveCfg = Release|Any CPU
		{AC209B90-8AB6-45CF-9A2B-88187D71E0AB}.Ad-Hoc|iPhone.Build.0 = Release|Any CPU
		{AC209B90-8AB6-45CF-9A2B-88187D71E0AB}.Ad-Hoc|iPhone.Deploy.0 = Release|Any CPU
		{AC209B90-8AB6-45CF-9A2B-88187D71E0AB}.Ad-Hoc|iPhoneSimulator.ActiveCfg = Release|Any CPU
		{AC209B90-8AB6-45CF-9A2B-88187D71E0AB}.Ad-Hoc|iPhoneSimulator.Build.0 = Release|Any CPU
		{AC209B90-8AB6-45CF-9A2B-88187D71E0AB}.Ad-Hoc|iPhoneSimulator.Deploy.0 = Release|Any CPU
		{AC209B90-8AB6-45CF-9A2B-88187D71E0AB}.Ad-Hoc|x64.ActiveCfg = Release|Any CPU
		{AC209B90-8AB6-45CF-9A2B-88187D71E0AB}.Ad-Hoc|x64.Build.0 = Release|Any CPU
		{AC209B90-8AB6-45CF-9A2B-88187D71E0AB}.Ad-Hoc|x64.Deploy.0 = Release|Any CPU
		{AC209B90-8AB6-45CF-9A2B-88187D71E0AB}.Ad-Hoc|x86.ActiveCfg = Release|Any CPU
		{AC209B90-8AB6-45CF-9A2B-88187D71E0AB}.Ad-Hoc|x86.Build.0 = Release|Any CPU
		{AC209B90-8AB6-45CF-9A2B-88187D71E0AB}.Ad-Hoc|x86.Deploy.0 = Release|Any CPU
		{AC209B90-8AB6-45CF-9A2B-88187D71E0AB}.AppStore|Any CPU.ActiveCfg = Release|Any CPU
		{AC209B90-8AB6-45CF-9A2B-88187D71E0AB}.AppStore|Any CPU.Build.0 = Release|Any CPU
		{AC209B90-8AB6-45CF-9A2B-88187D71E0AB}.AppStore|Any CPU.Deploy.0 = Release|Any CPU
		{AC209B90-8AB6-45CF-9A2B-88187D71E0AB}.AppStore|ARM.ActiveCfg = Release|Any CPU
		{AC209B90-8AB6-45CF-9A2B-88187D71E0AB}.AppStore|ARM.Build.0 = Release|Any CPU
		{AC209B90-8AB6-45CF-9A2B-88187D71E0AB}.AppStore|ARM.Deploy.0 = Release|Any CPU
		{AC209B90-8AB6-45CF-9A2B-88187D71E0AB}.AppStore|iPhone.ActiveCfg = Release|Any CPU
		{AC209B90-8AB6-45CF-9A2B-88187D71E0AB}.AppStore|iPhone.Build.0 = Release|Any CPU
		{AC209B90-8AB6-45CF-9A2B-88187D71E0AB}.AppStore|iPhone.Deploy.0 = Release|Any CPU
		{AC209B90-8AB6-45CF-9A2B-88187D71E0AB}.AppStore|iPhoneSimulator.ActiveCfg = Release|Any CPU
		{AC209B90-8AB6-45CF-9A2B-88187D71E0AB}.AppStore|iPhoneSimulator.Build.0 = Release|Any CPU
		{AC209B90-8AB6-45CF-9A2B-88187D71E0AB}.AppStore|iPhoneSimulator.Deploy.0 = Release|Any CPU
		{AC209B90-8AB6-45CF-9A2B-88187D71E0AB}.AppStore|x64.ActiveCfg = Release|Any CPU
		{AC209B90-8AB6-45CF-9A2B-88187D71E0AB}.AppStore|x64.Build.0 = Release|Any CPU
		{AC209B90-8AB6-45CF-9A2B-88187D71E0AB}.AppStore|x64.Deploy.0 = Release|Any CPU
		{AC209B90-8AB6-45CF-9A2B-88187D71E0AB}.AppStore|x86.ActiveCfg = Release|Any CPU
		{AC209B90-8AB6-45CF-9A2B-88187D71E0AB}.AppStore|x86.Build.0 = Release|Any CPU
		{AC209B90-8AB6-45CF-9A2B-88187D71E0AB}.AppStore|x86.Deploy.0 = Release|Any CPU
		{AC209B90-8AB6-45CF-9A2B-88187D71E0AB}.Debug|Any CPU.ActiveCfg = Debug|Any CPU
		{AC209B90-8AB6-45CF-9A2B-88187D71E0AB}.Debug|Any CPU.Build.0 = Debug|Any CPU
		{AC209B90-8AB6-45CF-9A2B-88187D71E0AB}.Debug|Any CPU.Deploy.0 = Debug|Any CPU
		{AC209B90-8AB6-45CF-9A2B-88187D71E0AB}.Debug|ARM.ActiveCfg = Debug|Any CPU
		{AC209B90-8AB6-45CF-9A2B-88187D71E0AB}.Debug|ARM.Build.0 = Debug|Any CPU
		{AC209B90-8AB6-45CF-9A2B-88187D71E0AB}.Debug|ARM.Deploy.0 = Debug|Any CPU
		{AC209B90-8AB6-45CF-9A2B-88187D71E0AB}.Debug|iPhone.ActiveCfg = Debug|Any CPU
		{AC209B90-8AB6-45CF-9A2B-88187D71E0AB}.Debug|iPhone.Build.0 = Debug|Any CPU
		{AC209B90-8AB6-45CF-9A2B-88187D71E0AB}.Debug|iPhone.Deploy.0 = Debug|Any CPU
		{AC209B90-8AB6-45CF-9A2B-88187D71E0AB}.Debug|iPhoneSimulator.ActiveCfg = Debug|Any CPU
		{AC209B90-8AB6-45CF-9A2B-88187D71E0AB}.Debug|iPhoneSimulator.Build.0 = Debug|Any CPU
		{AC209B90-8AB6-45CF-9A2B-88187D71E0AB}.Debug|iPhoneSimulator.Deploy.0 = Debug|Any CPU
		{AC209B90-8AB6-45CF-9A2B-88187D71E0AB}.Debug|x64.ActiveCfg = Debug|Any CPU
		{AC209B90-8AB6-45CF-9A2B-88187D71E0AB}.Debug|x64.Build.0 = Debug|Any CPU
		{AC209B90-8AB6-45CF-9A2B-88187D71E0AB}.Debug|x64.Deploy.0 = Debug|Any CPU
		{AC209B90-8AB6-45CF-9A2B-88187D71E0AB}.Debug|x86.ActiveCfg = Debug|Any CPU
		{AC209B90-8AB6-45CF-9A2B-88187D71E0AB}.Debug|x86.Build.0 = Debug|Any CPU
		{AC209B90-8AB6-45CF-9A2B-88187D71E0AB}.Debug|x86.Deploy.0 = Debug|Any CPU
		{AC209B90-8AB6-45CF-9A2B-88187D71E0AB}.Release|Any CPU.ActiveCfg = Release|Any CPU
		{AC209B90-8AB6-45CF-9A2B-88187D71E0AB}.Release|Any CPU.Build.0 = Release|Any CPU
		{AC209B90-8AB6-45CF-9A2B-88187D71E0AB}.Release|Any CPU.Deploy.0 = Release|Any CPU
		{AC209B90-8AB6-45CF-9A2B-88187D71E0AB}.Release|ARM.ActiveCfg = Release|Any CPU
		{AC209B90-8AB6-45CF-9A2B-88187D71E0AB}.Release|ARM.Build.0 = Release|Any CPU
		{AC209B90-8AB6-45CF-9A2B-88187D71E0AB}.Release|ARM.Deploy.0 = Release|Any CPU
		{AC209B90-8AB6-45CF-9A2B-88187D71E0AB}.Release|iPhone.ActiveCfg = Release|Any CPU
		{AC209B90-8AB6-45CF-9A2B-88187D71E0AB}.Release|iPhone.Build.0 = Release|Any CPU
		{AC209B90-8AB6-45CF-9A2B-88187D71E0AB}.Release|iPhone.Deploy.0 = Release|Any CPU
		{AC209B90-8AB6-45CF-9A2B-88187D71E0AB}.Release|iPhoneSimulator.ActiveCfg = Release|Any CPU
		{AC209B90-8AB6-45CF-9A2B-88187D71E0AB}.Release|iPhoneSimulator.Build.0 = Release|Any CPU
		{AC209B90-8AB6-45CF-9A2B-88187D71E0AB}.Release|iPhoneSimulator.Deploy.0 = Release|Any CPU
		{AC209B90-8AB6-45CF-9A2B-88187D71E0AB}.Release|x64.ActiveCfg = Release|Any CPU
		{AC209B90-8AB6-45CF-9A2B-88187D71E0AB}.Release|x64.Build.0 = Release|Any CPU
		{AC209B90-8AB6-45CF-9A2B-88187D71E0AB}.Release|x64.Deploy.0 = Release|Any CPU
		{AC209B90-8AB6-45CF-9A2B-88187D71E0AB}.Release|x86.ActiveCfg = Release|Any CPU
		{AC209B90-8AB6-45CF-9A2B-88187D71E0AB}.Release|x86.Build.0 = Release|Any CPU
		{AC209B90-8AB6-45CF-9A2B-88187D71E0AB}.Release|x86.Deploy.0 = Release|Any CPU
		{A901EA80-6787-4334-A693-17334154DEFB}.Ad-Hoc|Any CPU.ActiveCfg = Ad-Hoc|iPhone
		{A901EA80-6787-4334-A693-17334154DEFB}.Ad-Hoc|ARM.ActiveCfg = Ad-Hoc|iPhone
		{A901EA80-6787-4334-A693-17334154DEFB}.Ad-Hoc|iPhone.ActiveCfg = Ad-Hoc|iPhone
		{A901EA80-6787-4334-A693-17334154DEFB}.Ad-Hoc|iPhone.Build.0 = Ad-Hoc|iPhone
		{A901EA80-6787-4334-A693-17334154DEFB}.Ad-Hoc|iPhoneSimulator.ActiveCfg = Ad-Hoc|iPhoneSimulator
		{A901EA80-6787-4334-A693-17334154DEFB}.Ad-Hoc|iPhoneSimulator.Build.0 = Ad-Hoc|iPhoneSimulator
		{A901EA80-6787-4334-A693-17334154DEFB}.Ad-Hoc|x64.ActiveCfg = Ad-Hoc|iPhone
		{A901EA80-6787-4334-A693-17334154DEFB}.Ad-Hoc|x86.ActiveCfg = Ad-Hoc|iPhone
		{A901EA80-6787-4334-A693-17334154DEFB}.AppStore|Any CPU.ActiveCfg = AppStore|iPhone
		{A901EA80-6787-4334-A693-17334154DEFB}.AppStore|ARM.ActiveCfg = AppStore|iPhone
		{A901EA80-6787-4334-A693-17334154DEFB}.AppStore|iPhone.ActiveCfg = AppStore|iPhone
		{A901EA80-6787-4334-A693-17334154DEFB}.AppStore|iPhone.Build.0 = AppStore|iPhone
		{A901EA80-6787-4334-A693-17334154DEFB}.AppStore|iPhoneSimulator.ActiveCfg = AppStore|iPhoneSimulator
		{A901EA80-6787-4334-A693-17334154DEFB}.AppStore|iPhoneSimulator.Build.0 = AppStore|iPhoneSimulator
		{A901EA80-6787-4334-A693-17334154DEFB}.AppStore|x64.ActiveCfg = AppStore|iPhone
		{A901EA80-6787-4334-A693-17334154DEFB}.AppStore|x86.ActiveCfg = AppStore|iPhone
		{A901EA80-6787-4334-A693-17334154DEFB}.Debug|Any CPU.ActiveCfg = Debug|iPhone
		{A901EA80-6787-4334-A693-17334154DEFB}.Debug|ARM.ActiveCfg = Debug|iPhone
		{A901EA80-6787-4334-A693-17334154DEFB}.Debug|iPhone.ActiveCfg = Debug|iPhone
		{A901EA80-6787-4334-A693-17334154DEFB}.Debug|iPhone.Build.0 = Debug|iPhone
		{A901EA80-6787-4334-A693-17334154DEFB}.Debug|iPhoneSimulator.ActiveCfg = Debug|iPhoneSimulator
		{A901EA80-6787-4334-A693-17334154DEFB}.Debug|iPhoneSimulator.Build.0 = Debug|iPhoneSimulator
		{A901EA80-6787-4334-A693-17334154DEFB}.Debug|x64.ActiveCfg = Debug|iPhone
		{A901EA80-6787-4334-A693-17334154DEFB}.Debug|x86.ActiveCfg = Debug|iPhone
		{A901EA80-6787-4334-A693-17334154DEFB}.Release|Any CPU.ActiveCfg = Release|iPhone
		{A901EA80-6787-4334-A693-17334154DEFB}.Release|ARM.ActiveCfg = Release|iPhone
		{A901EA80-6787-4334-A693-17334154DEFB}.Release|iPhone.ActiveCfg = Release|iPhone
		{A901EA80-6787-4334-A693-17334154DEFB}.Release|iPhone.Build.0 = Release|iPhone
		{A901EA80-6787-4334-A693-17334154DEFB}.Release|iPhoneSimulator.ActiveCfg = Release|iPhoneSimulator
		{A901EA80-6787-4334-A693-17334154DEFB}.Release|iPhoneSimulator.Build.0 = Release|iPhoneSimulator
		{A901EA80-6787-4334-A693-17334154DEFB}.Release|x64.ActiveCfg = Release|iPhone
		{A901EA80-6787-4334-A693-17334154DEFB}.Release|x86.ActiveCfg = Release|iPhone
		{3608CD7A-F3CC-4F52-B016-404D0F639E28}.Ad-Hoc|Any CPU.ActiveCfg = Release|x86
		{3608CD7A-F3CC-4F52-B016-404D0F639E28}.Ad-Hoc|Any CPU.Build.0 = Release|x86
		{3608CD7A-F3CC-4F52-B016-404D0F639E28}.Ad-Hoc|Any CPU.Deploy.0 = Release|x86
		{3608CD7A-F3CC-4F52-B016-404D0F639E28}.Ad-Hoc|ARM.ActiveCfg = Release|ARM
		{3608CD7A-F3CC-4F52-B016-404D0F639E28}.Ad-Hoc|ARM.Build.0 = Release|ARM
		{3608CD7A-F3CC-4F52-B016-404D0F639E28}.Ad-Hoc|ARM.Deploy.0 = Release|ARM
		{3608CD7A-F3CC-4F52-B016-404D0F639E28}.Ad-Hoc|iPhone.ActiveCfg = Release|x86
		{3608CD7A-F3CC-4F52-B016-404D0F639E28}.Ad-Hoc|iPhone.Build.0 = Release|x86
		{3608CD7A-F3CC-4F52-B016-404D0F639E28}.Ad-Hoc|iPhone.Deploy.0 = Release|x86
		{3608CD7A-F3CC-4F52-B016-404D0F639E28}.Ad-Hoc|iPhoneSimulator.ActiveCfg = Release|x86
		{3608CD7A-F3CC-4F52-B016-404D0F639E28}.Ad-Hoc|iPhoneSimulator.Build.0 = Release|x86
		{3608CD7A-F3CC-4F52-B016-404D0F639E28}.Ad-Hoc|iPhoneSimulator.Deploy.0 = Release|x86
		{3608CD7A-F3CC-4F52-B016-404D0F639E28}.Ad-Hoc|x64.ActiveCfg = Release|x64
		{3608CD7A-F3CC-4F52-B016-404D0F639E28}.Ad-Hoc|x64.Build.0 = Release|x64
		{3608CD7A-F3CC-4F52-B016-404D0F639E28}.Ad-Hoc|x64.Deploy.0 = Release|x64
		{3608CD7A-F3CC-4F52-B016-404D0F639E28}.Ad-Hoc|x86.ActiveCfg = Release|x86
		{3608CD7A-F3CC-4F52-B016-404D0F639E28}.Ad-Hoc|x86.Build.0 = Release|x86
		{3608CD7A-F3CC-4F52-B016-404D0F639E28}.Ad-Hoc|x86.Deploy.0 = Release|x86
		{3608CD7A-F3CC-4F52-B016-404D0F639E28}.AppStore|Any CPU.ActiveCfg = Release|x86
		{3608CD7A-F3CC-4F52-B016-404D0F639E28}.AppStore|Any CPU.Build.0 = Release|x86
		{3608CD7A-F3CC-4F52-B016-404D0F639E28}.AppStore|Any CPU.Deploy.0 = Release|x86
		{3608CD7A-F3CC-4F52-B016-404D0F639E28}.AppStore|ARM.ActiveCfg = Release|ARM
		{3608CD7A-F3CC-4F52-B016-404D0F639E28}.AppStore|ARM.Build.0 = Release|ARM
		{3608CD7A-F3CC-4F52-B016-404D0F639E28}.AppStore|ARM.Deploy.0 = Release|ARM
		{3608CD7A-F3CC-4F52-B016-404D0F639E28}.AppStore|iPhone.ActiveCfg = Release|x86
		{3608CD7A-F3CC-4F52-B016-404D0F639E28}.AppStore|iPhone.Build.0 = Release|x86
		{3608CD7A-F3CC-4F52-B016-404D0F639E28}.AppStore|iPhone.Deploy.0 = Release|x86
		{3608CD7A-F3CC-4F52-B016-404D0F639E28}.AppStore|iPhoneSimulator.ActiveCfg = Release|x86
		{3608CD7A-F3CC-4F52-B016-404D0F639E28}.AppStore|iPhoneSimulator.Build.0 = Release|x86
		{3608CD7A-F3CC-4F52-B016-404D0F639E28}.AppStore|iPhoneSimulator.Deploy.0 = Release|x86
		{3608CD7A-F3CC-4F52-B016-404D0F639E28}.AppStore|x64.ActiveCfg = Release|x64
		{3608CD7A-F3CC-4F52-B016-404D0F639E28}.AppStore|x64.Build.0 = Release|x64
		{3608CD7A-F3CC-4F52-B016-404D0F639E28}.AppStore|x64.Deploy.0 = Release|x64
		{3608CD7A-F3CC-4F52-B016-404D0F639E28}.AppStore|x86.ActiveCfg = Release|x86
		{3608CD7A-F3CC-4F52-B016-404D0F639E28}.AppStore|x86.Build.0 = Release|x86
		{3608CD7A-F3CC-4F52-B016-404D0F639E28}.AppStore|x86.Deploy.0 = Release|x86
		{3608CD7A-F3CC-4F52-B016-404D0F639E28}.Debug|Any CPU.ActiveCfg = Debug|x86
		{3608CD7A-F3CC-4F52-B016-404D0F639E28}.Debug|ARM.ActiveCfg = Debug|ARM
		{3608CD7A-F3CC-4F52-B016-404D0F639E28}.Debug|ARM.Build.0 = Debug|ARM
		{3608CD7A-F3CC-4F52-B016-404D0F639E28}.Debug|ARM.Deploy.0 = Debug|ARM
		{3608CD7A-F3CC-4F52-B016-404D0F639E28}.Debug|iPhone.ActiveCfg = Debug|x86
		{3608CD7A-F3CC-4F52-B016-404D0F639E28}.Debug|iPhoneSimulator.ActiveCfg = Debug|x86
		{3608CD7A-F3CC-4F52-B016-404D0F639E28}.Debug|x64.ActiveCfg = Debug|x64
		{3608CD7A-F3CC-4F52-B016-404D0F639E28}.Debug|x64.Build.0 = Debug|x64
		{3608CD7A-F3CC-4F52-B016-404D0F639E28}.Debug|x64.Deploy.0 = Debug|x64
		{3608CD7A-F3CC-4F52-B016-404D0F639E28}.Debug|x86.ActiveCfg = Debug|x86
		{3608CD7A-F3CC-4F52-B016-404D0F639E28}.Debug|x86.Build.0 = Debug|x86
		{3608CD7A-F3CC-4F52-B016-404D0F639E28}.Debug|x86.Deploy.0 = Debug|x86
		{3608CD7A-F3CC-4F52-B016-404D0F639E28}.Release|Any CPU.ActiveCfg = Release|x86
		{3608CD7A-F3CC-4F52-B016-404D0F639E28}.Release|ARM.ActiveCfg = Release|ARM
		{3608CD7A-F3CC-4F52-B016-404D0F639E28}.Release|ARM.Build.0 = Release|ARM
		{3608CD7A-F3CC-4F52-B016-404D0F639E28}.Release|ARM.Deploy.0 = Release|ARM
		{3608CD7A-F3CC-4F52-B016-404D0F639E28}.Release|iPhone.ActiveCfg = Release|x86
		{3608CD7A-F3CC-4F52-B016-404D0F639E28}.Release|iPhoneSimulator.ActiveCfg = Release|x86
		{3608CD7A-F3CC-4F52-B016-404D0F639E28}.Release|x64.ActiveCfg = Release|x64
		{3608CD7A-F3CC-4F52-B016-404D0F639E28}.Release|x64.Build.0 = Release|x64
		{3608CD7A-F3CC-4F52-B016-404D0F639E28}.Release|x64.Deploy.0 = Release|x64
		{3608CD7A-F3CC-4F52-B016-404D0F639E28}.Release|x86.ActiveCfg = Release|x86
		{3608CD7A-F3CC-4F52-B016-404D0F639E28}.Release|x86.Build.0 = Release|x86
		{3608CD7A-F3CC-4F52-B016-404D0F639E28}.Release|x86.Deploy.0 = Release|x86
		{180CAD83-0371-47E0-904E-6C4C6A501148}.Ad-Hoc|Any CPU.ActiveCfg = Debug|Any CPU
		{180CAD83-0371-47E0-904E-6C4C6A501148}.Ad-Hoc|Any CPU.Build.0 = Debug|Any CPU
		{180CAD83-0371-47E0-904E-6C4C6A501148}.Ad-Hoc|ARM.ActiveCfg = Debug|Any CPU
		{180CAD83-0371-47E0-904E-6C4C6A501148}.Ad-Hoc|ARM.Build.0 = Debug|Any CPU
		{180CAD83-0371-47E0-904E-6C4C6A501148}.Ad-Hoc|iPhone.ActiveCfg = Debug|Any CPU
		{180CAD83-0371-47E0-904E-6C4C6A501148}.Ad-Hoc|iPhone.Build.0 = Debug|Any CPU
		{180CAD83-0371-47E0-904E-6C4C6A501148}.Ad-Hoc|iPhoneSimulator.ActiveCfg = Debug|Any CPU
		{180CAD83-0371-47E0-904E-6C4C6A501148}.Ad-Hoc|iPhoneSimulator.Build.0 = Debug|Any CPU
		{180CAD83-0371-47E0-904E-6C4C6A501148}.Ad-Hoc|x64.ActiveCfg = Debug|Any CPU
		{180CAD83-0371-47E0-904E-6C4C6A501148}.Ad-Hoc|x64.Build.0 = Debug|Any CPU
		{180CAD83-0371-47E0-904E-6C4C6A501148}.Ad-Hoc|x86.ActiveCfg = Debug|Any CPU
		{180CAD83-0371-47E0-904E-6C4C6A501148}.Ad-Hoc|x86.Build.0 = Debug|Any CPU
		{180CAD83-0371-47E0-904E-6C4C6A501148}.AppStore|Any CPU.ActiveCfg = Debug|Any CPU
		{180CAD83-0371-47E0-904E-6C4C6A501148}.AppStore|Any CPU.Build.0 = Debug|Any CPU
		{180CAD83-0371-47E0-904E-6C4C6A501148}.AppStore|ARM.ActiveCfg = Debug|Any CPU
		{180CAD83-0371-47E0-904E-6C4C6A501148}.AppStore|ARM.Build.0 = Debug|Any CPU
		{180CAD83-0371-47E0-904E-6C4C6A501148}.AppStore|iPhone.ActiveCfg = Debug|Any CPU
		{180CAD83-0371-47E0-904E-6C4C6A501148}.AppStore|iPhone.Build.0 = Debug|Any CPU
		{180CAD83-0371-47E0-904E-6C4C6A501148}.AppStore|iPhoneSimulator.ActiveCfg = Debug|Any CPU
		{180CAD83-0371-47E0-904E-6C4C6A501148}.AppStore|iPhoneSimulator.Build.0 = Debug|Any CPU
		{180CAD83-0371-47E0-904E-6C4C6A501148}.AppStore|x64.ActiveCfg = Debug|Any CPU
		{180CAD83-0371-47E0-904E-6C4C6A501148}.AppStore|x64.Build.0 = Debug|Any CPU
		{180CAD83-0371-47E0-904E-6C4C6A501148}.AppStore|x86.ActiveCfg = Debug|Any CPU
		{180CAD83-0371-47E0-904E-6C4C6A501148}.AppStore|x86.Build.0 = Debug|Any CPU
		{180CAD83-0371-47E0-904E-6C4C6A501148}.Debug|Any CPU.ActiveCfg = Debug|Any CPU
		{180CAD83-0371-47E0-904E-6C4C6A501148}.Debug|Any CPU.Build.0 = Debug|Any CPU
		{180CAD83-0371-47E0-904E-6C4C6A501148}.Debug|ARM.ActiveCfg = Debug|Any CPU
		{180CAD83-0371-47E0-904E-6C4C6A501148}.Debug|ARM.Build.0 = Debug|Any CPU
		{180CAD83-0371-47E0-904E-6C4C6A501148}.Debug|iPhone.ActiveCfg = Debug|Any CPU
		{180CAD83-0371-47E0-904E-6C4C6A501148}.Debug|iPhone.Build.0 = Debug|Any CPU
		{180CAD83-0371-47E0-904E-6C4C6A501148}.Debug|iPhoneSimulator.ActiveCfg = Debug|Any CPU
		{180CAD83-0371-47E0-904E-6C4C6A501148}.Debug|iPhoneSimulator.Build.0 = Debug|Any CPU
		{180CAD83-0371-47E0-904E-6C4C6A501148}.Debug|x64.ActiveCfg = Debug|Any CPU
		{180CAD83-0371-47E0-904E-6C4C6A501148}.Debug|x64.Build.0 = Debug|Any CPU
		{180CAD83-0371-47E0-904E-6C4C6A501148}.Debug|x86.ActiveCfg = Debug|Any CPU
		{180CAD83-0371-47E0-904E-6C4C6A501148}.Debug|x86.Build.0 = Debug|Any CPU
		{180CAD83-0371-47E0-904E-6C4C6A501148}.Release|Any CPU.ActiveCfg = Release|Any CPU
		{180CAD83-0371-47E0-904E-6C4C6A501148}.Release|Any CPU.Build.0 = Release|Any CPU
		{180CAD83-0371-47E0-904E-6C4C6A501148}.Release|ARM.ActiveCfg = Release|Any CPU
		{180CAD83-0371-47E0-904E-6C4C6A501148}.Release|ARM.Build.0 = Release|Any CPU
		{180CAD83-0371-47E0-904E-6C4C6A501148}.Release|iPhone.ActiveCfg = Release|Any CPU
		{180CAD83-0371-47E0-904E-6C4C6A501148}.Release|iPhone.Build.0 = Release|Any CPU
		{180CAD83-0371-47E0-904E-6C4C6A501148}.Release|iPhoneSimulator.ActiveCfg = Release|Any CPU
		{180CAD83-0371-47E0-904E-6C4C6A501148}.Release|iPhoneSimulator.Build.0 = Release|Any CPU
		{180CAD83-0371-47E0-904E-6C4C6A501148}.Release|x64.ActiveCfg = Release|Any CPU
		{180CAD83-0371-47E0-904E-6C4C6A501148}.Release|x64.Build.0 = Release|Any CPU
		{180CAD83-0371-47E0-904E-6C4C6A501148}.Release|x86.ActiveCfg = Release|Any CPU
		{180CAD83-0371-47E0-904E-6C4C6A501148}.Release|x86.Build.0 = Release|Any CPU
	EndGlobalSection
	GlobalSection(SolutionProperties) = preSolution
		HideSolutionNode = FALSE
	EndGlobalSection
	GlobalSection(ExtensibilityGlobals) = postSolution
		SolutionGuid = {04030659-F1A8-4553-B122-D0A069E04983}
	EndGlobalSection
EndGlobal
