
Microsoft Visual Studio Solution File, Format Version 12.00
# Visual Studio 15
VisualStudioVersion = 15.0.27130.2010
MinimumVisualStudioVersion = 10.0.40219.1
Project("{FAE04EC0-301F-11D3-BF4B-00C04F79EFBC}") = "Example.Server.Web", "Example.Server.Web\Example.Server.Web.csproj", "{ABDBB41D-7D72-497C-A3ED-FD16249C44C0}"
EndProject
Project("{FAE04EC0-301F-11D3-BF4B-00C04F79EFBC}") = "Example.Server.Core", "Example.Server.Core\Example.Server.Core.csproj", "{AB2525FC-C43C-4FB8-AED9-C6DE0B4EEB9E}"
EndProject
Global
	GlobalSection(SolutionConfigurationPlatforms) = preSolution
		Debug|Any CPU = Debug|Any CPU
		Release|Any CPU = Release|Any CPU
	EndGlobalSection
	GlobalSection(ProjectConfigurationPlatforms) = postSolution
		{ABDBB41D-7D72-497C-A3ED-FD16249C44C0}.Debug|Any CPU.ActiveCfg = Debug|Any CPU
		{ABDBB41D-7D72-497C-A3ED-FD16249C44C0}.Debug|Any CPU.Build.0 = Debug|Any CPU
		{ABDBB41D-7D72-497C-A3ED-FD16249C44C0}.Release|Any CPU.ActiveCfg = Release|Any CPU
		{ABDBB41D-7D72-497C-A3ED-FD16249C44C0}.Release|Any CPU.Build.0 = Release|Any CPU
		{AB2525FC-C43C-4FB8-AED9-C6DE0B4EEB9E}.Debug|Any CPU.ActiveCfg = Debug|Any CPU
		{AB2525FC-C43C-4FB8-AED9-C6DE0B4EEB9E}.Debug|Any CPU.Build.0 = Debug|Any CPU
		{AB2525FC-C43C-4FB8-AED9-C6DE0B4EEB9E}.Release|Any CPU.ActiveCfg = Release|Any CPU
		{AB2525FC-C43C-4FB8-AED9-C6DE0B4EEB9E}.Release|Any CPU.Build.0 = Release|Any CPU
	EndGlobalSection
	GlobalSection(SolutionProperties) = preSolution
		HideSolutionNode = FALSE
	EndGlobalSection
	GlobalSection(ExtensibilityGlobals) = postSolution
		SolutionGuid = {E6E894C2-5260-4319-9B80-4DA31F91DDE4}
	EndGlobalSection
EndGlobal
