
Microsoft Visual Studio Solution File, Format Version 12.00
# Visual Studio Version 17
VisualStudioVersion = 17.11.35219.272
MinimumVisualStudioVersion = 10.0.40219.1
Project("{9A19103F-16F7-4668-BE54-9A1E7A4F7556}") = "WorkVisualTimeline", "WorkVisualTimeline\WorkVisualTimeline.csproj", "{38F87542-0DB1-4B23-954B-A1AF74F6C1C6}"
EndProject
Project("{FAE04EC0-301F-11D3-BF4B-00C04F79EFBC}") = "WorkVisualGraphic", "..\WorkVisualGraphic\WorkVisualGraphic.csproj", "{94F91501-20C8-463D-AF4A-F82F954BF06C}"
EndProject
Global
	GlobalSection(SolutionConfigurationPlatforms) = preSolution
		Debug|Any CPU = Debug|Any CPU
		Release|Any CPU = Release|Any CPU
	EndGlobalSection
	GlobalSection(ProjectConfigurationPlatforms) = postSolution
		{38F87542-0DB1-4B23-954B-A1AF74F6C1C6}.Debug|Any CPU.ActiveCfg = Debug|Any CPU
		{38F87542-0DB1-4B23-954B-A1AF74F6C1C6}.Debug|Any CPU.Build.0 = Debug|Any CPU
		{38F87542-0DB1-4B23-954B-A1AF74F6C1C6}.Debug|Any CPU.Deploy.0 = Debug|Any CPU
		{38F87542-0DB1-4B23-954B-A1AF74F6C1C6}.Release|Any CPU.ActiveCfg = Release|Any CPU
		{38F87542-0DB1-4B23-954B-A1AF74F6C1C6}.Release|Any CPU.Build.0 = Release|Any CPU
		{38F87542-0DB1-4B23-954B-A1AF74F6C1C6}.Release|Any CPU.Deploy.0 = Release|Any CPU
		{94F91501-20C8-463D-AF4A-F82F954BF06C}.Debug|Any CPU.ActiveCfg = Debug|Any CPU
		{94F91501-20C8-463D-AF4A-F82F954BF06C}.Debug|Any CPU.Build.0 = Debug|Any CPU
		{94F91501-20C8-463D-AF4A-F82F954BF06C}.Debug|Any CPU.Deploy.0 = Debug|Any CPU
		{94F91501-20C8-463D-AF4A-F82F954BF06C}.Release|Any CPU.ActiveCfg = Release|Any CPU
		{94F91501-20C8-463D-AF4A-F82F954BF06C}.Release|Any CPU.Build.0 = Release|Any CPU
		{94F91501-20C8-463D-AF4A-F82F954BF06C}.Release|Any CPU.Deploy.0 = Release|Any CPU
	EndGlobalSection
	GlobalSection(SolutionProperties) = preSolution
		HideSolutionNode = FALSE
	EndGlobalSection
	GlobalSection(ExtensibilityGlobals) = postSolution
		SolutionGuid = {2012B188-6EBB-473C-B022-8C4179428A4A}
	EndGlobalSection
EndGlobal
