
Microsoft Visual Studio Solution File, Format Version 12.00
# Visual Studio Version 17
VisualStudioVersion = 17.0.31611.283
MinimumVisualStudioVersion = 10.0.40219.1
Project("{9A19103F-16F7-4668-BE54-9A1E7A4F7556}") = "WorkControl", "WorkControl\WorkControl.csproj", "{6B758699-AB67-4955-BC69-5B33D02F57DB}"
EndProject
Project("{9A19103F-16F7-4668-BE54-9A1E7A4F7556}") = "WorkControl2", "WorkControl2\WorkControl2.csproj", "{43960269-926A-48D8-810D-050827B4D88D}"
EndProject
Project("{9A19103F-16F7-4668-BE54-9A1E7A4F7556}") = "WorkControl3", "WorkControl3\WorkControl3.csproj", "{941D43A1-3711-4A9E-BCBE-A68B9D1E304E}"
EndProject
Project("{2150E333-8FDC-42A3-9474-1A3956D46DE8}") = "Control", "Control", "{F368FB04-C4B2-49CC-89B0-9AAD1FE4F209}"
EndProject
Project("{9A19103F-16F7-4668-BE54-9A1E7A4F7556}") = "WorkEffect", "WorkEffect\WorkEffect.csproj", "{5485E260-5993-4CD3-8600-EB6BF4997332}"
EndProject
Project("{2150E333-8FDC-42A3-9474-1A3956D46DE8}") = "Key", "Key", "{69BFCE90-D775-4F3B-B406-DA1C2A13E473}"
EndProject
Project("{2150E333-8FDC-42A3-9474-1A3956D46DE8}") = "Log", "Log", "{B4BAC8D5-921D-4C7C-BEF4-7B67AD352594}"
EndProject
Project("{9A19103F-16F7-4668-BE54-9A1E7A4F7556}") = "WorkLog", "WorkLog\WorkLog.csproj", "{4683A3A1-F4A0-4E75-BDFF-A73674052943}"
EndProject
Project("{2150E333-8FDC-42A3-9474-1A3956D46DE8}") = "Font", "Font", "{4C7AE6F4-137B-43E3-A778-1FD4E3C71845}"
EndProject
Project("{9A19103F-16F7-4668-BE54-9A1E7A4F7556}") = "WorkFont", "WorkFont\WorkFont.csproj", "{9DC05FEC-6DEC-4FA9-84FA-E4AC4C23A824}"
EndProject
Project("{9A19103F-16F7-4668-BE54-9A1E7A4F7556}") = "WorkAdjust", "WorkAdjust\WorkAdjust.csproj", "{339F0B48-78FF-4450-8F22-3462D8EF203D}"
EndProject
Project("{2150E333-8FDC-42A3-9474-1A3956D46DE8}") = "Lifecycle", "Lifecycle", "{F7221247-78DE-4FE2-8C47-144C3646A8C5}"
EndProject
Project("{9A19103F-16F7-4668-BE54-9A1E7A4F7556}") = "WorkBackPressed", "WorkBackPressed\WorkBackPressed.csproj", "{F1BB0B71-6197-4E8D-ADB9-8220ED7A9F83}"
EndProject
Project("{9A19103F-16F7-4668-BE54-9A1E7A4F7556}") = "WorkStatusBar", "WorkStatusBar\WorkStatusBar.csproj", "{D64E11F4-2B86-4C9E-B6AE-7D40BDB3FEAC}"
EndProject
Project("{9A19103F-16F7-4668-BE54-9A1E7A4F7556}") = "WorkLifecycle", "WorkLifecycle\WorkLifecycle.csproj", "{EAA5C42D-A835-47FD-8463-D6FB33791FED}"
EndProject
Project("{2150E333-8FDC-42A3-9474-1A3956D46DE8}") = "Device", "Device", "{395F2A00-9E0C-4C43-86E1-27AD84162CA9}"
EndProject
Project("{9A19103F-16F7-4668-BE54-9A1E7A4F7556}") = "WorkDevice", "WorkDevice\WorkDevice.csproj", "{213D41BB-664F-4127-A201-42A53FB332F0}"
EndProject
Project("{9A19103F-16F7-4668-BE54-9A1E7A4F7556}") = "WorkFocus", "WorkFocus\WorkFocus.csproj", "{B436BD47-AE60-48B2-8FDC-3CCB468408E6}"
EndProject
Project("{9A19103F-16F7-4668-BE54-9A1E7A4F7556}") = "WorkElement", "WorkElement\WorkElement.csproj", "{F0F7B8F5-AAF1-4826-94BC-5A8037A7E0AF}"
EndProject
Project("{2150E333-8FDC-42A3-9474-1A3956D46DE8}") = "Native", "Native", "{860CC7A7-2FBA-4B1E-9539-A77512B4ABC1}"
EndProject
Project("{9A19103F-16F7-4668-BE54-9A1E7A4F7556}") = "WorkNativeControl", "WorkNativeControl\WorkNativeControl.csproj", "{DB81EA5A-1E48-49F9-8C83-66DDFCC4AEFE}"
EndProject
Project("{9A19103F-16F7-4668-BE54-9A1E7A4F7556}") = "WorkNativeFocus", "WorkNativeFocus\WorkNativeFocus.csproj", "{0A9E6ED4-E57A-4DAA-BCEF-2D7C5D1B8AF5}"
EndProject
Project("{9A19103F-16F7-4668-BE54-9A1E7A4F7556}") = "WorkLocalize", "WorkLocalize\WorkLocalize.csproj", "{C5ACFE40-E3D3-4D02-9330-83F25CCEA59A}"
EndProject
Project("{2150E333-8FDC-42A3-9474-1A3956D46DE8}") = "Localize", "Localize", "{F5A6FDCD-977C-4AF5-BA72-6B670C34EFCD}"
EndProject
Project("{9A19103F-16F7-4668-BE54-9A1E7A4F7556}") = "WorkQrDisplay1", "WorkQrDisplay1\WorkQrDisplay1.csproj", "{30AAF05A-B4D5-4BDA-B838-CBB08EE4B9A6}"
EndProject
Project("{2150E333-8FDC-42A3-9474-1A3956D46DE8}") = "Camera", "Camera", "{2E2AAC9A-6A93-4477-AE77-DF9A0EFDF2F0}"
EndProject
Project("{FAE04EC0-301F-11D3-BF4B-00C04F79EFBC}") = "WorkControlSquare", "WorkControlSquare\WorkControlSquare.csproj", "{A3548104-E191-4898-B120-8345746D7AFC}"
EndProject
Project("{FAE04EC0-301F-11D3-BF4B-00C04F79EFBC}") = "WorkCamera", "WorkCamera\WorkCamera.csproj", "{CAE18610-94AE-48F8-B99D-714695AB20B6}"
EndProject
Global
	GlobalSection(SolutionConfigurationPlatforms) = preSolution
		Debug|Any CPU = Debug|Any CPU
		Release|Any CPU = Release|Any CPU
	EndGlobalSection
	GlobalSection(ProjectConfigurationPlatforms) = postSolution
		{6B758699-AB67-4955-BC69-5B33D02F57DB}.Debug|Any CPU.ActiveCfg = Debug|Any CPU
		{6B758699-AB67-4955-BC69-5B33D02F57DB}.Debug|Any CPU.Deploy.0 = Debug|Any CPU
		{6B758699-AB67-4955-BC69-5B33D02F57DB}.Release|Any CPU.ActiveCfg = Release|Any CPU
		{6B758699-AB67-4955-BC69-5B33D02F57DB}.Release|Any CPU.Build.0 = Release|Any CPU
		{6B758699-AB67-4955-BC69-5B33D02F57DB}.Release|Any CPU.Deploy.0 = Release|Any CPU
		{43960269-926A-48D8-810D-050827B4D88D}.Debug|Any CPU.ActiveCfg = Debug|Any CPU
		{43960269-926A-48D8-810D-050827B4D88D}.Debug|Any CPU.Deploy.0 = Debug|Any CPU
		{43960269-926A-48D8-810D-050827B4D88D}.Release|Any CPU.ActiveCfg = Release|Any CPU
		{43960269-926A-48D8-810D-050827B4D88D}.Release|Any CPU.Build.0 = Release|Any CPU
		{43960269-926A-48D8-810D-050827B4D88D}.Release|Any CPU.Deploy.0 = Release|Any CPU
		{941D43A1-3711-4A9E-BCBE-A68B9D1E304E}.Debug|Any CPU.ActiveCfg = Debug|Any CPU
		{941D43A1-3711-4A9E-BCBE-A68B9D1E304E}.Debug|Any CPU.Deploy.0 = Debug|Any CPU
		{941D43A1-3711-4A9E-BCBE-A68B9D1E304E}.Release|Any CPU.ActiveCfg = Release|Any CPU
		{941D43A1-3711-4A9E-BCBE-A68B9D1E304E}.Release|Any CPU.Build.0 = Release|Any CPU
		{941D43A1-3711-4A9E-BCBE-A68B9D1E304E}.Release|Any CPU.Deploy.0 = Release|Any CPU
		{5485E260-5993-4CD3-8600-EB6BF4997332}.Debug|Any CPU.ActiveCfg = Debug|Any CPU
		{5485E260-5993-4CD3-8600-EB6BF4997332}.Debug|Any CPU.Deploy.0 = Debug|Any CPU
		{5485E260-5993-4CD3-8600-EB6BF4997332}.Release|Any CPU.ActiveCfg = Release|Any CPU
		{5485E260-5993-4CD3-8600-EB6BF4997332}.Release|Any CPU.Build.0 = Release|Any CPU
		{5485E260-5993-4CD3-8600-EB6BF4997332}.Release|Any CPU.Deploy.0 = Release|Any CPU
		{4683A3A1-F4A0-4E75-BDFF-A73674052943}.Debug|Any CPU.ActiveCfg = Debug|Any CPU
		{4683A3A1-F4A0-4E75-BDFF-A73674052943}.Debug|Any CPU.Deploy.0 = Debug|Any CPU
		{4683A3A1-F4A0-4E75-BDFF-A73674052943}.Release|Any CPU.ActiveCfg = Release|Any CPU
		{4683A3A1-F4A0-4E75-BDFF-A73674052943}.Release|Any CPU.Build.0 = Release|Any CPU
		{4683A3A1-F4A0-4E75-BDFF-A73674052943}.Release|Any CPU.Deploy.0 = Release|Any CPU
		{9DC05FEC-6DEC-4FA9-84FA-E4AC4C23A824}.Debug|Any CPU.ActiveCfg = Debug|Any CPU
		{9DC05FEC-6DEC-4FA9-84FA-E4AC4C23A824}.Release|Any CPU.ActiveCfg = Release|Any CPU
		{9DC05FEC-6DEC-4FA9-84FA-E4AC4C23A824}.Release|Any CPU.Build.0 = Release|Any CPU
		{9DC05FEC-6DEC-4FA9-84FA-E4AC4C23A824}.Release|Any CPU.Deploy.0 = Release|Any CPU
		{339F0B48-78FF-4450-8F22-3462D8EF203D}.Debug|Any CPU.ActiveCfg = Debug|Any CPU
		{339F0B48-78FF-4450-8F22-3462D8EF203D}.Debug|Any CPU.Deploy.0 = Debug|Any CPU
		{339F0B48-78FF-4450-8F22-3462D8EF203D}.Release|Any CPU.ActiveCfg = Release|Any CPU
		{339F0B48-78FF-4450-8F22-3462D8EF203D}.Release|Any CPU.Build.0 = Release|Any CPU
		{339F0B48-78FF-4450-8F22-3462D8EF203D}.Release|Any CPU.Deploy.0 = Release|Any CPU
		{F1BB0B71-6197-4E8D-ADB9-8220ED7A9F83}.Debug|Any CPU.ActiveCfg = Debug|Any CPU
		{F1BB0B71-6197-4E8D-ADB9-8220ED7A9F83}.Release|Any CPU.ActiveCfg = Release|Any CPU
		{F1BB0B71-6197-4E8D-ADB9-8220ED7A9F83}.Release|Any CPU.Build.0 = Release|Any CPU
		{F1BB0B71-6197-4E8D-ADB9-8220ED7A9F83}.Release|Any CPU.Deploy.0 = Release|Any CPU
		{D64E11F4-2B86-4C9E-B6AE-7D40BDB3FEAC}.Debug|Any CPU.ActiveCfg = Debug|Any CPU
		{D64E11F4-2B86-4C9E-B6AE-7D40BDB3FEAC}.Release|Any CPU.ActiveCfg = Release|Any CPU
		{D64E11F4-2B86-4C9E-B6AE-7D40BDB3FEAC}.Release|Any CPU.Build.0 = Release|Any CPU
		{D64E11F4-2B86-4C9E-B6AE-7D40BDB3FEAC}.Release|Any CPU.Deploy.0 = Release|Any CPU
		{EAA5C42D-A835-47FD-8463-D6FB33791FED}.Debug|Any CPU.ActiveCfg = Debug|Any CPU
		{EAA5C42D-A835-47FD-8463-D6FB33791FED}.Release|Any CPU.ActiveCfg = Release|Any CPU
		{EAA5C42D-A835-47FD-8463-D6FB33791FED}.Release|Any CPU.Build.0 = Release|Any CPU
		{EAA5C42D-A835-47FD-8463-D6FB33791FED}.Release|Any CPU.Deploy.0 = Release|Any CPU
		{213D41BB-664F-4127-A201-42A53FB332F0}.Debug|Any CPU.ActiveCfg = Debug|Any CPU
		{213D41BB-664F-4127-A201-42A53FB332F0}.Debug|Any CPU.Deploy.0 = Debug|Any CPU
		{213D41BB-664F-4127-A201-42A53FB332F0}.Release|Any CPU.ActiveCfg = Release|Any CPU
		{213D41BB-664F-4127-A201-42A53FB332F0}.Release|Any CPU.Build.0 = Release|Any CPU
		{213D41BB-664F-4127-A201-42A53FB332F0}.Release|Any CPU.Deploy.0 = Release|Any CPU
		{B436BD47-AE60-48B2-8FDC-3CCB468408E6}.Debug|Any CPU.ActiveCfg = Debug|Any CPU
		{B436BD47-AE60-48B2-8FDC-3CCB468408E6}.Release|Any CPU.ActiveCfg = Release|Any CPU
		{B436BD47-AE60-48B2-8FDC-3CCB468408E6}.Release|Any CPU.Build.0 = Release|Any CPU
		{B436BD47-AE60-48B2-8FDC-3CCB468408E6}.Release|Any CPU.Deploy.0 = Release|Any CPU
		{F0F7B8F5-AAF1-4826-94BC-5A8037A7E0AF}.Debug|Any CPU.ActiveCfg = Debug|Any CPU
		{F0F7B8F5-AAF1-4826-94BC-5A8037A7E0AF}.Release|Any CPU.ActiveCfg = Release|Any CPU
		{F0F7B8F5-AAF1-4826-94BC-5A8037A7E0AF}.Release|Any CPU.Build.0 = Release|Any CPU
		{F0F7B8F5-AAF1-4826-94BC-5A8037A7E0AF}.Release|Any CPU.Deploy.0 = Release|Any CPU
		{DB81EA5A-1E48-49F9-8C83-66DDFCC4AEFE}.Debug|Any CPU.ActiveCfg = Debug|Any CPU
		{DB81EA5A-1E48-49F9-8C83-66DDFCC4AEFE}.Release|Any CPU.ActiveCfg = Release|Any CPU
		{DB81EA5A-1E48-49F9-8C83-66DDFCC4AEFE}.Release|Any CPU.Build.0 = Release|Any CPU
		{DB81EA5A-1E48-49F9-8C83-66DDFCC4AEFE}.Release|Any CPU.Deploy.0 = Release|Any CPU
		{0A9E6ED4-E57A-4DAA-BCEF-2D7C5D1B8AF5}.Debug|Any CPU.ActiveCfg = Debug|Any CPU
		{0A9E6ED4-E57A-4DAA-BCEF-2D7C5D1B8AF5}.Release|Any CPU.ActiveCfg = Release|Any CPU
		{0A9E6ED4-E57A-4DAA-BCEF-2D7C5D1B8AF5}.Release|Any CPU.Build.0 = Release|Any CPU
		{0A9E6ED4-E57A-4DAA-BCEF-2D7C5D1B8AF5}.Release|Any CPU.Deploy.0 = Release|Any CPU
		{C5ACFE40-E3D3-4D02-9330-83F25CCEA59A}.Debug|Any CPU.ActiveCfg = Debug|Any CPU
		{C5ACFE40-E3D3-4D02-9330-83F25CCEA59A}.Release|Any CPU.ActiveCfg = Release|Any CPU
		{C5ACFE40-E3D3-4D02-9330-83F25CCEA59A}.Release|Any CPU.Build.0 = Release|Any CPU
		{C5ACFE40-E3D3-4D02-9330-83F25CCEA59A}.Release|Any CPU.Deploy.0 = Release|Any CPU
		{30AAF05A-B4D5-4BDA-B838-CBB08EE4B9A6}.Debug|Any CPU.ActiveCfg = Debug|Any CPU
		{30AAF05A-B4D5-4BDA-B838-CBB08EE4B9A6}.Debug|Any CPU.Deploy.0 = Debug|Any CPU
		{30AAF05A-B4D5-4BDA-B838-CBB08EE4B9A6}.Release|Any CPU.ActiveCfg = Release|Any CPU
		{30AAF05A-B4D5-4BDA-B838-CBB08EE4B9A6}.Release|Any CPU.Build.0 = Release|Any CPU
		{30AAF05A-B4D5-4BDA-B838-CBB08EE4B9A6}.Release|Any CPU.Deploy.0 = Release|Any CPU
		{A3548104-E191-4898-B120-8345746D7AFC}.Debug|Any CPU.ActiveCfg = Debug|Any CPU
		{A3548104-E191-4898-B120-8345746D7AFC}.Debug|Any CPU.Deploy.0 = Debug|Any CPU
		{A3548104-E191-4898-B120-8345746D7AFC}.Release|Any CPU.ActiveCfg = Release|Any CPU
		{A3548104-E191-4898-B120-8345746D7AFC}.Release|Any CPU.Build.0 = Release|Any CPU
		{A3548104-E191-4898-B120-8345746D7AFC}.Release|Any CPU.Deploy.0 = Release|Any CPU
		{CAE18610-94AE-48F8-B99D-714695AB20B6}.Debug|Any CPU.ActiveCfg = Debug|Any CPU
		{CAE18610-94AE-48F8-B99D-714695AB20B6}.Debug|Any CPU.Build.0 = Debug|Any CPU
		{CAE18610-94AE-48F8-B99D-714695AB20B6}.Debug|Any CPU.Deploy.0 = Debug|Any CPU
		{CAE18610-94AE-48F8-B99D-714695AB20B6}.Release|Any CPU.ActiveCfg = Release|Any CPU
		{CAE18610-94AE-48F8-B99D-714695AB20B6}.Release|Any CPU.Build.0 = Release|Any CPU
		{CAE18610-94AE-48F8-B99D-714695AB20B6}.Release|Any CPU.Deploy.0 = Release|Any CPU
	EndGlobalSection
	GlobalSection(SolutionProperties) = preSolution
		HideSolutionNode = FALSE
	EndGlobalSection
	GlobalSection(NestedProjects) = preSolution
		{6B758699-AB67-4955-BC69-5B33D02F57DB} = {F368FB04-C4B2-49CC-89B0-9AAD1FE4F209}
		{43960269-926A-48D8-810D-050827B4D88D} = {F368FB04-C4B2-49CC-89B0-9AAD1FE4F209}
		{941D43A1-3711-4A9E-BCBE-A68B9D1E304E} = {F368FB04-C4B2-49CC-89B0-9AAD1FE4F209}
		{5485E260-5993-4CD3-8600-EB6BF4997332} = {F368FB04-C4B2-49CC-89B0-9AAD1FE4F209}
		{4683A3A1-F4A0-4E75-BDFF-A73674052943} = {B4BAC8D5-921D-4C7C-BEF4-7B67AD352594}
		{9DC05FEC-6DEC-4FA9-84FA-E4AC4C23A824} = {4C7AE6F4-137B-43E3-A778-1FD4E3C71845}
		{339F0B48-78FF-4450-8F22-3462D8EF203D} = {F368FB04-C4B2-49CC-89B0-9AAD1FE4F209}
		{F1BB0B71-6197-4E8D-ADB9-8220ED7A9F83} = {F7221247-78DE-4FE2-8C47-144C3646A8C5}
		{D64E11F4-2B86-4C9E-B6AE-7D40BDB3FEAC} = {F7221247-78DE-4FE2-8C47-144C3646A8C5}
		{EAA5C42D-A835-47FD-8463-D6FB33791FED} = {F7221247-78DE-4FE2-8C47-144C3646A8C5}
		{213D41BB-664F-4127-A201-42A53FB332F0} = {395F2A00-9E0C-4C43-86E1-27AD84162CA9}
		{B436BD47-AE60-48B2-8FDC-3CCB468408E6} = {69BFCE90-D775-4F3B-B406-DA1C2A13E473}
		{F0F7B8F5-AAF1-4826-94BC-5A8037A7E0AF} = {69BFCE90-D775-4F3B-B406-DA1C2A13E473}
		{DB81EA5A-1E48-49F9-8C83-66DDFCC4AEFE} = {860CC7A7-2FBA-4B1E-9539-A77512B4ABC1}
		{0A9E6ED4-E57A-4DAA-BCEF-2D7C5D1B8AF5} = {860CC7A7-2FBA-4B1E-9539-A77512B4ABC1}
		{C5ACFE40-E3D3-4D02-9330-83F25CCEA59A} = {F5A6FDCD-977C-4AF5-BA72-6B670C34EFCD}
		{30AAF05A-B4D5-4BDA-B838-CBB08EE4B9A6} = {2E2AAC9A-6A93-4477-AE77-DF9A0EFDF2F0}
		{A3548104-E191-4898-B120-8345746D7AFC} = {F368FB04-C4B2-49CC-89B0-9AAD1FE4F209}
		{CAE18610-94AE-48F8-B99D-714695AB20B6} = {2E2AAC9A-6A93-4477-AE77-DF9A0EFDF2F0}
	EndGlobalSection
	GlobalSection(ExtensibilityGlobals) = postSolution
		SolutionGuid = {61F7FB11-1E47-470C-91E2-47F8143E1572}
	EndGlobalSection
EndGlobal
