
Microsoft Visual Studio Solution File, Format Version 12.00
# Visual Studio Version 16
VisualStudioVersion = 16.0.29009.5
MinimumVisualStudioVersion = 10.0.40219.1
Project("{FAE04EC0-301F-11D3-BF4B-00C04F79EFBC}") = "AnimationTest.UWP", "AnimationTest\AnimationTest.UWP\AnimationTest.UWP.csproj", "{C9AA4F24-76B2-4305-BBC8-F9101FBEF78E}"
EndProject
Project("{FAE04EC0-301F-11D3-BF4B-00C04F79EFBC}") = "AnimationTest.Android", "AnimationTest\AnimationTest.Android\AnimationTest.Android.csproj", "{824619BB-9B6B-439A-B002-AEA3920802EE}"
EndProject
Project("{FAE04EC0-301F-11D3-BF4B-00C04F79EFBC}") = "AnimationTest.iOS", "AnimationTest\AnimationTest.iOS\AnimationTest.iOS.csproj", "{B5A7B0C1-EB2D-4372-A36B-94D8732B312F}"
EndProject
Project("{FAE04EC0-301F-11D3-BF4B-00C04F79EFBC}") = "AnimationTest", "AnimationTest\AnimationTest\AnimationTest.csproj", "{0D43D7F0-0362-4220-BBB4-0488C777E8E0}"
EndProject
Global
	GlobalSection(SolutionConfigurationPlatforms) = preSolution
		Debug|Any CPU = Debug|Any CPU
		Debug|ARM = Debug|ARM
		Debug|iPhone = Debug|iPhone
		Debug|iPhoneSimulator = Debug|iPhoneSimulator
		Debug|x64 = Debug|x64
		Debug|x86 = Debug|x86
		Release|Any CPU = Release|Any CPU
		Release|ARM = Release|ARM
		Release|iPhone = Release|iPhone
		Release|iPhoneSimulator = Release|iPhoneSimulator
		Release|x64 = Release|x64
		Release|x86 = Release|x86
	EndGlobalSection
	GlobalSection(ProjectConfigurationPlatforms) = postSolution
		{C9AA4F24-76B2-4305-BBC8-F9101FBEF78E}.Debug|Any CPU.ActiveCfg = Debug|x86
		{C9AA4F24-76B2-4305-BBC8-F9101FBEF78E}.Debug|Any CPU.Build.0 = Debug|x86
		{C9AA4F24-76B2-4305-BBC8-F9101FBEF78E}.Debug|Any CPU.Deploy.0 = Debug|x86
		{C9AA4F24-76B2-4305-BBC8-F9101FBEF78E}.Debug|ARM.ActiveCfg = Debug|ARM
		{C9AA4F24-76B2-4305-BBC8-F9101FBEF78E}.Debug|ARM.Build.0 = Debug|ARM
		{C9AA4F24-76B2-4305-BBC8-F9101FBEF78E}.Debug|ARM.Deploy.0 = Debug|ARM
		{C9AA4F24-76B2-4305-BBC8-F9101FBEF78E}.Debug|iPhone.ActiveCfg = Debug|x86
		{C9AA4F24-76B2-4305-BBC8-F9101FBEF78E}.Debug|iPhone.Build.0 = Debug|x86
		{C9AA4F24-76B2-4305-BBC8-F9101FBEF78E}.Debug|iPhone.Deploy.0 = Debug|x86
		{C9AA4F24-76B2-4305-BBC8-F9101FBEF78E}.Debug|iPhoneSimulator.ActiveCfg = Debug|x86
		{C9AA4F24-76B2-4305-BBC8-F9101FBEF78E}.Debug|iPhoneSimulator.Build.0 = Debug|x86
		{C9AA4F24-76B2-4305-BBC8-F9101FBEF78E}.Debug|iPhoneSimulator.Deploy.0 = Debug|x86
		{C9AA4F24-76B2-4305-BBC8-F9101FBEF78E}.Debug|x64.ActiveCfg = Debug|x64
		{C9AA4F24-76B2-4305-BBC8-F9101FBEF78E}.Debug|x64.Build.0 = Debug|x64
		{C9AA4F24-76B2-4305-BBC8-F9101FBEF78E}.Debug|x64.Deploy.0 = Debug|x64
		{C9AA4F24-76B2-4305-BBC8-F9101FBEF78E}.Debug|x86.ActiveCfg = Debug|x86
		{C9AA4F24-76B2-4305-BBC8-F9101FBEF78E}.Debug|x86.Build.0 = Debug|x86
		{C9AA4F24-76B2-4305-BBC8-F9101FBEF78E}.Debug|x86.Deploy.0 = Debug|x86
		{C9AA4F24-76B2-4305-BBC8-F9101FBEF78E}.Release|Any CPU.ActiveCfg = Release|x86
		{C9AA4F24-76B2-4305-BBC8-F9101FBEF78E}.Release|Any CPU.Build.0 = Release|x86
		{C9AA4F24-76B2-4305-BBC8-F9101FBEF78E}.Release|Any CPU.Deploy.0 = Release|x86
		{C9AA4F24-76B2-4305-BBC8-F9101FBEF78E}.Release|ARM.ActiveCfg = Release|ARM
		{C9AA4F24-76B2-4305-BBC8-F9101FBEF78E}.Release|ARM.Build.0 = Release|ARM
		{C9AA4F24-76B2-4305-BBC8-F9101FBEF78E}.Release|ARM.Deploy.0 = Release|ARM
		{C9AA4F24-76B2-4305-BBC8-F9101FBEF78E}.Release|iPhone.ActiveCfg = Release|x86
		{C9AA4F24-76B2-4305-BBC8-F9101FBEF78E}.Release|iPhone.Build.0 = Release|x86
		{C9AA4F24-76B2-4305-BBC8-F9101FBEF78E}.Release|iPhone.Deploy.0 = Release|x86
		{C9AA4F24-76B2-4305-BBC8-F9101FBEF78E}.Release|iPhoneSimulator.ActiveCfg = Release|x86
		{C9AA4F24-76B2-4305-BBC8-F9101FBEF78E}.Release|iPhoneSimulator.Build.0 = Release|x86
		{C9AA4F24-76B2-4305-BBC8-F9101FBEF78E}.Release|iPhoneSimulator.Deploy.0 = Release|x86
		{C9AA4F24-76B2-4305-BBC8-F9101FBEF78E}.Release|x64.ActiveCfg = Release|x64
		{C9AA4F24-76B2-4305-BBC8-F9101FBEF78E}.Release|x64.Build.0 = Release|x64
		{C9AA4F24-76B2-4305-BBC8-F9101FBEF78E}.Release|x64.Deploy.0 = Release|x64
		{C9AA4F24-76B2-4305-BBC8-F9101FBEF78E}.Release|x86.ActiveCfg = Release|x86
		{C9AA4F24-76B2-4305-BBC8-F9101FBEF78E}.Release|x86.Build.0 = Release|x86
		{C9AA4F24-76B2-4305-BBC8-F9101FBEF78E}.Release|x86.Deploy.0 = Release|x86
		{824619BB-9B6B-439A-B002-AEA3920802EE}.Debug|Any CPU.ActiveCfg = Debug|Any CPU
		{824619BB-9B6B-439A-B002-AEA3920802EE}.Debug|Any CPU.Build.0 = Debug|Any CPU
		{824619BB-9B6B-439A-B002-AEA3920802EE}.Debug|Any CPU.Deploy.0 = Debug|Any CPU
		{824619BB-9B6B-439A-B002-AEA3920802EE}.Debug|ARM.ActiveCfg = Debug|Any CPU
		{824619BB-9B6B-439A-B002-AEA3920802EE}.Debug|ARM.Build.0 = Debug|Any CPU
		{824619BB-9B6B-439A-B002-AEA3920802EE}.Debug|ARM.Deploy.0 = Debug|Any CPU
		{824619BB-9B6B-439A-B002-AEA3920802EE}.Debug|iPhone.ActiveCfg = Debug|Any CPU
		{824619BB-9B6B-439A-B002-AEA3920802EE}.Debug|iPhone.Build.0 = Debug|Any CPU
		{824619BB-9B6B-439A-B002-AEA3920802EE}.Debug|iPhone.Deploy.0 = Debug|Any CPU
		{824619BB-9B6B-439A-B002-AEA3920802EE}.Debug|iPhoneSimulator.ActiveCfg = Debug|Any CPU
		{824619BB-9B6B-439A-B002-AEA3920802EE}.Debug|iPhoneSimulator.Build.0 = Debug|Any CPU
		{824619BB-9B6B-439A-B002-AEA3920802EE}.Debug|iPhoneSimulator.Deploy.0 = Debug|Any CPU
		{824619BB-9B6B-439A-B002-AEA3920802EE}.Debug|x64.ActiveCfg = Debug|Any CPU
		{824619BB-9B6B-439A-B002-AEA3920802EE}.Debug|x64.Build.0 = Debug|Any CPU
		{824619BB-9B6B-439A-B002-AEA3920802EE}.Debug|x64.Deploy.0 = Debug|Any CPU
		{824619BB-9B6B-439A-B002-AEA3920802EE}.Debug|x86.ActiveCfg = Debug|Any CPU
		{824619BB-9B6B-439A-B002-AEA3920802EE}.Debug|x86.Build.0 = Debug|Any CPU
		{824619BB-9B6B-439A-B002-AEA3920802EE}.Debug|x86.Deploy.0 = Debug|Any CPU
		{824619BB-9B6B-439A-B002-AEA3920802EE}.Release|Any CPU.ActiveCfg = Release|Any CPU
		{824619BB-9B6B-439A-B002-AEA3920802EE}.Release|Any CPU.Build.0 = Release|Any CPU
		{824619BB-9B6B-439A-B002-AEA3920802EE}.Release|Any CPU.Deploy.0 = Release|Any CPU
		{824619BB-9B6B-439A-B002-AEA3920802EE}.Release|ARM.ActiveCfg = Release|Any CPU
		{824619BB-9B6B-439A-B002-AEA3920802EE}.Release|ARM.Build.0 = Release|Any CPU
		{824619BB-9B6B-439A-B002-AEA3920802EE}.Release|ARM.Deploy.0 = Release|Any CPU
		{824619BB-9B6B-439A-B002-AEA3920802EE}.Release|iPhone.ActiveCfg = Release|Any CPU
		{824619BB-9B6B-439A-B002-AEA3920802EE}.Release|iPhone.Build.0 = Release|Any CPU
		{824619BB-9B6B-439A-B002-AEA3920802EE}.Release|iPhone.Deploy.0 = Release|Any CPU
		{824619BB-9B6B-439A-B002-AEA3920802EE}.Release|iPhoneSimulator.ActiveCfg = Release|Any CPU
		{824619BB-9B6B-439A-B002-AEA3920802EE}.Release|iPhoneSimulator.Build.0 = Release|Any CPU
		{824619BB-9B6B-439A-B002-AEA3920802EE}.Release|iPhoneSimulator.Deploy.0 = Release|Any CPU
		{824619BB-9B6B-439A-B002-AEA3920802EE}.Release|x64.ActiveCfg = Release|Any CPU
		{824619BB-9B6B-439A-B002-AEA3920802EE}.Release|x64.Build.0 = Release|Any CPU
		{824619BB-9B6B-439A-B002-AEA3920802EE}.Release|x64.Deploy.0 = Release|Any CPU
		{824619BB-9B6B-439A-B002-AEA3920802EE}.Release|x86.ActiveCfg = Release|Any CPU
		{824619BB-9B6B-439A-B002-AEA3920802EE}.Release|x86.Build.0 = Release|Any CPU
		{824619BB-9B6B-439A-B002-AEA3920802EE}.Release|x86.Deploy.0 = Release|Any CPU
		{B5A7B0C1-EB2D-4372-A36B-94D8732B312F}.Debug|Any CPU.ActiveCfg = Debug|iPhone
		{B5A7B0C1-EB2D-4372-A36B-94D8732B312F}.Debug|Any CPU.Build.0 = Debug|iPhone
		{B5A7B0C1-EB2D-4372-A36B-94D8732B312F}.Debug|Any CPU.Deploy.0 = Debug|iPhone
		{B5A7B0C1-EB2D-4372-A36B-94D8732B312F}.Debug|ARM.ActiveCfg = Debug|iPhoneSimulator
		{B5A7B0C1-EB2D-4372-A36B-94D8732B312F}.Debug|ARM.Build.0 = Debug|iPhoneSimulator
		{B5A7B0C1-EB2D-4372-A36B-94D8732B312F}.Debug|ARM.Deploy.0 = Debug|iPhoneSimulator
		{B5A7B0C1-EB2D-4372-A36B-94D8732B312F}.Debug|iPhone.ActiveCfg = Debug|iPhone
		{B5A7B0C1-EB2D-4372-A36B-94D8732B312F}.Debug|iPhone.Build.0 = Debug|iPhone
		{B5A7B0C1-EB2D-4372-A36B-94D8732B312F}.Debug|iPhone.Deploy.0 = Debug|iPhone
		{B5A7B0C1-EB2D-4372-A36B-94D8732B312F}.Debug|iPhoneSimulator.ActiveCfg = Debug|iPhoneSimulator
		{B5A7B0C1-EB2D-4372-A36B-94D8732B312F}.Debug|iPhoneSimulator.Build.0 = Debug|iPhoneSimulator
		{B5A7B0C1-EB2D-4372-A36B-94D8732B312F}.Debug|iPhoneSimulator.Deploy.0 = Debug|iPhoneSimulator
		{B5A7B0C1-EB2D-4372-A36B-94D8732B312F}.Debug|x64.ActiveCfg = Debug|iPhone
		{B5A7B0C1-EB2D-4372-A36B-94D8732B312F}.Debug|x64.Build.0 = Debug|iPhone
		{B5A7B0C1-EB2D-4372-A36B-94D8732B312F}.Debug|x64.Deploy.0 = Debug|iPhone
		{B5A7B0C1-EB2D-4372-A36B-94D8732B312F}.Debug|x86.ActiveCfg = Debug|iPhone
		{B5A7B0C1-EB2D-4372-A36B-94D8732B312F}.Debug|x86.Build.0 = Debug|iPhone
		{B5A7B0C1-EB2D-4372-A36B-94D8732B312F}.Debug|x86.Deploy.0 = Debug|iPhone
		{B5A7B0C1-EB2D-4372-A36B-94D8732B312F}.Release|Any CPU.ActiveCfg = Release|iPhone
		{B5A7B0C1-EB2D-4372-A36B-94D8732B312F}.Release|Any CPU.Build.0 = Release|iPhone
		{B5A7B0C1-EB2D-4372-A36B-94D8732B312F}.Release|Any CPU.Deploy.0 = Release|iPhone
		{B5A7B0C1-EB2D-4372-A36B-94D8732B312F}.Release|ARM.ActiveCfg = Release|iPhone
		{B5A7B0C1-EB2D-4372-A36B-94D8732B312F}.Release|ARM.Build.0 = Release|iPhone
		{B5A7B0C1-EB2D-4372-A36B-94D8732B312F}.Release|ARM.Deploy.0 = Release|iPhone
		{B5A7B0C1-EB2D-4372-A36B-94D8732B312F}.Release|iPhone.ActiveCfg = Release|iPhone
		{B5A7B0C1-EB2D-4372-A36B-94D8732B312F}.Release|iPhone.Build.0 = Release|iPhone
		{B5A7B0C1-EB2D-4372-A36B-94D8732B312F}.Release|iPhone.Deploy.0 = Release|iPhone
		{B5A7B0C1-EB2D-4372-A36B-94D8732B312F}.Release|iPhoneSimulator.ActiveCfg = Release|iPhoneSimulator
		{B5A7B0C1-EB2D-4372-A36B-94D8732B312F}.Release|iPhoneSimulator.Build.0 = Release|iPhoneSimulator
		{B5A7B0C1-EB2D-4372-A36B-94D8732B312F}.Release|iPhoneSimulator.Deploy.0 = Release|iPhoneSimulator
		{B5A7B0C1-EB2D-4372-A36B-94D8732B312F}.Release|x64.ActiveCfg = Release|iPhone
		{B5A7B0C1-EB2D-4372-A36B-94D8732B312F}.Release|x64.Build.0 = Release|iPhone
		{B5A7B0C1-EB2D-4372-A36B-94D8732B312F}.Release|x64.Deploy.0 = Release|iPhone
		{B5A7B0C1-EB2D-4372-A36B-94D8732B312F}.Release|x86.ActiveCfg = Release|iPhone
		{B5A7B0C1-EB2D-4372-A36B-94D8732B312F}.Release|x86.Build.0 = Release|iPhone
		{B5A7B0C1-EB2D-4372-A36B-94D8732B312F}.Release|x86.Deploy.0 = Release|iPhone
		{0D43D7F0-0362-4220-BBB4-0488C777E8E0}.Debug|Any CPU.ActiveCfg = Debug|Any CPU
		{0D43D7F0-0362-4220-BBB4-0488C777E8E0}.Debug|Any CPU.Build.0 = Debug|Any CPU
		{0D43D7F0-0362-4220-BBB4-0488C777E8E0}.Debug|Any CPU.Deploy.0 = Debug|Any CPU
		{0D43D7F0-0362-4220-BBB4-0488C777E8E0}.Debug|ARM.ActiveCfg = Debug|Any CPU
		{0D43D7F0-0362-4220-BBB4-0488C777E8E0}.Debug|ARM.Build.0 = Debug|Any CPU
		{0D43D7F0-0362-4220-BBB4-0488C777E8E0}.Debug|ARM.Deploy.0 = Debug|Any CPU
		{0D43D7F0-0362-4220-BBB4-0488C777E8E0}.Debug|iPhone.ActiveCfg = Debug|Any CPU
		{0D43D7F0-0362-4220-BBB4-0488C777E8E0}.Debug|iPhone.Build.0 = Debug|Any CPU
		{0D43D7F0-0362-4220-BBB4-0488C777E8E0}.Debug|iPhone.Deploy.0 = Debug|Any CPU
		{0D43D7F0-0362-4220-BBB4-0488C777E8E0}.Debug|iPhoneSimulator.ActiveCfg = Debug|Any CPU
		{0D43D7F0-0362-4220-BBB4-0488C777E8E0}.Debug|iPhoneSimulator.Build.0 = Debug|Any CPU
		{0D43D7F0-0362-4220-BBB4-0488C777E8E0}.Debug|iPhoneSimulator.Deploy.0 = Debug|Any CPU
		{0D43D7F0-0362-4220-BBB4-0488C777E8E0}.Debug|x64.ActiveCfg = Debug|Any CPU
		{0D43D7F0-0362-4220-BBB4-0488C777E8E0}.Debug|x64.Build.0 = Debug|Any CPU
		{0D43D7F0-0362-4220-BBB4-0488C777E8E0}.Debug|x64.Deploy.0 = Debug|Any CPU
		{0D43D7F0-0362-4220-BBB4-0488C777E8E0}.Debug|x86.ActiveCfg = Debug|Any CPU
		{0D43D7F0-0362-4220-BBB4-0488C777E8E0}.Debug|x86.Build.0 = Debug|Any CPU
		{0D43D7F0-0362-4220-BBB4-0488C777E8E0}.Debug|x86.Deploy.0 = Debug|Any CPU
		{0D43D7F0-0362-4220-BBB4-0488C777E8E0}.Release|Any CPU.ActiveCfg = Release|Any CPU
		{0D43D7F0-0362-4220-BBB4-0488C777E8E0}.Release|Any CPU.Build.0 = Release|Any CPU
		{0D43D7F0-0362-4220-BBB4-0488C777E8E0}.Release|Any CPU.Deploy.0 = Release|Any CPU
		{0D43D7F0-0362-4220-BBB4-0488C777E8E0}.Release|ARM.ActiveCfg = Release|Any CPU
		{0D43D7F0-0362-4220-BBB4-0488C777E8E0}.Release|ARM.Build.0 = Release|Any CPU
		{0D43D7F0-0362-4220-BBB4-0488C777E8E0}.Release|ARM.Deploy.0 = Release|Any CPU
		{0D43D7F0-0362-4220-BBB4-0488C777E8E0}.Release|iPhone.ActiveCfg = Release|Any CPU
		{0D43D7F0-0362-4220-BBB4-0488C777E8E0}.Release|iPhone.Build.0 = Release|Any CPU
		{0D43D7F0-0362-4220-BBB4-0488C777E8E0}.Release|iPhone.Deploy.0 = Release|Any CPU
		{0D43D7F0-0362-4220-BBB4-0488C777E8E0}.Release|iPhoneSimulator.ActiveCfg = Release|Any CPU
		{0D43D7F0-0362-4220-BBB4-0488C777E8E0}.Release|iPhoneSimulator.Build.0 = Release|Any CPU
		{0D43D7F0-0362-4220-BBB4-0488C777E8E0}.Release|iPhoneSimulator.Deploy.0 = Release|Any CPU
		{0D43D7F0-0362-4220-BBB4-0488C777E8E0}.Release|x64.ActiveCfg = Release|Any CPU
		{0D43D7F0-0362-4220-BBB4-0488C777E8E0}.Release|x64.Build.0 = Release|Any CPU
		{0D43D7F0-0362-4220-BBB4-0488C777E8E0}.Release|x64.Deploy.0 = Release|Any CPU
		{0D43D7F0-0362-4220-BBB4-0488C777E8E0}.Release|x86.ActiveCfg = Release|Any CPU
		{0D43D7F0-0362-4220-BBB4-0488C777E8E0}.Release|x86.Build.0 = Release|Any CPU
		{0D43D7F0-0362-4220-BBB4-0488C777E8E0}.Release|x86.Deploy.0 = Release|Any CPU
	EndGlobalSection
	GlobalSection(SolutionProperties) = preSolution
		HideSolutionNode = FALSE
	EndGlobalSection
	GlobalSection(ExtensibilityGlobals) = postSolution
		SolutionGuid = {44B53C1B-8C7C-48CE-ACC5-954A1C04D4E1}
	EndGlobalSection
EndGlobal
