
Microsoft Visual Studio Solution File, Format Version 12.00
# Visual Studio Version 16
VisualStudioVersion = 16.0.31105.61
MinimumVisualStudioVersion = 10.0.40219.1
Project("{FAE04EC0-301F-11D3-BF4B-00C04F79EFBC}") = "FeliCaReader.FormsApp.Android", "FeliCaReader.FormsApp\FeliCaReader.FormsApp.Android\FeliCaReader.FormsApp.Android.csproj", "{800984FB-F118-4909-9C35-9A6D23353383}"
EndProject
Project("{FAE04EC0-301F-11D3-BF4B-00C04F79EFBC}") = "FeliCaReader.FormsApp.iOS", "FeliCaReader.FormsApp\FeliCaReader.FormsApp.iOS\FeliCaReader.FormsApp.iOS.csproj", "{FE11B316-8D53-4555-B933-02FA4E53439A}"
EndProject
Project("{FAE04EC0-301F-11D3-BF4B-00C04F79EFBC}") = "FeliCaReader.FormsApp", "FeliCaReader.FormsApp\FeliCaReader.FormsApp\FeliCaReader.FormsApp.csproj", "{CC0FD7A0-F459-45A7-BF97-6DDAFAC1D52A}"
EndProject
Global
	GlobalSection(SolutionConfigurationPlatforms) = preSolution
		Debug|Any CPU = Debug|Any CPU
		Debug|iPhone = Debug|iPhone
		Debug|iPhoneSimulator = Debug|iPhoneSimulator
		Release|Any CPU = Release|Any CPU
		Release|iPhone = Release|iPhone
		Release|iPhoneSimulator = Release|iPhoneSimulator
	EndGlobalSection
	GlobalSection(ProjectConfigurationPlatforms) = postSolution
		{800984FB-F118-4909-9C35-9A6D23353383}.Debug|Any CPU.ActiveCfg = Debug|Any CPU
		{800984FB-F118-4909-9C35-9A6D23353383}.Debug|Any CPU.Build.0 = Debug|Any CPU
		{800984FB-F118-4909-9C35-9A6D23353383}.Debug|Any CPU.Deploy.0 = Debug|Any CPU
		{800984FB-F118-4909-9C35-9A6D23353383}.Debug|iPhone.ActiveCfg = Debug|Any CPU
		{800984FB-F118-4909-9C35-9A6D23353383}.Debug|iPhone.Build.0 = Debug|Any CPU
		{800984FB-F118-4909-9C35-9A6D23353383}.Debug|iPhone.Deploy.0 = Debug|Any CPU
		{800984FB-F118-4909-9C35-9A6D23353383}.Debug|iPhoneSimulator.ActiveCfg = Debug|Any CPU
		{800984FB-F118-4909-9C35-9A6D23353383}.Debug|iPhoneSimulator.Build.0 = Debug|Any CPU
		{800984FB-F118-4909-9C35-9A6D23353383}.Debug|iPhoneSimulator.Deploy.0 = Debug|Any CPU
		{800984FB-F118-4909-9C35-9A6D23353383}.Release|Any CPU.ActiveCfg = Release|Any CPU
		{800984FB-F118-4909-9C35-9A6D23353383}.Release|Any CPU.Build.0 = Release|Any CPU
		{800984FB-F118-4909-9C35-9A6D23353383}.Release|Any CPU.Deploy.0 = Release|Any CPU
		{800984FB-F118-4909-9C35-9A6D23353383}.Release|iPhone.ActiveCfg = Release|Any CPU
		{800984FB-F118-4909-9C35-9A6D23353383}.Release|iPhone.Build.0 = Release|Any CPU
		{800984FB-F118-4909-9C35-9A6D23353383}.Release|iPhone.Deploy.0 = Release|Any CPU
		{800984FB-F118-4909-9C35-9A6D23353383}.Release|iPhoneSimulator.ActiveCfg = Release|Any CPU
		{800984FB-F118-4909-9C35-9A6D23353383}.Release|iPhoneSimulator.Build.0 = Release|Any CPU
		{800984FB-F118-4909-9C35-9A6D23353383}.Release|iPhoneSimulator.Deploy.0 = Release|Any CPU
		{FE11B316-8D53-4555-B933-02FA4E53439A}.Debug|Any CPU.ActiveCfg = Debug|iPhone
		{FE11B316-8D53-4555-B933-02FA4E53439A}.Debug|Any CPU.Build.0 = Debug|iPhone
		{FE11B316-8D53-4555-B933-02FA4E53439A}.Debug|Any CPU.Deploy.0 = Debug|iPhone
		{FE11B316-8D53-4555-B933-02FA4E53439A}.Debug|iPhone.ActiveCfg = Debug|iPhone
		{FE11B316-8D53-4555-B933-02FA4E53439A}.Debug|iPhone.Build.0 = Debug|iPhone
		{FE11B316-8D53-4555-B933-02FA4E53439A}.Debug|iPhone.Deploy.0 = Debug|iPhone
		{FE11B316-8D53-4555-B933-02FA4E53439A}.Debug|iPhoneSimulator.ActiveCfg = Debug|iPhoneSimulator
		{FE11B316-8D53-4555-B933-02FA4E53439A}.Debug|iPhoneSimulator.Build.0 = Debug|iPhoneSimulator
		{FE11B316-8D53-4555-B933-02FA4E53439A}.Debug|iPhoneSimulator.Deploy.0 = Debug|iPhoneSimulator
		{FE11B316-8D53-4555-B933-02FA4E53439A}.Release|Any CPU.ActiveCfg = Release|iPhoneSimulator
		{FE11B316-8D53-4555-B933-02FA4E53439A}.Release|Any CPU.Build.0 = Release|iPhoneSimulator
		{FE11B316-8D53-4555-B933-02FA4E53439A}.Release|Any CPU.Deploy.0 = Release|iPhoneSimulator
		{FE11B316-8D53-4555-B933-02FA4E53439A}.Release|iPhone.ActiveCfg = Release|iPhone
		{FE11B316-8D53-4555-B933-02FA4E53439A}.Release|iPhone.Build.0 = Release|iPhone
		{FE11B316-8D53-4555-B933-02FA4E53439A}.Release|iPhone.Deploy.0 = Release|iPhone
		{FE11B316-8D53-4555-B933-02FA4E53439A}.Release|iPhoneSimulator.ActiveCfg = Release|iPhoneSimulator
		{FE11B316-8D53-4555-B933-02FA4E53439A}.Release|iPhoneSimulator.Build.0 = Release|iPhoneSimulator
		{FE11B316-8D53-4555-B933-02FA4E53439A}.Release|iPhoneSimulator.Deploy.0 = Release|iPhoneSimulator
		{CC0FD7A0-F459-45A7-BF97-6DDAFAC1D52A}.Debug|Any CPU.ActiveCfg = Debug|Any CPU
		{CC0FD7A0-F459-45A7-BF97-6DDAFAC1D52A}.Debug|Any CPU.Build.0 = Debug|Any CPU
		{CC0FD7A0-F459-45A7-BF97-6DDAFAC1D52A}.Debug|Any CPU.Deploy.0 = Debug|Any CPU
		{CC0FD7A0-F459-45A7-BF97-6DDAFAC1D52A}.Debug|iPhone.ActiveCfg = Debug|Any CPU
		{CC0FD7A0-F459-45A7-BF97-6DDAFAC1D52A}.Debug|iPhone.Build.0 = Debug|Any CPU
		{CC0FD7A0-F459-45A7-BF97-6DDAFAC1D52A}.Debug|iPhone.Deploy.0 = Debug|Any CPU
		{CC0FD7A0-F459-45A7-BF97-6DDAFAC1D52A}.Debug|iPhoneSimulator.ActiveCfg = Debug|Any CPU
		{CC0FD7A0-F459-45A7-BF97-6DDAFAC1D52A}.Debug|iPhoneSimulator.Build.0 = Debug|Any CPU
		{CC0FD7A0-F459-45A7-BF97-6DDAFAC1D52A}.Debug|iPhoneSimulator.Deploy.0 = Debug|Any CPU
		{CC0FD7A0-F459-45A7-BF97-6DDAFAC1D52A}.Release|Any CPU.ActiveCfg = Release|Any CPU
		{CC0FD7A0-F459-45A7-BF97-6DDAFAC1D52A}.Release|Any CPU.Build.0 = Release|Any CPU
		{CC0FD7A0-F459-45A7-BF97-6DDAFAC1D52A}.Release|Any CPU.Deploy.0 = Release|Any CPU
		{CC0FD7A0-F459-45A7-BF97-6DDAFAC1D52A}.Release|iPhone.ActiveCfg = Release|Any CPU
		{CC0FD7A0-F459-45A7-BF97-6DDAFAC1D52A}.Release|iPhone.Build.0 = Release|Any CPU
		{CC0FD7A0-F459-45A7-BF97-6DDAFAC1D52A}.Release|iPhone.Deploy.0 = Release|Any CPU
		{CC0FD7A0-F459-45A7-BF97-6DDAFAC1D52A}.Release|iPhoneSimulator.ActiveCfg = Release|Any CPU
		{CC0FD7A0-F459-45A7-BF97-6DDAFAC1D52A}.Release|iPhoneSimulator.Build.0 = Release|Any CPU
		{CC0FD7A0-F459-45A7-BF97-6DDAFAC1D52A}.Release|iPhoneSimulator.Deploy.0 = Release|Any CPU
	EndGlobalSection
	GlobalSection(SolutionProperties) = preSolution
		HideSolutionNode = FALSE
	EndGlobalSection
	GlobalSection(ExtensibilityGlobals) = postSolution
		SolutionGuid = {40EF7E84-D925-4A39-B427-D4C7C819AFEB}
	EndGlobalSection
EndGlobal
