
Microsoft Visual Studio Solution File, Format Version 12.00
# Visual Studio Version 16
VisualStudioVersion = 16.0.29503.13
MinimumVisualStudioVersion = 10.0.40219.1
Project("{FAE04EC0-301F-11D3-BF4B-00C04F79EFBC}") = "Archtecture.FormsApp.Android", "Archtecture.FormsApp\Archtecture.FormsApp.Android\Archtecture.FormsApp.Android.csproj", "{17F5A7F3-7235-4C5F-A8F4-AA5A342F70A3}"
EndProject
Project("{FAE04EC0-301F-11D3-BF4B-00C04F79EFBC}") = "Archtecture.FormsApp", "Archtecture.FormsApp\Archtecture.FormsApp\Archtecture.FormsApp.csproj", "{2CEA8D59-CC6B-4FE9-AAEB-3C5BE6E8BA50}"
EndProject
Global
	GlobalSection(SolutionConfigurationPlatforms) = preSolution
		Debug|Any CPU = Debug|Any CPU
		Release|Any CPU = Release|Any CPU
	EndGlobalSection
	GlobalSection(ProjectConfigurationPlatforms) = postSolution
		{17F5A7F3-7235-4C5F-A8F4-AA5A342F70A3}.Debug|Any CPU.ActiveCfg = Debug|Any CPU
		{17F5A7F3-7235-4C5F-A8F4-AA5A342F70A3}.Debug|Any CPU.Build.0 = Debug|Any CPU
		{17F5A7F3-7235-4C5F-A8F4-AA5A342F70A3}.Debug|Any CPU.Deploy.0 = Debug|Any CPU
		{17F5A7F3-7235-4C5F-A8F4-AA5A342F70A3}.Release|Any CPU.ActiveCfg = Release|Any CPU
		{17F5A7F3-7235-4C5F-A8F4-AA5A342F70A3}.Release|Any CPU.Build.0 = Release|Any CPU
		{17F5A7F3-7235-4C5F-A8F4-AA5A342F70A3}.Release|Any CPU.Deploy.0 = Release|Any CPU
		{2CEA8D59-CC6B-4FE9-AAEB-3C5BE6E8BA50}.Debug|Any CPU.ActiveCfg = Debug|Any CPU
		{2CEA8D59-CC6B-4FE9-AAEB-3C5BE6E8BA50}.Debug|Any CPU.Build.0 = Debug|Any CPU
		{2CEA8D59-CC6B-4FE9-AAEB-3C5BE6E8BA50}.Debug|Any CPU.Deploy.0 = Debug|Any CPU
		{2CEA8D59-CC6B-4FE9-AAEB-3C5BE6E8BA50}.Release|Any CPU.ActiveCfg = Release|Any CPU
		{2CEA8D59-CC6B-4FE9-AAEB-3C5BE6E8BA50}.Release|Any CPU.Build.0 = Release|Any CPU
		{2CEA8D59-CC6B-4FE9-AAEB-3C5BE6E8BA50}.Release|Any CPU.Deploy.0 = Release|Any CPU
	EndGlobalSection
	GlobalSection(SolutionProperties) = preSolution
		HideSolutionNode = FALSE
	EndGlobalSection
	GlobalSection(ExtensibilityGlobals) = postSolution
		SolutionGuid = {7BA0329E-4EA3-4D7F-A99D-8AD3EBB509D5}
	EndGlobalSection
EndGlobal
