
Microsoft Visual Studio Solution File, Format Version 12.00
# Visual Studio 15
VisualStudioVersion = 15.0.28307.106
MinimumVisualStudioVersion = 10.0.40219.1
Project("{FAE04EC0-301F-11D3-BF4B-00C04F79EFBC}") = "DataAccess.FormsApp.Android", "DataAccess.FormsApp\DataAccess.FormsApp.Android\DataAccess.FormsApp.Android.csproj", "{FB3E33C9-DE4C-460D-9B9A-EDC63005C1BC}"
EndProject
Project("{FAE04EC0-301F-11D3-BF4B-00C04F79EFBC}") = "DataAccess.FormsApp.iOS", "DataAccess.FormsApp\DataAccess.FormsApp.iOS\DataAccess.FormsApp.iOS.csproj", "{400C2A3E-350D-462A-89A8-03E096E36FBD}"
EndProject
Project("{FAE04EC0-301F-11D3-BF4B-00C04F79EFBC}") = "DataAccess.FormsApp", "DataAccess.FormsApp\DataAccess.FormsApp\DataAccess.FormsApp.csproj", "{AB0550A5-5361-4F4E-A59B-387E83BE35A2}"
EndProject
Global
	GlobalSection(SolutionConfigurationPlatforms) = preSolution
		Ad-Hoc|Any CPU = Ad-Hoc|Any CPU
		Ad-Hoc|iPhone = Ad-Hoc|iPhone
		Ad-Hoc|iPhoneSimulator = Ad-Hoc|iPhoneSimulator
		AppStore|Any CPU = AppStore|Any CPU
		AppStore|iPhone = AppStore|iPhone
		AppStore|iPhoneSimulator = AppStore|iPhoneSimulator
		Debug|Any CPU = Debug|Any CPU
		Debug|iPhone = Debug|iPhone
		Debug|iPhoneSimulator = Debug|iPhoneSimulator
		Release|Any CPU = Release|Any CPU
		Release|iPhone = Release|iPhone
		Release|iPhoneSimulator = Release|iPhoneSimulator
	EndGlobalSection
	GlobalSection(ProjectConfigurationPlatforms) = postSolution
		{FB3E33C9-DE4C-460D-9B9A-EDC63005C1BC}.Ad-Hoc|Any CPU.ActiveCfg = Release|Any CPU
		{FB3E33C9-DE4C-460D-9B9A-EDC63005C1BC}.Ad-Hoc|Any CPU.Build.0 = Release|Any CPU
		{FB3E33C9-DE4C-460D-9B9A-EDC63005C1BC}.Ad-Hoc|Any CPU.Deploy.0 = Release|Any CPU
		{FB3E33C9-DE4C-460D-9B9A-EDC63005C1BC}.Ad-Hoc|iPhone.ActiveCfg = Release|Any CPU
		{FB3E33C9-DE4C-460D-9B9A-EDC63005C1BC}.Ad-Hoc|iPhone.Build.0 = Release|Any CPU
		{FB3E33C9-DE4C-460D-9B9A-EDC63005C1BC}.Ad-Hoc|iPhone.Deploy.0 = Release|Any CPU
		{FB3E33C9-DE4C-460D-9B9A-EDC63005C1BC}.Ad-Hoc|iPhoneSimulator.ActiveCfg = Release|Any CPU
		{FB3E33C9-DE4C-460D-9B9A-EDC63005C1BC}.Ad-Hoc|iPhoneSimulator.Build.0 = Release|Any CPU
		{FB3E33C9-DE4C-460D-9B9A-EDC63005C1BC}.Ad-Hoc|iPhoneSimulator.Deploy.0 = Release|Any CPU
		{FB3E33C9-DE4C-460D-9B9A-EDC63005C1BC}.AppStore|Any CPU.ActiveCfg = Release|Any CPU
		{FB3E33C9-DE4C-460D-9B9A-EDC63005C1BC}.AppStore|Any CPU.Build.0 = Release|Any CPU
		{FB3E33C9-DE4C-460D-9B9A-EDC63005C1BC}.AppStore|Any CPU.Deploy.0 = Release|Any CPU
		{FB3E33C9-DE4C-460D-9B9A-EDC63005C1BC}.AppStore|iPhone.ActiveCfg = Release|Any CPU
		{FB3E33C9-DE4C-460D-9B9A-EDC63005C1BC}.AppStore|iPhone.Build.0 = Release|Any CPU
		{FB3E33C9-DE4C-460D-9B9A-EDC63005C1BC}.AppStore|iPhone.Deploy.0 = Release|Any CPU
		{FB3E33C9-DE4C-460D-9B9A-EDC63005C1BC}.AppStore|iPhoneSimulator.ActiveCfg = Release|Any CPU
		{FB3E33C9-DE4C-460D-9B9A-EDC63005C1BC}.AppStore|iPhoneSimulator.Build.0 = Release|Any CPU
		{FB3E33C9-DE4C-460D-9B9A-EDC63005C1BC}.AppStore|iPhoneSimulator.Deploy.0 = Release|Any CPU
		{FB3E33C9-DE4C-460D-9B9A-EDC63005C1BC}.Debug|Any CPU.ActiveCfg = Debug|Any CPU
		{FB3E33C9-DE4C-460D-9B9A-EDC63005C1BC}.Debug|Any CPU.Build.0 = Debug|Any CPU
		{FB3E33C9-DE4C-460D-9B9A-EDC63005C1BC}.Debug|Any CPU.Deploy.0 = Debug|Any CPU
		{FB3E33C9-DE4C-460D-9B9A-EDC63005C1BC}.Debug|iPhone.ActiveCfg = Debug|Any CPU
		{FB3E33C9-DE4C-460D-9B9A-EDC63005C1BC}.Debug|iPhone.Build.0 = Debug|Any CPU
		{FB3E33C9-DE4C-460D-9B9A-EDC63005C1BC}.Debug|iPhone.Deploy.0 = Debug|Any CPU
		{FB3E33C9-DE4C-460D-9B9A-EDC63005C1BC}.Debug|iPhoneSimulator.ActiveCfg = Debug|Any CPU
		{FB3E33C9-DE4C-460D-9B9A-EDC63005C1BC}.Debug|iPhoneSimulator.Build.0 = Debug|Any CPU
		{FB3E33C9-DE4C-460D-9B9A-EDC63005C1BC}.Debug|iPhoneSimulator.Deploy.0 = Debug|Any CPU
		{FB3E33C9-DE4C-460D-9B9A-EDC63005C1BC}.Release|Any CPU.ActiveCfg = Release|Any CPU
		{FB3E33C9-DE4C-460D-9B9A-EDC63005C1BC}.Release|Any CPU.Build.0 = Release|Any CPU
		{FB3E33C9-DE4C-460D-9B9A-EDC63005C1BC}.Release|Any CPU.Deploy.0 = Release|Any CPU
		{FB3E33C9-DE4C-460D-9B9A-EDC63005C1BC}.Release|iPhone.ActiveCfg = Release|Any CPU
		{FB3E33C9-DE4C-460D-9B9A-EDC63005C1BC}.Release|iPhone.Build.0 = Release|Any CPU
		{FB3E33C9-DE4C-460D-9B9A-EDC63005C1BC}.Release|iPhone.Deploy.0 = Release|Any CPU
		{FB3E33C9-DE4C-460D-9B9A-EDC63005C1BC}.Release|iPhoneSimulator.ActiveCfg = Release|Any CPU
		{FB3E33C9-DE4C-460D-9B9A-EDC63005C1BC}.Release|iPhoneSimulator.Build.0 = Release|Any CPU
		{FB3E33C9-DE4C-460D-9B9A-EDC63005C1BC}.Release|iPhoneSimulator.Deploy.0 = Release|Any CPU
		{400C2A3E-350D-462A-89A8-03E096E36FBD}.Ad-Hoc|Any CPU.ActiveCfg = Ad-Hoc|iPhone
		{400C2A3E-350D-462A-89A8-03E096E36FBD}.Ad-Hoc|Any CPU.Build.0 = Ad-Hoc|iPhone
		{400C2A3E-350D-462A-89A8-03E096E36FBD}.Ad-Hoc|Any CPU.Deploy.0 = Ad-Hoc|iPhone
		{400C2A3E-350D-462A-89A8-03E096E36FBD}.Ad-Hoc|iPhone.ActiveCfg = Ad-Hoc|iPhone
		{400C2A3E-350D-462A-89A8-03E096E36FBD}.Ad-Hoc|iPhone.Build.0 = Ad-Hoc|iPhone
		{400C2A3E-350D-462A-89A8-03E096E36FBD}.Ad-Hoc|iPhone.Deploy.0 = Ad-Hoc|iPhone
		{400C2A3E-350D-462A-89A8-03E096E36FBD}.Ad-Hoc|iPhoneSimulator.ActiveCfg = Ad-Hoc|iPhoneSimulator
		{400C2A3E-350D-462A-89A8-03E096E36FBD}.Ad-Hoc|iPhoneSimulator.Build.0 = Ad-Hoc|iPhoneSimulator
		{400C2A3E-350D-462A-89A8-03E096E36FBD}.Ad-Hoc|iPhoneSimulator.Deploy.0 = Ad-Hoc|iPhoneSimulator
		{400C2A3E-350D-462A-89A8-03E096E36FBD}.AppStore|Any CPU.ActiveCfg = AppStore|iPhone
		{400C2A3E-350D-462A-89A8-03E096E36FBD}.AppStore|Any CPU.Build.0 = AppStore|iPhone
		{400C2A3E-350D-462A-89A8-03E096E36FBD}.AppStore|Any CPU.Deploy.0 = AppStore|iPhone
		{400C2A3E-350D-462A-89A8-03E096E36FBD}.AppStore|iPhone.ActiveCfg = AppStore|iPhone
		{400C2A3E-350D-462A-89A8-03E096E36FBD}.AppStore|iPhone.Build.0 = AppStore|iPhone
		{400C2A3E-350D-462A-89A8-03E096E36FBD}.AppStore|iPhone.Deploy.0 = AppStore|iPhone
		{400C2A3E-350D-462A-89A8-03E096E36FBD}.AppStore|iPhoneSimulator.ActiveCfg = AppStore|iPhoneSimulator
		{400C2A3E-350D-462A-89A8-03E096E36FBD}.AppStore|iPhoneSimulator.Build.0 = AppStore|iPhoneSimulator
		{400C2A3E-350D-462A-89A8-03E096E36FBD}.AppStore|iPhoneSimulator.Deploy.0 = AppStore|iPhoneSimulator
		{400C2A3E-350D-462A-89A8-03E096E36FBD}.Debug|Any CPU.ActiveCfg = Debug|iPhoneSimulator
		{400C2A3E-350D-462A-89A8-03E096E36FBD}.Debug|Any CPU.Build.0 = Debug|iPhoneSimulator
		{400C2A3E-350D-462A-89A8-03E096E36FBD}.Debug|Any CPU.Deploy.0 = Debug|iPhoneSimulator
		{400C2A3E-350D-462A-89A8-03E096E36FBD}.Debug|iPhone.ActiveCfg = Debug|iPhone
		{400C2A3E-350D-462A-89A8-03E096E36FBD}.Debug|iPhone.Build.0 = Debug|iPhone
		{400C2A3E-350D-462A-89A8-03E096E36FBD}.Debug|iPhone.Deploy.0 = Debug|iPhone
		{400C2A3E-350D-462A-89A8-03E096E36FBD}.Debug|iPhoneSimulator.ActiveCfg = Debug|iPhoneSimulator
		{400C2A3E-350D-462A-89A8-03E096E36FBD}.Debug|iPhoneSimulator.Build.0 = Debug|iPhoneSimulator
		{400C2A3E-350D-462A-89A8-03E096E36FBD}.Debug|iPhoneSimulator.Deploy.0 = Debug|iPhoneSimulator
		{400C2A3E-350D-462A-89A8-03E096E36FBD}.Release|Any CPU.ActiveCfg = Release|iPhone
		{400C2A3E-350D-462A-89A8-03E096E36FBD}.Release|Any CPU.Build.0 = Release|iPhone
		{400C2A3E-350D-462A-89A8-03E096E36FBD}.Release|Any CPU.Deploy.0 = Release|iPhone
		{400C2A3E-350D-462A-89A8-03E096E36FBD}.Release|iPhone.ActiveCfg = Release|iPhone
		{400C2A3E-350D-462A-89A8-03E096E36FBD}.Release|iPhone.Build.0 = Release|iPhone
		{400C2A3E-350D-462A-89A8-03E096E36FBD}.Release|iPhone.Deploy.0 = Release|iPhone
		{400C2A3E-350D-462A-89A8-03E096E36FBD}.Release|iPhoneSimulator.ActiveCfg = Release|iPhoneSimulator
		{400C2A3E-350D-462A-89A8-03E096E36FBD}.Release|iPhoneSimulator.Build.0 = Release|iPhoneSimulator
		{400C2A3E-350D-462A-89A8-03E096E36FBD}.Release|iPhoneSimulator.Deploy.0 = Release|iPhoneSimulator
		{AB0550A5-5361-4F4E-A59B-387E83BE35A2}.Ad-Hoc|Any CPU.ActiveCfg = Debug|Any CPU
		{AB0550A5-5361-4F4E-A59B-387E83BE35A2}.Ad-Hoc|Any CPU.Build.0 = Debug|Any CPU
		{AB0550A5-5361-4F4E-A59B-387E83BE35A2}.Ad-Hoc|Any CPU.Deploy.0 = Debug|Any CPU
		{AB0550A5-5361-4F4E-A59B-387E83BE35A2}.Ad-Hoc|iPhone.ActiveCfg = Debug|Any CPU
		{AB0550A5-5361-4F4E-A59B-387E83BE35A2}.Ad-Hoc|iPhone.Build.0 = Debug|Any CPU
		{AB0550A5-5361-4F4E-A59B-387E83BE35A2}.Ad-Hoc|iPhone.Deploy.0 = Debug|Any CPU
		{AB0550A5-5361-4F4E-A59B-387E83BE35A2}.Ad-Hoc|iPhoneSimulator.ActiveCfg = Debug|Any CPU
		{AB0550A5-5361-4F4E-A59B-387E83BE35A2}.Ad-Hoc|iPhoneSimulator.Build.0 = Debug|Any CPU
		{AB0550A5-5361-4F4E-A59B-387E83BE35A2}.Ad-Hoc|iPhoneSimulator.Deploy.0 = Debug|Any CPU
		{AB0550A5-5361-4F4E-A59B-387E83BE35A2}.AppStore|Any CPU.ActiveCfg = Debug|Any CPU
		{AB0550A5-5361-4F4E-A59B-387E83BE35A2}.AppStore|Any CPU.Build.0 = Debug|Any CPU
		{AB0550A5-5361-4F4E-A59B-387E83BE35A2}.AppStore|Any CPU.Deploy.0 = Debug|Any CPU
		{AB0550A5-5361-4F4E-A59B-387E83BE35A2}.AppStore|iPhone.ActiveCfg = Debug|Any CPU
		{AB0550A5-5361-4F4E-A59B-387E83BE35A2}.AppStore|iPhone.Build.0 = Debug|Any CPU
		{AB0550A5-5361-4F4E-A59B-387E83BE35A2}.AppStore|iPhone.Deploy.0 = Debug|Any CPU
		{AB0550A5-5361-4F4E-A59B-387E83BE35A2}.AppStore|iPhoneSimulator.ActiveCfg = Debug|Any CPU
		{AB0550A5-5361-4F4E-A59B-387E83BE35A2}.AppStore|iPhoneSimulator.Build.0 = Debug|Any CPU
		{AB0550A5-5361-4F4E-A59B-387E83BE35A2}.AppStore|iPhoneSimulator.Deploy.0 = Debug|Any CPU
		{AB0550A5-5361-4F4E-A59B-387E83BE35A2}.Debug|Any CPU.ActiveCfg = Debug|Any CPU
		{AB0550A5-5361-4F4E-A59B-387E83BE35A2}.Debug|Any CPU.Build.0 = Debug|Any CPU
		{AB0550A5-5361-4F4E-A59B-387E83BE35A2}.Debug|Any CPU.Deploy.0 = Debug|Any CPU
		{AB0550A5-5361-4F4E-A59B-387E83BE35A2}.Debug|iPhone.ActiveCfg = Debug|Any CPU
		{AB0550A5-5361-4F4E-A59B-387E83BE35A2}.Debug|iPhone.Build.0 = Debug|Any CPU
		{AB0550A5-5361-4F4E-A59B-387E83BE35A2}.Debug|iPhone.Deploy.0 = Debug|Any CPU
		{AB0550A5-5361-4F4E-A59B-387E83BE35A2}.Debug|iPhoneSimulator.ActiveCfg = Debug|Any CPU
		{AB0550A5-5361-4F4E-A59B-387E83BE35A2}.Debug|iPhoneSimulator.Build.0 = Debug|Any CPU
		{AB0550A5-5361-4F4E-A59B-387E83BE35A2}.Debug|iPhoneSimulator.Deploy.0 = Debug|Any CPU
		{AB0550A5-5361-4F4E-A59B-387E83BE35A2}.Release|Any CPU.ActiveCfg = Release|Any CPU
		{AB0550A5-5361-4F4E-A59B-387E83BE35A2}.Release|Any CPU.Build.0 = Release|Any CPU
		{AB0550A5-5361-4F4E-A59B-387E83BE35A2}.Release|Any CPU.Deploy.0 = Release|Any CPU
		{AB0550A5-5361-4F4E-A59B-387E83BE35A2}.Release|iPhone.ActiveCfg = Release|Any CPU
		{AB0550A5-5361-4F4E-A59B-387E83BE35A2}.Release|iPhone.Build.0 = Release|Any CPU
		{AB0550A5-5361-4F4E-A59B-387E83BE35A2}.Release|iPhone.Deploy.0 = Release|Any CPU
		{AB0550A5-5361-4F4E-A59B-387E83BE35A2}.Release|iPhoneSimulator.ActiveCfg = Release|Any CPU
		{AB0550A5-5361-4F4E-A59B-387E83BE35A2}.Release|iPhoneSimulator.Build.0 = Release|Any CPU
		{AB0550A5-5361-4F4E-A59B-387E83BE35A2}.Release|iPhoneSimulator.Deploy.0 = Release|Any CPU
	EndGlobalSection
	GlobalSection(SolutionProperties) = preSolution
		HideSolutionNode = FALSE
	EndGlobalSection
	GlobalSection(ExtensibilityGlobals) = postSolution
		SolutionGuid = {F72234EA-4D61-4AD5-BFA0-E53CE4F77A42}
	EndGlobalSection
EndGlobal
