
Microsoft Visual Studio Solution File, Format Version 12.00
# Visual Studio Version 16
VisualStudioVersion = 16.0.30204.135
MinimumVisualStudioVersion = 10.0.40219.1
Project("{FAE04EC0-301F-11D3-BF4B-00C04F79EFBC}") = "SplashTest.Android", "SplashTest\SplashTest.Android\SplashTest.Android.csproj", "{208A7880-C04B-4233-AFB1-42A99A6E8616}"
EndProject
Project("{FAE04EC0-301F-11D3-BF4B-00C04F79EFBC}") = "SplashTest", "SplashTest\SplashTest\SplashTest.csproj", "{44E1FED4-AD13-414D-A76F-77587446B7B6}"
EndProject
Global
	GlobalSection(SolutionConfigurationPlatforms) = preSolution
		Debug|Any CPU = Debug|Any CPU
		Release|Any CPU = Release|Any CPU
	EndGlobalSection
	GlobalSection(ProjectConfigurationPlatforms) = postSolution
		{208A7880-C04B-4233-AFB1-42A99A6E8616}.Debug|Any CPU.ActiveCfg = Debug|Any CPU
		{208A7880-C04B-4233-AFB1-42A99A6E8616}.Debug|Any CPU.Build.0 = Debug|Any CPU
		{208A7880-C04B-4233-AFB1-42A99A6E8616}.Debug|Any CPU.Deploy.0 = Debug|Any CPU
		{208A7880-C04B-4233-AFB1-42A99A6E8616}.Release|Any CPU.ActiveCfg = Release|Any CPU
		{208A7880-C04B-4233-AFB1-42A99A6E8616}.Release|Any CPU.Build.0 = Release|Any CPU
		{208A7880-C04B-4233-AFB1-42A99A6E8616}.Release|Any CPU.Deploy.0 = Release|Any CPU
		{44E1FED4-AD13-414D-A76F-77587446B7B6}.Debug|Any CPU.ActiveCfg = Debug|Any CPU
		{44E1FED4-AD13-414D-A76F-77587446B7B6}.Debug|Any CPU.Build.0 = Debug|Any CPU
		{44E1FED4-AD13-414D-A76F-77587446B7B6}.Debug|Any CPU.Deploy.0 = Debug|Any CPU
		{44E1FED4-AD13-414D-A76F-77587446B7B6}.Release|Any CPU.ActiveCfg = Release|Any CPU
		{44E1FED4-AD13-414D-A76F-77587446B7B6}.Release|Any CPU.Build.0 = Release|Any CPU
		{44E1FED4-AD13-414D-A76F-77587446B7B6}.Release|Any CPU.Deploy.0 = Release|Any CPU
	EndGlobalSection
	GlobalSection(SolutionProperties) = preSolution
		HideSolutionNode = FALSE
	EndGlobalSection
	GlobalSection(ExtensibilityGlobals) = postSolution
		SolutionGuid = {0AA90805-0499-450A-9236-7840904E16F3}
	EndGlobalSection
EndGlobal
